// !$*UTF8*$!
{
	archiveVersion = 1;
	classes = {
	};
	objectVersion = 56;
	objects = {

/* Begin PBXBuildFile section */
		423996262A6E71FB00F6F712 /* Spacing.swift in Sources */ = {isa = PBXBuildFile; fileRef = 4239958E2A6E71FA00F6F712 /* Spacing.swift */; };
		423996272A6E71FB00F6F712 /* ConstructorStyler.swift in Sources */ = {isa = PBXBuildFile; fileRef = 423995902A6E71FA00F6F712 /* ConstructorStyler.swift */; };
		423996282A6E71FB00F6F712 /* EventStatusBackgroundStyler.swift in Sources */ = {isa = PBXBuildFile; fileRef = 423995912A6E71FA00F6F712 /* EventStatusBackgroundStyler.swift */; };
		423996292A6E71FB00F6F712 /* SessionDriverStyler.swift in Sources */ = {isa = PBXBuildFile; fileRef = 423995922A6E71FA00F6F712 /* SessionDriverStyler.swift */; };
		4239962A2A6E71FB00F6F712 /* Fonts.swift in Sources */ = {isa = PBXBuildFile; fileRef = 423995932A6E71FA00F6F712 /* Fonts.swift */; };
		4239962B2A6E71FB00F6F712 /* Images.swift in Sources */ = {isa = PBXBuildFile; fileRef = 423995942A6E71FA00F6F712 /* Images.swift */; };
		4239962C2A6E71FB00F6F712 /* Colors.swift in Sources */ = {isa = PBXBuildFile; fileRef = 423995952A6E71FA00F6F712 /* Colors.swift */; };
		4239962D2A6E71FB00F6F712 /* ButtonStyle.swift in Sources */ = {isa = PBXBuildFile; fileRef = 423995962A6E71FA00F6F712 /* ButtonStyle.swift */; };
		4239962E2A6E71FB00F6F712 /* UserDefaultsWrapper.swift in Sources */ = {isa = PBXBuildFile; fileRef = 423995982A6E71FA00F6F712 /* UserDefaultsWrapper.swift */; };
		4239962F2A6E71FB00F6F712 /* Localizable.strings in Resources */ = {isa = PBXBuildFile; fileRef = 4239959A2A6E71FA00F6F712 /* Localizable.strings */; };
		423996302A6E71FB00F6F712 /* Global.swift in Sources */ = {isa = PBXBuildFile; fileRef = 4239959C2A6E71FA00F6F712 /* Global.swift */; };
		423996312A6E71FB00F6F712 /* Localization.swift in Sources */ = {isa = PBXBuildFile; fileRef = 4239959D2A6E71FA00F6F712 /* Localization.swift */; };
		423996322A6E71FB00F6F712 /* swiftgen.yml in Resources */ = {isa = PBXBuildFile; fileRef = 4239959E2A6E71FA00F6F712 /* swiftgen.yml */; };
		423996332A6E71FB00F6F712 /* Identifier.swift in Sources */ = {isa = PBXBuildFile; fileRef = 4239959F2A6E71FA00F6F712 /* Identifier.swift */; };
		423996342A6E71FB00F6F712 /* StoreKitSandbox.storekit in Resources */ = {isa = PBXBuildFile; fileRef = 423995A02A6E71FA00F6F712 /* StoreKitSandbox.storekit */; };
		423996352A6E71FB00F6F712 /* DriverAndConstructorService.swift in Sources */ = {isa = PBXBuildFile; fileRef = 423995A22A6E71FA00F6F712 /* DriverAndConstructorService.swift */; };
		423996362A6E71FB00F6F712 /* ServiceLocator.swift in Sources */ = {isa = PBXBuildFile; fileRef = 423995A32A6E71FA00F6F712 /* ServiceLocator.swift */; };
		423996372A6E71FB00F6F712 /* EventService.swift in Sources */ = {isa = PBXBuildFile; fileRef = 423995A42A6E71FA00F6F712 /* EventService.swift */; };
		423996382A6E71FB00F6F712 /* NotificationService.swift in Sources */ = {isa = PBXBuildFile; fileRef = 423995A52A6E71FA00F6F712 /* NotificationService.swift */; };
		423996392A6E71FB00F6F712 /* NewsService.swift in Sources */ = {isa = PBXBuildFile; fileRef = 423995A62A6E71FA00F6F712 /* NewsService.swift */; };
		4239963A2A6E71FB00F6F712 /* PurchaseService.swift in Sources */ = {isa = PBXBuildFile; fileRef = 423995A72A6E71FA00F6F712 /* PurchaseService.swift */; };
		4239963B2A6E71FB00F6F712 /* LiveSessionService.swift in Sources */ = {isa = PBXBuildFile; fileRef = 423995A82A6E71FA00F6F712 /* LiveSessionService.swift */; };
		4239963C2A6E71FB00F6F712 /* LiveSession.swift in Sources */ = {isa = PBXBuildFile; fileRef = 423995AB2A6E71FA00F6F712 /* LiveSession.swift */; };
		4239963D2A6E71FB00F6F712 /* Circuit.swift in Sources */ = {isa = PBXBuildFile; fileRef = 423995AD2A6E71FA00F6F712 /* Circuit.swift */; };
		4239963E2A6E71FB00F6F712 /* User.swift in Sources */ = {isa = PBXBuildFile; fileRef = 423995AF2A6E71FA00F6F712 /* User.swift */; };
		4239963F2A6E71FB00F6F712 /* News.swift in Sources */ = {isa = PBXBuildFile; fileRef = 423995B12A6E71FA00F6F712 /* News.swift */; };
		423996402A6E71FB00F6F712 /* ConstructorDetails.swift in Sources */ = {isa = PBXBuildFile; fileRef = 423995B32A6E71FA00F6F712 /* ConstructorDetails.swift */; };
		423996412A6E71FB00F6F712 /* Constructor.swift in Sources */ = {isa = PBXBuildFile; fileRef = 423995B42A6E71FA00F6F712 /* Constructor.swift */; };
		423996422A6E71FB00F6F712 /* DriverResult.swift in Sources */ = {isa = PBXBuildFile; fileRef = 423995B52A6E71FA00F6F712 /* DriverResult.swift */; };
		423996432A6E71FB00F6F712 /* Driver.swift in Sources */ = {isa = PBXBuildFile; fileRef = 423995B62A6E71FA00F6F712 /* Driver.swift */; };
		423996442A6E71FB00F6F712 /* DriverDetails.swift in Sources */ = {isa = PBXBuildFile; fileRef = 423995B72A6E71FA00F6F712 /* DriverDetails.swift */; };
		423996452A6E71FB00F6F712 /* Event.swift in Sources */ = {isa = PBXBuildFile; fileRef = 423995B92A6E71FA00F6F712 /* Event.swift */; };
		423996462A6E71FB00F6F712 /* SessionDetail.swift in Sources */ = {isa = PBXBuildFile; fileRef = 423995BB2A6E71FA00F6F712 /* SessionDetail.swift */; };
		423996472A6E71FB00F6F712 /* Session.swift in Sources */ = {isa = PBXBuildFile; fileRef = 423995BC2A6E71FA00F6F712 /* Session.swift */; };
		423996482A6E71FB00F6F712 /* SessionResult.swift in Sources */ = {isa = PBXBuildFile; fileRef = 423995BD2A6E71FA00F6F712 /* SessionResult.swift */; };
		423996492A6E71FB00F6F712 /* LatestNews.swift in Sources */ = {isa = PBXBuildFile; fileRef = 423995BF2A6E71FA00F6F712 /* LatestNews.swift */; };
		4239964A2A6E71FB00F6F712 /* TimeIntervalExtension.swift in Sources */ = {isa = PBXBuildFile; fileRef = 423995C12A6E71FA00F6F712 /* TimeIntervalExtension.swift */; };
		4239964B2A6E71FB00F6F712 /* CombineExtension.swift in Sources */ = {isa = PBXBuildFile; fileRef = 423995C22A6E71FA00F6F712 /* CombineExtension.swift */; };
		4239964C2A6E71FB00F6F712 /* LoggerExtension.swift in Sources */ = {isa = PBXBuildFile; fileRef = 423995C32A6E71FA00F6F712 /* LoggerExtension.swift */; };
		4239964D2A6E71FB00F6F712 /* DoubleExtension.swift in Sources */ = {isa = PBXBuildFile; fileRef = 423995C42A6E71FA00F6F712 /* DoubleExtension.swift */; };
		4239964E2A6E71FB00F6F712 /* DateExtension.swift in Sources */ = {isa = PBXBuildFile; fileRef = 423995C52A6E71FA00F6F712 /* DateExtension.swift */; };
		4239964F2A6E71FB00F6F712 /* IntegerExtension.swift in Sources */ = {isa = PBXBuildFile; fileRef = 423995C62A6E71FA00F6F712 /* IntegerExtension.swift */; };
		423996502A6E71FB00F6F712 /* NetworkManager.swift in Sources */ = {isa = PBXBuildFile; fileRef = 423995C82A6E71FA00F6F712 /* NetworkManager.swift */; };
		423996512A6E71FB00F6F712 /* NetworkManagerRepresentable.swift in Sources */ = {isa = PBXBuildFile; fileRef = 423995C92A6E71FA00F6F712 /* NetworkManagerRepresentable.swift */; };
		423996522A6E71FB00F6F712 /* AppView.swift in Sources */ = {isa = PBXBuildFile; fileRef = 423995CC2A6E71FA00F6F712 /* AppView.swift */; };
		423996532A6E71FB00F6F712 /* AppNavigation.swift in Sources */ = {isa = PBXBuildFile; fileRef = 423995CD2A6E71FA00F6F712 /* AppNavigation.swift */; };
		423996542A6E71FB00F6F712 /* AppViewModel.swift in Sources */ = {isa = PBXBuildFile; fileRef = 423995CE2A6E71FA00F6F712 /* AppViewModel.swift */; };
		423996552A6E71FB00F6F712 /* Assets.xcassets in Resources */ = {isa = PBXBuildFile; fileRef = 423995CF2A6E71FA00F6F712 /* Assets.xcassets */; };
		423996562A6E71FB00F6F712 /* SlipstreamWatchApp.swift in Sources */ = {isa = PBXBuildFile; fileRef = 423995D02A6E71FA00F6F712 /* SlipstreamWatchApp.swift */; };
		423996572A6E71FB00F6F712 /* AppDelegate.swift in Sources */ = {isa = PBXBuildFile; fileRef = 423995D12A6E71FA00F6F712 /* AppDelegate.swift */; };
		423996582A6E71FB00F6F712 /* StandingsMock.swift in Sources */ = {isa = PBXBuildFile; fileRef = 423995D32A6E71FB00F6F712 /* StandingsMock.swift */; };
		423996592A6E71FB00F6F712 /* SessionResultMock.swift in Sources */ = {isa = PBXBuildFile; fileRef = 423995D42A6E71FB00F6F712 /* SessionResultMock.swift */; };
		4239965A2A6E71FB00F6F712 /* DriverMock.swift in Sources */ = {isa = PBXBuildFile; fileRef = 423995D52A6E71FB00F6F712 /* DriverMock.swift */; };
		4239965B2A6E71FB00F6F712 /* EventMock.swift in Sources */ = {isa = PBXBuildFile; fileRef = 423995D62A6E71FB00F6F712 /* EventMock.swift */; };
		4239965C2A6E71FB00F6F712 /* SessionMock.swift in Sources */ = {isa = PBXBuildFile; fileRef = 423995D72A6E71FB00F6F712 /* SessionMock.swift */; };
		4239965D2A6E71FB00F6F712 /* ConstructorMock.swift in Sources */ = {isa = PBXBuildFile; fileRef = 423995D82A6E71FB00F6F712 /* ConstructorMock.swift */; };
		4239965E2A6E71FB00F6F712 /* SettingsView.swift in Sources */ = {isa = PBXBuildFile; fileRef = 423995DB2A6E71FB00F6F712 /* SettingsView.swift */; };
		4239965F2A6E71FB00F6F712 /* SettingsViewModel.swift in Sources */ = {isa = PBXBuildFile; fileRef = 423995DC2A6E71FB00F6F712 /* SettingsViewModel.swift */; };
		423996602A6E71FB00F6F712 /* InAppPurchaseView.swift in Sources */ = {isa = PBXBuildFile; fileRef = 423995DE2A6E71FB00F6F712 /* InAppPurchaseView.swift */; };
		423996612A6E71FB00F6F712 /* InAppPurchaseViewModel.swift in Sources */ = {isa = PBXBuildFile; fileRef = 423995DF2A6E71FB00F6F712 /* InAppPurchaseViewModel.swift */; };
		423996622A6E71FB00F6F712 /* StandingsViewModel.swift in Sources */ = {isa = PBXBuildFile; fileRef = 423995E12A6E71FB00F6F712 /* StandingsViewModel.swift */; };
		423996632A6E71FB00F6F712 /* StandingsView.swift in Sources */ = {isa = PBXBuildFile; fileRef = 423995E22A6E71FB00F6F712 /* StandingsView.swift */; };
		423996642A6E71FB00F6F712 /* StandingsNavigation.swift in Sources */ = {isa = PBXBuildFile; fileRef = 423995E32A6E71FB00F6F712 /* StandingsNavigation.swift */; };
		423996652A6E71FB00F6F712 /* DriverStandingsCellViewModel.swift in Sources */ = {isa = PBXBuildFile; fileRef = 423995E72A6E71FB00F6F712 /* DriverStandingsCellViewModel.swift */; };
		423996662A6E71FB00F6F712 /* DriverStandingsDetailsViewModel.swift in Sources */ = {isa = PBXBuildFile; fileRef = 423995E92A6E71FB00F6F712 /* DriverStandingsDetailsViewModel.swift */; };
		423996672A6E71FB00F6F712 /* DriverStandingsDetailsView.swift in Sources */ = {isa = PBXBuildFile; fileRef = 423995EA2A6E71FB00F6F712 /* DriverStandingsDetailsView.swift */; };
		423996682A6E71FB00F6F712 /* DriverStandingsCellView.swift in Sources */ = {isa = PBXBuildFile; fileRef = 423995EB2A6E71FB00F6F712 /* DriverStandingsCellView.swift */; };
		423996692A6E71FB00F6F712 /* ConstructorStandingsCellView.swift in Sources */ = {isa = PBXBuildFile; fileRef = 423995ED2A6E71FB00F6F712 /* ConstructorStandingsCellView.swift */; };
		4239966A2A6E71FB00F6F712 /* ConstructorStandingsDetailsView.swift in Sources */ = {isa = PBXBuildFile; fileRef = 423995EF2A6E71FB00F6F712 /* ConstructorStandingsDetailsView.swift */; };
		4239966B2A6E71FB00F6F712 /* ConstructorStandingsDetailsViewModel.swift in Sources */ = {isa = PBXBuildFile; fileRef = 423995F02A6E71FB00F6F712 /* ConstructorStandingsDetailsViewModel.swift */; };
		4239966C2A6E71FB00F6F712 /* ConstructorStandingsCellViewModel.swift in Sources */ = {isa = PBXBuildFile; fileRef = 423995F12A6E71FB00F6F712 /* ConstructorStandingsCellViewModel.swift */; };
		4239966D2A6E71FB00F6F712 /* NewsListViewModel.swift in Sources */ = {isa = PBXBuildFile; fileRef = 423995F32A6E71FB00F6F712 /* NewsListViewModel.swift */; };
		4239966E2A6E71FB00F6F712 /* NewsNavigation.swift in Sources */ = {isa = PBXBuildFile; fileRef = 423995F42A6E71FB00F6F712 /* NewsNavigation.swift */; };
		4239966F2A6E71FB00F6F712 /* NewsDetailsView.swift in Sources */ = {isa = PBXBuildFile; fileRef = 423995F72A6E71FB00F6F712 /* NewsDetailsView.swift */; };
		423996702A6E71FB00F6F712 /* NewsDetailsViewModel.swift in Sources */ = {isa = PBXBuildFile; fileRef = 423995F82A6E71FB00F6F712 /* NewsDetailsViewModel.swift */; };
		423996712A6E71FB00F6F712 /* NewsCellViewModel.swift in Sources */ = {isa = PBXBuildFile; fileRef = 423995FA2A6E71FB00F6F712 /* NewsCellViewModel.swift */; };
		423996722A6E71FB00F6F712 /* NewsCellView.swift in Sources */ = {isa = PBXBuildFile; fileRef = 423995FB2A6E71FB00F6F712 /* NewsCellView.swift */; };
		423996732A6E71FB00F6F712 /* NewsListView.swift in Sources */ = {isa = PBXBuildFile; fileRef = 423995FC2A6E71FB00F6F712 /* NewsListView.swift */; };
		423996742A6E71FB00F6F712 /* SeasonListViewModel.swift in Sources */ = {isa = PBXBuildFile; fileRef = 423995FE2A6E71FB00F6F712 /* SeasonListViewModel.swift */; };
		423996752A6E71FB00F6F712 /* SeasonListView.swift in Sources */ = {isa = PBXBuildFile; fileRef = 423995FF2A6E71FB00F6F712 /* SeasonListView.swift */; };
		423996762A6E71FB00F6F712 /* LiveDriverStandingCellViewModel.swift in Sources */ = {isa = PBXBuildFile; fileRef = 423996032A6E71FB00F6F712 /* LiveDriverStandingCellViewModel.swift */; };
		423996772A6E71FB00F6F712 /* LiveDriverStandingCellView.swift in Sources */ = {isa = PBXBuildFile; fileRef = 423996042A6E71FB00F6F712 /* LiveDriverStandingCellView.swift */; };
		423996782A6E71FB00F6F712 /* SessionStandingsListViewModel.swift in Sources */ = {isa = PBXBuildFile; fileRef = 423996052A6E71FB00F6F712 /* SessionStandingsListViewModel.swift */; };
		423996792A6E71FB00F6F712 /* SessionStandingsListView.swift in Sources */ = {isa = PBXBuildFile; fileRef = 423996062A6E71FB00F6F712 /* SessionStandingsListView.swift */; };
		4239967A2A6E71FB00F6F712 /* TrackInfoViewModel.swift in Sources */ = {isa = PBXBuildFile; fileRef = 423996082A6E71FB00F6F712 /* TrackInfoViewModel.swift */; };
		4239967B2A6E71FB00F6F712 /* TrackInfoView.swift in Sources */ = {isa = PBXBuildFile; fileRef = 423996092A6E71FB00F6F712 /* TrackInfoView.swift */; };
		4239967C2A6E71FB00F6F712 /* FinishedEventCardViewModel.swift in Sources */ = {isa = PBXBuildFile; fileRef = 4239960C2A6E71FB00F6F712 /* FinishedEventCardViewModel.swift */; };
		4239967D2A6E71FB00F6F712 /* FinishedEventCardView.swift in Sources */ = {isa = PBXBuildFile; fileRef = 4239960D2A6E71FB00F6F712 /* FinishedEventCardView.swift */; };
		4239967E2A6E71FB00F6F712 /* LiveEventCardViewModel.swift in Sources */ = {isa = PBXBuildFile; fileRef = 4239960F2A6E71FB00F6F712 /* LiveEventCardViewModel.swift */; };
		4239967F2A6E71FB00F6F712 /* LiveEventCardView.swift in Sources */ = {isa = PBXBuildFile; fileRef = 423996102A6E71FB00F6F712 /* LiveEventCardView.swift */; };
		423996802A6E71FB00F6F712 /* CalledOffEventCardView.swift in Sources */ = {isa = PBXBuildFile; fileRef = 423996122A6E71FB00F6F712 /* CalledOffEventCardView.swift */; };
		423996812A6E71FB00F6F712 /* CalledOffEventCardViewModel.swift in Sources */ = {isa = PBXBuildFile; fileRef = 423996132A6E71FB00F6F712 /* CalledOffEventCardViewModel.swift */; };
		423996822A6E71FB00F6F712 /* UpcomingEventCardView.swift in Sources */ = {isa = PBXBuildFile; fileRef = 423996152A6E71FB00F6F712 /* UpcomingEventCardView.swift */; };
		423996832A6E71FB00F6F712 /* UpcomingEventCardViewModel.swift in Sources */ = {isa = PBXBuildFile; fileRef = 423996162A6E71FB00F6F712 /* UpcomingEventCardViewModel.swift */; };
		423996842A6E71FB00F6F712 /* SessionListViewModel.swift in Sources */ = {isa = PBXBuildFile; fileRef = 423996182A6E71FB00F6F712 /* SessionListViewModel.swift */; };
		423996852A6E71FB00F6F712 /* FinishedSessionCellView.swift in Sources */ = {isa = PBXBuildFile; fileRef = 4239961A2A6E71FB00F6F712 /* FinishedSessionCellView.swift */; };
		423996862A6E71FB00F6F712 /* FinishedSessionCellViewModel.swift in Sources */ = {isa = PBXBuildFile; fileRef = 4239961B2A6E71FB00F6F712 /* FinishedSessionCellViewModel.swift */; };
		423996872A6E71FB00F6F712 /* UpcomingSessionCellView.swift in Sources */ = {isa = PBXBuildFile; fileRef = 4239961D2A6E71FB00F6F712 /* UpcomingSessionCellView.swift */; };
		423996882A6E71FB00F6F712 /* UpcomingSessionCellViewModel.swift in Sources */ = {isa = PBXBuildFile; fileRef = 4239961E2A6E71FB00F6F712 /* UpcomingSessionCellViewModel.swift */; };
		423996892A6E71FB00F6F712 /* LiveSessionCellViewModel.swift in Sources */ = {isa = PBXBuildFile; fileRef = 423996202A6E71FB00F6F712 /* LiveSessionCellViewModel.swift */; };
		4239968A2A6E71FB00F6F712 /* LiveSessionCellView.swift in Sources */ = {isa = PBXBuildFile; fileRef = 423996212A6E71FB00F6F712 /* LiveSessionCellView.swift */; };
		4239968B2A6E71FB00F6F712 /* TrackInfoCellView.swift in Sources */ = {isa = PBXBuildFile; fileRef = 423996232A6E71FB00F6F712 /* TrackInfoCellView.swift */; };
		4239968C2A6E71FB00F6F712 /* TrackInfoCellViewModel.swift in Sources */ = {isa = PBXBuildFile; fileRef = 423996242A6E71FB00F6F712 /* TrackInfoCellViewModel.swift */; };
		4239968D2A6E71FB00F6F712 /* SessionListView.swift in Sources */ = {isa = PBXBuildFile; fileRef = 423996252A6E71FB00F6F712 /* SessionListView.swift */; };
		CF11DC992A726D2800E89705 /* PrivacyPolicyViewModel.swift in Sources */ = {isa = PBXBuildFile; fileRef = CF11DC982A726D2800E89705 /* PrivacyPolicyViewModel.swift */; };
		CF96972B2A727984008158C6 /* privacy_policy.json in Resources */ = {isa = PBXBuildFile; fileRef = CF96972A2A727984008158C6 /* privacy_policy.json */; };
		CF96972D2A727C13008158C6 /* terms_and_conditions.json in Resources */ = {isa = PBXBuildFile; fileRef = CF96972C2A727C13008158C6 /* terms_and_conditions.json */; };
		CF96972F2A727C22008158C6 /* Document.swift in Sources */ = {isa = PBXBuildFile; fileRef = CF96972E2A727C22008158C6 /* Document.swift */; };
		CF9697312A72824F008158C6 /* PrivacyPolicyView.swift in Sources */ = {isa = PBXBuildFile; fileRef = CF9697302A72824F008158C6 /* PrivacyPolicyView.swift */; };
		CF9697342A729C80008158C6 /* TermsAndConditionsViewModel.swift in Sources */ = {isa = PBXBuildFile; fileRef = CF9697332A729C80008158C6 /* TermsAndConditionsViewModel.swift */; };
		CF9697362A729D19008158C6 /* TermsAndConditionsView.swift in Sources */ = {isa = PBXBuildFile; fileRef = CF9697352A729D19008158C6 /* TermsAndConditionsView.swift */; };
		CFAFFD8F2A619DF900BA7B51 /* Slipstream Watch App.app in Embed Watch Content */ = {isa = PBXBuildFile; fileRef = CFAFFD8E2A619DF900BA7B51 /* Slipstream Watch App.app */; settings = {ATTRIBUTES = (RemoveHeadersOnCopy, ); }; };
		CFAFFD9B2A619DFA00BA7B51 /* Preview Assets.xcassets in Resources */ = {isa = PBXBuildFile; fileRef = CFAFFD9A2A619DFA00BA7B51 /* Preview Assets.xcassets */; };
		CFAFFEA82A619F0E00BA7B51 /* RevenueCat in Frameworks */ = {isa = PBXBuildFile; productRef = CFAFFEA72A619F0E00BA7B51 /* RevenueCat */; };
		CFAFFEAC2A61A08700BA7B51 /* StoreKit.framework in Frameworks */ = {isa = PBXBuildFile; fileRef = CFAFFEAB2A61A08700BA7B51 /* StoreKit.framework */; };
/* End PBXBuildFile section */

/* Begin PBXContainerItemProxy section */
		CFAFFD902A619DF900BA7B51 /* PBXContainerItemProxy */ = {
			isa = PBXContainerItemProxy;
			containerPortal = CFAFFD822A619DF900BA7B51 /* Project object */;
			proxyType = 1;
			remoteGlobalIDString = CFAFFD8D2A619DF900BA7B51;
			remoteInfo = "Slipstream Watch App";
		};
/* End PBXContainerItemProxy section */

/* Begin PBXCopyFilesBuildPhase section */
		CFAFFDA12A619DFA00BA7B51 /* Embed Watch Content */ = {
			isa = PBXCopyFilesBuildPhase;
			buildActionMask = 2147483647;
			dstPath = "$(CONTENTS_FOLDER_PATH)/Watch";
			dstSubfolderSpec = 16;
			files = (
				CFAFFD8F2A619DF900BA7B51 /* Slipstream Watch App.app in Embed Watch Content */,
			);
			name = "Embed Watch Content";
			runOnlyForDeploymentPostprocessing = 0;
		};
/* End PBXCopyFilesBuildPhase section */

/* Begin PBXFileReference section */
		4239958C2A6E6F3F00F6F712 /* BuildNumberConfig.xcconfig */ = {isa = PBXFileReference; lastKnownFileType = text.xcconfig; path = BuildNumberConfig.xcconfig; sourceTree = "<group>"; };
		4239958E2A6E71FA00F6F712 /* Spacing.swift */ = {isa = PBXFileReference; fileEncoding = 4; lastKnownFileType = sourcecode.swift; path = Spacing.swift; sourceTree = "<group>"; };
		423995902A6E71FA00F6F712 /* ConstructorStyler.swift */ = {isa = PBXFileReference; fileEncoding = 4; lastKnownFileType = sourcecode.swift; path = ConstructorStyler.swift; sourceTree = "<group>"; };
		423995912A6E71FA00F6F712 /* EventStatusBackgroundStyler.swift */ = {isa = PBXFileReference; fileEncoding = 4; lastKnownFileType = sourcecode.swift; path = EventStatusBackgroundStyler.swift; sourceTree = "<group>"; };
		423995922A6E71FA00F6F712 /* SessionDriverStyler.swift */ = {isa = PBXFileReference; fileEncoding = 4; lastKnownFileType = sourcecode.swift; path = SessionDriverStyler.swift; sourceTree = "<group>"; };
		423995932A6E71FA00F6F712 /* Fonts.swift */ = {isa = PBXFileReference; fileEncoding = 4; lastKnownFileType = sourcecode.swift; path = Fonts.swift; sourceTree = "<group>"; };
		423995942A6E71FA00F6F712 /* Images.swift */ = {isa = PBXFileReference; fileEncoding = 4; lastKnownFileType = sourcecode.swift; path = Images.swift; sourceTree = "<group>"; };
		423995952A6E71FA00F6F712 /* Colors.swift */ = {isa = PBXFileReference; fileEncoding = 4; lastKnownFileType = sourcecode.swift; path = Colors.swift; sourceTree = "<group>"; };
		423995962A6E71FA00F6F712 /* ButtonStyle.swift */ = {isa = PBXFileReference; fileEncoding = 4; lastKnownFileType = sourcecode.swift; path = ButtonStyle.swift; sourceTree = "<group>"; };
		423995982A6E71FA00F6F712 /* UserDefaultsWrapper.swift */ = {isa = PBXFileReference; fileEncoding = 4; lastKnownFileType = sourcecode.swift; path = UserDefaultsWrapper.swift; sourceTree = "<group>"; };
		4239959B2A6E71FA00F6F712 /* en */ = {isa = PBXFileReference; lastKnownFileType = text.plist.strings; name = en; path = en.lproj/Localizable.strings; sourceTree = "<group>"; };
		4239959C2A6E71FA00F6F712 /* Global.swift */ = {isa = PBXFileReference; fileEncoding = 4; lastKnownFileType = sourcecode.swift; path = Global.swift; sourceTree = "<group>"; };
		4239959D2A6E71FA00F6F712 /* Localization.swift */ = {isa = PBXFileReference; fileEncoding = 4; lastKnownFileType = sourcecode.swift; path = Localization.swift; sourceTree = "<group>"; };
		4239959E2A6E71FA00F6F712 /* swiftgen.yml */ = {isa = PBXFileReference; fileEncoding = 4; lastKnownFileType = text.yaml; path = swiftgen.yml; sourceTree = "<group>"; };
		4239959F2A6E71FA00F6F712 /* Identifier.swift */ = {isa = PBXFileReference; fileEncoding = 4; lastKnownFileType = sourcecode.swift; path = Identifier.swift; sourceTree = "<group>"; };
		423995A02A6E71FA00F6F712 /* StoreKitSandbox.storekit */ = {isa = PBXFileReference; fileEncoding = 4; lastKnownFileType = text; path = StoreKitSandbox.storekit; sourceTree = "<group>"; };
		423995A22A6E71FA00F6F712 /* DriverAndConstructorService.swift */ = {isa = PBXFileReference; fileEncoding = 4; lastKnownFileType = sourcecode.swift; path = DriverAndConstructorService.swift; sourceTree = "<group>"; };
		423995A32A6E71FA00F6F712 /* ServiceLocator.swift */ = {isa = PBXFileReference; fileEncoding = 4; lastKnownFileType = sourcecode.swift; path = ServiceLocator.swift; sourceTree = "<group>"; };
		423995A42A6E71FA00F6F712 /* EventService.swift */ = {isa = PBXFileReference; fileEncoding = 4; lastKnownFileType = sourcecode.swift; path = EventService.swift; sourceTree = "<group>"; };
		423995A52A6E71FA00F6F712 /* NotificationService.swift */ = {isa = PBXFileReference; fileEncoding = 4; lastKnownFileType = sourcecode.swift; path = NotificationService.swift; sourceTree = "<group>"; };
		423995A62A6E71FA00F6F712 /* NewsService.swift */ = {isa = PBXFileReference; fileEncoding = 4; lastKnownFileType = sourcecode.swift; path = NewsService.swift; sourceTree = "<group>"; };
		423995A72A6E71FA00F6F712 /* PurchaseService.swift */ = {isa = PBXFileReference; fileEncoding = 4; lastKnownFileType = sourcecode.swift; path = PurchaseService.swift; sourceTree = "<group>"; };
		423995A82A6E71FA00F6F712 /* LiveSessionService.swift */ = {isa = PBXFileReference; fileEncoding = 4; lastKnownFileType = sourcecode.swift; path = LiveSessionService.swift; sourceTree = "<group>"; };
		423995AB2A6E71FA00F6F712 /* LiveSession.swift */ = {isa = PBXFileReference; fileEncoding = 4; lastKnownFileType = sourcecode.swift; path = LiveSession.swift; sourceTree = "<group>"; };
		423995AD2A6E71FA00F6F712 /* Circuit.swift */ = {isa = PBXFileReference; fileEncoding = 4; lastKnownFileType = sourcecode.swift; path = Circuit.swift; sourceTree = "<group>"; };
		423995AF2A6E71FA00F6F712 /* User.swift */ = {isa = PBXFileReference; fileEncoding = 4; lastKnownFileType = sourcecode.swift; path = User.swift; sourceTree = "<group>"; };
		423995B12A6E71FA00F6F712 /* News.swift */ = {isa = PBXFileReference; fileEncoding = 4; lastKnownFileType = sourcecode.swift; path = News.swift; sourceTree = "<group>"; };
		423995B32A6E71FA00F6F712 /* ConstructorDetails.swift */ = {isa = PBXFileReference; fileEncoding = 4; lastKnownFileType = sourcecode.swift; path = ConstructorDetails.swift; sourceTree = "<group>"; };
		423995B42A6E71FA00F6F712 /* Constructor.swift */ = {isa = PBXFileReference; fileEncoding = 4; lastKnownFileType = sourcecode.swift; path = Constructor.swift; sourceTree = "<group>"; };
		423995B52A6E71FA00F6F712 /* DriverResult.swift */ = {isa = PBXFileReference; fileEncoding = 4; lastKnownFileType = sourcecode.swift; path = DriverResult.swift; sourceTree = "<group>"; };
		423995B62A6E71FA00F6F712 /* Driver.swift */ = {isa = PBXFileReference; fileEncoding = 4; lastKnownFileType = sourcecode.swift; path = Driver.swift; sourceTree = "<group>"; };
		423995B72A6E71FA00F6F712 /* DriverDetails.swift */ = {isa = PBXFileReference; fileEncoding = 4; lastKnownFileType = sourcecode.swift; path = DriverDetails.swift; sourceTree = "<group>"; };
		423995B92A6E71FA00F6F712 /* Event.swift */ = {isa = PBXFileReference; fileEncoding = 4; lastKnownFileType = sourcecode.swift; path = Event.swift; sourceTree = "<group>"; };
		423995BB2A6E71FA00F6F712 /* SessionDetail.swift */ = {isa = PBXFileReference; fileEncoding = 4; lastKnownFileType = sourcecode.swift; path = SessionDetail.swift; sourceTree = "<group>"; };
		423995BC2A6E71FA00F6F712 /* Session.swift */ = {isa = PBXFileReference; fileEncoding = 4; lastKnownFileType = sourcecode.swift; path = Session.swift; sourceTree = "<group>"; };
		423995BD2A6E71FA00F6F712 /* SessionResult.swift */ = {isa = PBXFileReference; fileEncoding = 4; lastKnownFileType = sourcecode.swift; path = SessionResult.swift; sourceTree = "<group>"; };
		423995BF2A6E71FA00F6F712 /* LatestNews.swift */ = {isa = PBXFileReference; fileEncoding = 4; lastKnownFileType = sourcecode.swift; path = LatestNews.swift; sourceTree = "<group>"; };
		423995C12A6E71FA00F6F712 /* TimeIntervalExtension.swift */ = {isa = PBXFileReference; fileEncoding = 4; lastKnownFileType = sourcecode.swift; path = TimeIntervalExtension.swift; sourceTree = "<group>"; };
		423995C22A6E71FA00F6F712 /* CombineExtension.swift */ = {isa = PBXFileReference; fileEncoding = 4; lastKnownFileType = sourcecode.swift; path = CombineExtension.swift; sourceTree = "<group>"; };
		423995C32A6E71FA00F6F712 /* LoggerExtension.swift */ = {isa = PBXFileReference; fileEncoding = 4; lastKnownFileType = sourcecode.swift; path = LoggerExtension.swift; sourceTree = "<group>"; };
		423995C42A6E71FA00F6F712 /* DoubleExtension.swift */ = {isa = PBXFileReference; fileEncoding = 4; lastKnownFileType = sourcecode.swift; path = DoubleExtension.swift; sourceTree = "<group>"; };
		423995C52A6E71FA00F6F712 /* DateExtension.swift */ = {isa = PBXFileReference; fileEncoding = 4; lastKnownFileType = sourcecode.swift; path = DateExtension.swift; sourceTree = "<group>"; };
		423995C62A6E71FA00F6F712 /* IntegerExtension.swift */ = {isa = PBXFileReference; fileEncoding = 4; lastKnownFileType = sourcecode.swift; path = IntegerExtension.swift; sourceTree = "<group>"; };
		423995C82A6E71FA00F6F712 /* NetworkManager.swift */ = {isa = PBXFileReference; fileEncoding = 4; lastKnownFileType = sourcecode.swift; path = NetworkManager.swift; sourceTree = "<group>"; };
		423995C92A6E71FA00F6F712 /* NetworkManagerRepresentable.swift */ = {isa = PBXFileReference; fileEncoding = 4; lastKnownFileType = sourcecode.swift; path = NetworkManagerRepresentable.swift; sourceTree = "<group>"; };
		423995CC2A6E71FA00F6F712 /* AppView.swift */ = {isa = PBXFileReference; fileEncoding = 4; lastKnownFileType = sourcecode.swift; path = AppView.swift; sourceTree = "<group>"; };
		423995CD2A6E71FA00F6F712 /* AppNavigation.swift */ = {isa = PBXFileReference; fileEncoding = 4; lastKnownFileType = sourcecode.swift; path = AppNavigation.swift; sourceTree = "<group>"; };
		423995CE2A6E71FA00F6F712 /* AppViewModel.swift */ = {isa = PBXFileReference; fileEncoding = 4; lastKnownFileType = sourcecode.swift; path = AppViewModel.swift; sourceTree = "<group>"; };
		423995CF2A6E71FA00F6F712 /* Assets.xcassets */ = {isa = PBXFileReference; lastKnownFileType = folder.assetcatalog; path = Assets.xcassets; sourceTree = "<group>"; };
		423995D02A6E71FA00F6F712 /* SlipstreamWatchApp.swift */ = {isa = PBXFileReference; fileEncoding = 4; lastKnownFileType = sourcecode.swift; path = SlipstreamWatchApp.swift; sourceTree = "<group>"; };
		423995D12A6E71FA00F6F712 /* AppDelegate.swift */ = {isa = PBXFileReference; fileEncoding = 4; lastKnownFileType = sourcecode.swift; path = AppDelegate.swift; sourceTree = "<group>"; };
		423995D32A6E71FB00F6F712 /* StandingsMock.swift */ = {isa = PBXFileReference; fileEncoding = 4; lastKnownFileType = sourcecode.swift; path = StandingsMock.swift; sourceTree = "<group>"; };
		423995D42A6E71FB00F6F712 /* SessionResultMock.swift */ = {isa = PBXFileReference; fileEncoding = 4; lastKnownFileType = sourcecode.swift; path = SessionResultMock.swift; sourceTree = "<group>"; };
		423995D52A6E71FB00F6F712 /* DriverMock.swift */ = {isa = PBXFileReference; fileEncoding = 4; lastKnownFileType = sourcecode.swift; path = DriverMock.swift; sourceTree = "<group>"; };
		423995D62A6E71FB00F6F712 /* EventMock.swift */ = {isa = PBXFileReference; fileEncoding = 4; lastKnownFileType = sourcecode.swift; path = EventMock.swift; sourceTree = "<group>"; };
		423995D72A6E71FB00F6F712 /* SessionMock.swift */ = {isa = PBXFileReference; fileEncoding = 4; lastKnownFileType = sourcecode.swift; path = SessionMock.swift; sourceTree = "<group>"; };
		423995D82A6E71FB00F6F712 /* ConstructorMock.swift */ = {isa = PBXFileReference; fileEncoding = 4; lastKnownFileType = sourcecode.swift; path = ConstructorMock.swift; sourceTree = "<group>"; };
		423995DB2A6E71FB00F6F712 /* SettingsView.swift */ = {isa = PBXFileReference; fileEncoding = 4; lastKnownFileType = sourcecode.swift; path = SettingsView.swift; sourceTree = "<group>"; };
		423995DC2A6E71FB00F6F712 /* SettingsViewModel.swift */ = {isa = PBXFileReference; fileEncoding = 4; lastKnownFileType = sourcecode.swift; path = SettingsViewModel.swift; sourceTree = "<group>"; };
		423995DE2A6E71FB00F6F712 /* InAppPurchaseView.swift */ = {isa = PBXFileReference; fileEncoding = 4; lastKnownFileType = sourcecode.swift; path = InAppPurchaseView.swift; sourceTree = "<group>"; };
		423995DF2A6E71FB00F6F712 /* InAppPurchaseViewModel.swift */ = {isa = PBXFileReference; fileEncoding = 4; lastKnownFileType = sourcecode.swift; path = InAppPurchaseViewModel.swift; sourceTree = "<group>"; };
		423995E12A6E71FB00F6F712 /* StandingsViewModel.swift */ = {isa = PBXFileReference; fileEncoding = 4; lastKnownFileType = sourcecode.swift; path = StandingsViewModel.swift; sourceTree = "<group>"; };
		423995E22A6E71FB00F6F712 /* StandingsView.swift */ = {isa = PBXFileReference; fileEncoding = 4; lastKnownFileType = sourcecode.swift; path = StandingsView.swift; sourceTree = "<group>"; };
		423995E32A6E71FB00F6F712 /* StandingsNavigation.swift */ = {isa = PBXFileReference; fileEncoding = 4; lastKnownFileType = sourcecode.swift; path = StandingsNavigation.swift; sourceTree = "<group>"; };
		423995E72A6E71FB00F6F712 /* DriverStandingsCellViewModel.swift */ = {isa = PBXFileReference; fileEncoding = 4; lastKnownFileType = sourcecode.swift; path = DriverStandingsCellViewModel.swift; sourceTree = "<group>"; };
		423995E92A6E71FB00F6F712 /* DriverStandingsDetailsViewModel.swift */ = {isa = PBXFileReference; fileEncoding = 4; lastKnownFileType = sourcecode.swift; path = DriverStandingsDetailsViewModel.swift; sourceTree = "<group>"; };
		423995EA2A6E71FB00F6F712 /* DriverStandingsDetailsView.swift */ = {isa = PBXFileReference; fileEncoding = 4; lastKnownFileType = sourcecode.swift; path = DriverStandingsDetailsView.swift; sourceTree = "<group>"; };
		423995EB2A6E71FB00F6F712 /* DriverStandingsCellView.swift */ = {isa = PBXFileReference; fileEncoding = 4; lastKnownFileType = sourcecode.swift; path = DriverStandingsCellView.swift; sourceTree = "<group>"; };
		423995ED2A6E71FB00F6F712 /* ConstructorStandingsCellView.swift */ = {isa = PBXFileReference; fileEncoding = 4; lastKnownFileType = sourcecode.swift; path = ConstructorStandingsCellView.swift; sourceTree = "<group>"; };
		423995EF2A6E71FB00F6F712 /* ConstructorStandingsDetailsView.swift */ = {isa = PBXFileReference; fileEncoding = 4; lastKnownFileType = sourcecode.swift; path = ConstructorStandingsDetailsView.swift; sourceTree = "<group>"; };
		423995F02A6E71FB00F6F712 /* ConstructorStandingsDetailsViewModel.swift */ = {isa = PBXFileReference; fileEncoding = 4; lastKnownFileType = sourcecode.swift; path = ConstructorStandingsDetailsViewModel.swift; sourceTree = "<group>"; };
		423995F12A6E71FB00F6F712 /* ConstructorStandingsCellViewModel.swift */ = {isa = PBXFileReference; fileEncoding = 4; lastKnownFileType = sourcecode.swift; path = ConstructorStandingsCellViewModel.swift; sourceTree = "<group>"; };
		423995F32A6E71FB00F6F712 /* NewsListViewModel.swift */ = {isa = PBXFileReference; fileEncoding = 4; lastKnownFileType = sourcecode.swift; path = NewsListViewModel.swift; sourceTree = "<group>"; };
		423995F42A6E71FB00F6F712 /* NewsNavigation.swift */ = {isa = PBXFileReference; fileEncoding = 4; lastKnownFileType = sourcecode.swift; path = NewsNavigation.swift; sourceTree = "<group>"; };
		423995F72A6E71FB00F6F712 /* NewsDetailsView.swift */ = {isa = PBXFileReference; fileEncoding = 4; lastKnownFileType = sourcecode.swift; path = NewsDetailsView.swift; sourceTree = "<group>"; };
		423995F82A6E71FB00F6F712 /* NewsDetailsViewModel.swift */ = {isa = PBXFileReference; fileEncoding = 4; lastKnownFileType = sourcecode.swift; path = NewsDetailsViewModel.swift; sourceTree = "<group>"; };
		423995FA2A6E71FB00F6F712 /* NewsCellViewModel.swift */ = {isa = PBXFileReference; fileEncoding = 4; lastKnownFileType = sourcecode.swift; path = NewsCellViewModel.swift; sourceTree = "<group>"; };
		423995FB2A6E71FB00F6F712 /* NewsCellView.swift */ = {isa = PBXFileReference; fileEncoding = 4; lastKnownFileType = sourcecode.swift; path = NewsCellView.swift; sourceTree = "<group>"; };
		423995FC2A6E71FB00F6F712 /* NewsListView.swift */ = {isa = PBXFileReference; fileEncoding = 4; lastKnownFileType = sourcecode.swift; path = NewsListView.swift; sourceTree = "<group>"; };
		423995FE2A6E71FB00F6F712 /* SeasonListViewModel.swift */ = {isa = PBXFileReference; fileEncoding = 4; lastKnownFileType = sourcecode.swift; path = SeasonListViewModel.swift; sourceTree = "<group>"; };
		423995FF2A6E71FB00F6F712 /* SeasonListView.swift */ = {isa = PBXFileReference; fileEncoding = 4; lastKnownFileType = sourcecode.swift; path = SeasonListView.swift; sourceTree = "<group>"; };
		423996032A6E71FB00F6F712 /* LiveDriverStandingCellViewModel.swift */ = {isa = PBXFileReference; fileEncoding = 4; lastKnownFileType = sourcecode.swift; path = LiveDriverStandingCellViewModel.swift; sourceTree = "<group>"; };
		423996042A6E71FB00F6F712 /* LiveDriverStandingCellView.swift */ = {isa = PBXFileReference; fileEncoding = 4; lastKnownFileType = sourcecode.swift; path = LiveDriverStandingCellView.swift; sourceTree = "<group>"; };
		423996052A6E71FB00F6F712 /* SessionStandingsListViewModel.swift */ = {isa = PBXFileReference; fileEncoding = 4; lastKnownFileType = sourcecode.swift; path = SessionStandingsListViewModel.swift; sourceTree = "<group>"; };
		423996062A6E71FB00F6F712 /* SessionStandingsListView.swift */ = {isa = PBXFileReference; fileEncoding = 4; lastKnownFileType = sourcecode.swift; path = SessionStandingsListView.swift; sourceTree = "<group>"; };
		423996082A6E71FB00F6F712 /* TrackInfoViewModel.swift */ = {isa = PBXFileReference; fileEncoding = 4; lastKnownFileType = sourcecode.swift; path = TrackInfoViewModel.swift; sourceTree = "<group>"; };
		423996092A6E71FB00F6F712 /* TrackInfoView.swift */ = {isa = PBXFileReference; fileEncoding = 4; lastKnownFileType = sourcecode.swift; path = TrackInfoView.swift; sourceTree = "<group>"; };
		4239960C2A6E71FB00F6F712 /* FinishedEventCardViewModel.swift */ = {isa = PBXFileReference; fileEncoding = 4; lastKnownFileType = sourcecode.swift; path = FinishedEventCardViewModel.swift; sourceTree = "<group>"; };
		4239960D2A6E71FB00F6F712 /* FinishedEventCardView.swift */ = {isa = PBXFileReference; fileEncoding = 4; lastKnownFileType = sourcecode.swift; path = FinishedEventCardView.swift; sourceTree = "<group>"; };
		4239960F2A6E71FB00F6F712 /* LiveEventCardViewModel.swift */ = {isa = PBXFileReference; fileEncoding = 4; lastKnownFileType = sourcecode.swift; path = LiveEventCardViewModel.swift; sourceTree = "<group>"; };
		423996102A6E71FB00F6F712 /* LiveEventCardView.swift */ = {isa = PBXFileReference; fileEncoding = 4; lastKnownFileType = sourcecode.swift; path = LiveEventCardView.swift; sourceTree = "<group>"; };
		423996122A6E71FB00F6F712 /* CalledOffEventCardView.swift */ = {isa = PBXFileReference; fileEncoding = 4; lastKnownFileType = sourcecode.swift; path = CalledOffEventCardView.swift; sourceTree = "<group>"; };
		423996132A6E71FB00F6F712 /* CalledOffEventCardViewModel.swift */ = {isa = PBXFileReference; fileEncoding = 4; lastKnownFileType = sourcecode.swift; path = CalledOffEventCardViewModel.swift; sourceTree = "<group>"; };
		423996152A6E71FB00F6F712 /* UpcomingEventCardView.swift */ = {isa = PBXFileReference; fileEncoding = 4; lastKnownFileType = sourcecode.swift; path = UpcomingEventCardView.swift; sourceTree = "<group>"; };
		423996162A6E71FB00F6F712 /* UpcomingEventCardViewModel.swift */ = {isa = PBXFileReference; fileEncoding = 4; lastKnownFileType = sourcecode.swift; path = UpcomingEventCardViewModel.swift; sourceTree = "<group>"; };
		423996182A6E71FB00F6F712 /* SessionListViewModel.swift */ = {isa = PBXFileReference; fileEncoding = 4; lastKnownFileType = sourcecode.swift; path = SessionListViewModel.swift; sourceTree = "<group>"; };
		4239961A2A6E71FB00F6F712 /* FinishedSessionCellView.swift */ = {isa = PBXFileReference; fileEncoding = 4; lastKnownFileType = sourcecode.swift; path = FinishedSessionCellView.swift; sourceTree = "<group>"; };
		4239961B2A6E71FB00F6F712 /* FinishedSessionCellViewModel.swift */ = {isa = PBXFileReference; fileEncoding = 4; lastKnownFileType = sourcecode.swift; path = FinishedSessionCellViewModel.swift; sourceTree = "<group>"; };
		4239961D2A6E71FB00F6F712 /* UpcomingSessionCellView.swift */ = {isa = PBXFileReference; fileEncoding = 4; lastKnownFileType = sourcecode.swift; path = UpcomingSessionCellView.swift; sourceTree = "<group>"; };
		4239961E2A6E71FB00F6F712 /* UpcomingSessionCellViewModel.swift */ = {isa = PBXFileReference; fileEncoding = 4; lastKnownFileType = sourcecode.swift; path = UpcomingSessionCellViewModel.swift; sourceTree = "<group>"; };
		423996202A6E71FB00F6F712 /* LiveSessionCellViewModel.swift */ = {isa = PBXFileReference; fileEncoding = 4; lastKnownFileType = sourcecode.swift; path = LiveSessionCellViewModel.swift; sourceTree = "<group>"; };
		423996212A6E71FB00F6F712 /* LiveSessionCellView.swift */ = {isa = PBXFileReference; fileEncoding = 4; lastKnownFileType = sourcecode.swift; path = LiveSessionCellView.swift; sourceTree = "<group>"; };
		423996232A6E71FB00F6F712 /* TrackInfoCellView.swift */ = {isa = PBXFileReference; fileEncoding = 4; lastKnownFileType = sourcecode.swift; path = TrackInfoCellView.swift; sourceTree = "<group>"; };
		423996242A6E71FB00F6F712 /* TrackInfoCellViewModel.swift */ = {isa = PBXFileReference; fileEncoding = 4; lastKnownFileType = sourcecode.swift; path = TrackInfoCellViewModel.swift; sourceTree = "<group>"; };
		423996252A6E71FB00F6F712 /* SessionListView.swift */ = {isa = PBXFileReference; fileEncoding = 4; lastKnownFileType = sourcecode.swift; path = SessionListView.swift; sourceTree = "<group>"; };
		CF11DC982A726D2800E89705 /* PrivacyPolicyViewModel.swift */ = {isa = PBXFileReference; lastKnownFileType = sourcecode.swift; path = PrivacyPolicyViewModel.swift; sourceTree = "<group>"; };
		CF96972A2A727984008158C6 /* privacy_policy.json */ = {isa = PBXFileReference; fileEncoding = 4; lastKnownFileType = text.json; path = privacy_policy.json; sourceTree = "<group>"; };
		CF96972C2A727C13008158C6 /* terms_and_conditions.json */ = {isa = PBXFileReference; fileEncoding = 4; lastKnownFileType = text.json; path = terms_and_conditions.json; sourceTree = "<group>"; };
		CF96972E2A727C22008158C6 /* Document.swift */ = {isa = PBXFileReference; lastKnownFileType = sourcecode.swift; path = Document.swift; sourceTree = "<group>"; };
		CF9697302A72824F008158C6 /* PrivacyPolicyView.swift */ = {isa = PBXFileReference; lastKnownFileType = sourcecode.swift; path = PrivacyPolicyView.swift; sourceTree = "<group>"; };
		CF9697332A729C80008158C6 /* TermsAndConditionsViewModel.swift */ = {isa = PBXFileReference; lastKnownFileType = sourcecode.swift; path = TermsAndConditionsViewModel.swift; sourceTree = "<group>"; };
		CF9697352A729D19008158C6 /* TermsAndConditionsView.swift */ = {isa = PBXFileReference; lastKnownFileType = sourcecode.swift; path = TermsAndConditionsView.swift; sourceTree = "<group>"; };
		CFAFFD882A619DF900BA7B51 /* Slipstream.app */ = {isa = PBXFileReference; explicitFileType = wrapper.application; includeInIndex = 0; path = Slipstream.app; sourceTree = BUILT_PRODUCTS_DIR; };
		CFAFFD8E2A619DF900BA7B51 /* Slipstream Watch App.app */ = {isa = PBXFileReference; explicitFileType = wrapper.application; includeInIndex = 0; path = "Slipstream Watch App.app"; sourceTree = BUILT_PRODUCTS_DIR; };
		CFAFFD9A2A619DFA00BA7B51 /* Preview Assets.xcassets */ = {isa = PBXFileReference; lastKnownFileType = folder.assetcatalog; path = "Preview Assets.xcassets"; sourceTree = "<group>"; };
		CFAFFEA92A61A07700BA7B51 /* Slipstream Watch App.entitlements */ = {isa = PBXFileReference; lastKnownFileType = text.plist.entitlements; path = "Slipstream Watch App.entitlements"; sourceTree = "<group>"; };
		CFAFFEAB2A61A08700BA7B51 /* StoreKit.framework */ = {isa = PBXFileReference; lastKnownFileType = wrapper.framework; name = StoreKit.framework; path = Platforms/WatchOS.platform/Developer/SDKs/WatchOS9.4.sdk/System/Library/Frameworks/StoreKit.framework; sourceTree = DEVELOPER_DIR; };
		CFAFFEAD2A61A18100BA7B51 /* Slipstream-Watch-App-Info.plist */ = {isa = PBXFileReference; lastKnownFileType = text.plist; path = "Slipstream-Watch-App-Info.plist"; sourceTree = SOURCE_ROOT; };
/* End PBXFileReference section */

/* Begin PBXFrameworksBuildPhase section */
		CFAFFD8B2A619DF900BA7B51 /* Frameworks */ = {
			isa = PBXFrameworksBuildPhase;
			buildActionMask = 2147483647;
			files = (
				CFAFFEA82A619F0E00BA7B51 /* RevenueCat in Frameworks */,
				CFAFFEAC2A61A08700BA7B51 /* StoreKit.framework in Frameworks */,
			);
			runOnlyForDeploymentPostprocessing = 0;
		};
/* End PBXFrameworksBuildPhase section */

/* Begin PBXGroup section */
		4239958D2A6E71FA00F6F712 /* Styles */ = {
			isa = PBXGroup;
			children = (
				4239958E2A6E71FA00F6F712 /* Spacing.swift */,
				4239958F2A6E71FA00F6F712 /* Stylers */,
				423995932A6E71FA00F6F712 /* Fonts.swift */,
				423995942A6E71FA00F6F712 /* Images.swift */,
				423995952A6E71FA00F6F712 /* Colors.swift */,
				423995962A6E71FA00F6F712 /* ButtonStyle.swift */,
			);
			path = Styles;
			sourceTree = "<group>";
		};
		4239958F2A6E71FA00F6F712 /* Stylers */ = {
			isa = PBXGroup;
			children = (
				423995902A6E71FA00F6F712 /* ConstructorStyler.swift */,
				423995912A6E71FA00F6F712 /* EventStatusBackgroundStyler.swift */,
				423995922A6E71FA00F6F712 /* SessionDriverStyler.swift */,
			);
			path = Stylers;
			sourceTree = "<group>";
		};
		423995972A6E71FA00F6F712 /* PropertyWrappers */ = {
			isa = PBXGroup;
			children = (
				423995982A6E71FA00F6F712 /* UserDefaultsWrapper.swift */,
			);
			path = PropertyWrappers;
			sourceTree = "<group>";
		};
		423995992A6E71FA00F6F712 /* Resources */ = {
			isa = PBXGroup;
			children = (
				CF96972A2A727984008158C6 /* privacy_policy.json */,
				CF96972C2A727C13008158C6 /* terms_and_conditions.json */,
				4239959A2A6E71FA00F6F712 /* Localizable.strings */,
				4239959C2A6E71FA00F6F712 /* Global.swift */,
				4239959D2A6E71FA00F6F712 /* Localization.swift */,
				4239959E2A6E71FA00F6F712 /* swiftgen.yml */,
				4239959F2A6E71FA00F6F712 /* Identifier.swift */,
				423995A02A6E71FA00F6F712 /* StoreKitSandbox.storekit */,
				CF96972E2A727C22008158C6 /* Document.swift */,
			);
			path = Resources;
			sourceTree = "<group>";
		};
		423995A12A6E71FA00F6F712 /* Services */ = {
			isa = PBXGroup;
			children = (
				423995A22A6E71FA00F6F712 /* DriverAndConstructorService.swift */,
				423995A32A6E71FA00F6F712 /* ServiceLocator.swift */,
				423995A42A6E71FA00F6F712 /* EventService.swift */,
				423995A52A6E71FA00F6F712 /* NotificationService.swift */,
				423995A62A6E71FA00F6F712 /* NewsService.swift */,
				423995A72A6E71FA00F6F712 /* PurchaseService.swift */,
				423995A82A6E71FA00F6F712 /* LiveSessionService.swift */,
			);
			path = Services;
			sourceTree = "<group>";
		};
		423995A92A6E71FA00F6F712 /* Models */ = {
			isa = PBXGroup;
			children = (
				423995AA2A6E71FA00F6F712 /* LiveSession */,
				423995AC2A6E71FA00F6F712 /* Circuit */,
				423995AE2A6E71FA00F6F712 /* User */,
				423995B02A6E71FA00F6F712 /* News */,
				423995B22A6E71FA00F6F712 /* Drivers and Constructors */,
				423995B82A6E71FA00F6F712 /* Event */,
				423995BA2A6E71FA00F6F712 /* Session */,
			);
			path = Models;
			sourceTree = "<group>";
		};
		423995AA2A6E71FA00F6F712 /* LiveSession */ = {
			isa = PBXGroup;
			children = (
				423995AB2A6E71FA00F6F712 /* LiveSession.swift */,
			);
			path = LiveSession;
			sourceTree = "<group>";
		};
		423995AC2A6E71FA00F6F712 /* Circuit */ = {
			isa = PBXGroup;
			children = (
				423995AD2A6E71FA00F6F712 /* Circuit.swift */,
			);
			path = Circuit;
			sourceTree = "<group>";
		};
		423995AE2A6E71FA00F6F712 /* User */ = {
			isa = PBXGroup;
			children = (
				423995AF2A6E71FA00F6F712 /* User.swift */,
			);
			path = User;
			sourceTree = "<group>";
		};
		423995B02A6E71FA00F6F712 /* News */ = {
			isa = PBXGroup;
			children = (
				423995B12A6E71FA00F6F712 /* News.swift */,
			);
			path = News;
			sourceTree = "<group>";
		};
		423995B22A6E71FA00F6F712 /* Drivers and Constructors */ = {
			isa = PBXGroup;
			children = (
				423995B32A6E71FA00F6F712 /* ConstructorDetails.swift */,
				423995B42A6E71FA00F6F712 /* Constructor.swift */,
				423995B52A6E71FA00F6F712 /* DriverResult.swift */,
				423995B62A6E71FA00F6F712 /* Driver.swift */,
				423995B72A6E71FA00F6F712 /* DriverDetails.swift */,
			);
			path = "Drivers and Constructors";
			sourceTree = "<group>";
		};
		423995B82A6E71FA00F6F712 /* Event */ = {
			isa = PBXGroup;
			children = (
				423995B92A6E71FA00F6F712 /* Event.swift */,
			);
			path = Event;
			sourceTree = "<group>";
		};
		423995BA2A6E71FA00F6F712 /* Session */ = {
			isa = PBXGroup;
			children = (
				423995BB2A6E71FA00F6F712 /* SessionDetail.swift */,
				423995BC2A6E71FA00F6F712 /* Session.swift */,
				423995BD2A6E71FA00F6F712 /* SessionResult.swift */,
			);
			path = Session;
			sourceTree = "<group>";
		};
		423995BE2A6E71FA00F6F712 /* Notifications */ = {
			isa = PBXGroup;
			children = (
				423995BF2A6E71FA00F6F712 /* LatestNews.swift */,
			);
			path = Notifications;
			sourceTree = "<group>";
		};
		423995C02A6E71FA00F6F712 /* Extensions */ = {
			isa = PBXGroup;
			children = (
				423995C12A6E71FA00F6F712 /* TimeIntervalExtension.swift */,
				423995C22A6E71FA00F6F712 /* CombineExtension.swift */,
				423995C32A6E71FA00F6F712 /* LoggerExtension.swift */,
				423995C42A6E71FA00F6F712 /* DoubleExtension.swift */,
				423995C52A6E71FA00F6F712 /* DateExtension.swift */,
				423995C62A6E71FA00F6F712 /* IntegerExtension.swift */,
			);
			path = Extensions;
			sourceTree = "<group>";
		};
		423995C72A6E71FA00F6F712 /* Managers */ = {
			isa = PBXGroup;
			children = (
				423995C82A6E71FA00F6F712 /* NetworkManager.swift */,
				423995C92A6E71FA00F6F712 /* NetworkManagerRepresentable.swift */,
			);
			path = Managers;
			sourceTree = "<group>";
		};
		423995CA2A6E71FA00F6F712 /* Support */ = {
			isa = PBXGroup;
			children = (
				423995CB2A6E71FA00F6F712 /* AppViewModel */,
				423995CF2A6E71FA00F6F712 /* Assets.xcassets */,
				423995D02A6E71FA00F6F712 /* SlipstreamWatchApp.swift */,
				423995D12A6E71FA00F6F712 /* AppDelegate.swift */,
			);
			path = Support;
			sourceTree = "<group>";
		};
		423995CB2A6E71FA00F6F712 /* AppViewModel */ = {
			isa = PBXGroup;
			children = (
				423995CC2A6E71FA00F6F712 /* AppView.swift */,
				423995CD2A6E71FA00F6F712 /* AppNavigation.swift */,
				423995CE2A6E71FA00F6F712 /* AppViewModel.swift */,
			);
			path = AppViewModel;
			sourceTree = "<group>";
		};
		423995D22A6E71FB00F6F712 /* Mocks */ = {
			isa = PBXGroup;
			children = (
				423995D32A6E71FB00F6F712 /* StandingsMock.swift */,
				423995D42A6E71FB00F6F712 /* SessionResultMock.swift */,
				423995D52A6E71FB00F6F712 /* DriverMock.swift */,
				423995D62A6E71FB00F6F712 /* EventMock.swift */,
				423995D72A6E71FB00F6F712 /* SessionMock.swift */,
				423995D82A6E71FB00F6F712 /* ConstructorMock.swift */,
			);
			path = Mocks;
			sourceTree = "<group>";
		};
		423995D92A6E71FB00F6F712 /* Screens */ = {
			isa = PBXGroup;
			children = (
				423995DA2A6E71FB00F6F712 /* Settings */,
				423995DD2A6E71FB00F6F712 /* IAPs */,
				423995E02A6E71FB00F6F712 /* Standings */,
				423995F22A6E71FB00F6F712 /* News */,
				423995FD2A6E71FB00F6F712 /* Season */,
			);
			path = Screens;
			sourceTree = "<group>";
		};
		423995DA2A6E71FB00F6F712 /* Settings */ = {
			isa = PBXGroup;
			children = (
				CF9697322A728A55008158C6 /* TermsAndConditions */,
				CF11DC972A726CFB00E89705 /* PrivacyPolicy */,
				423995DB2A6E71FB00F6F712 /* SettingsView.swift */,
				423995DC2A6E71FB00F6F712 /* SettingsViewModel.swift */,
			);
			path = Settings;
			sourceTree = "<group>";
		};
		423995DD2A6E71FB00F6F712 /* IAPs */ = {
			isa = PBXGroup;
			children = (
				423995DE2A6E71FB00F6F712 /* InAppPurchaseView.swift */,
				423995DF2A6E71FB00F6F712 /* InAppPurchaseViewModel.swift */,
			);
			path = IAPs;
			sourceTree = "<group>";
		};
		423995E02A6E71FB00F6F712 /* Standings */ = {
			isa = PBXGroup;
			children = (
				423995E12A6E71FB00F6F712 /* StandingsViewModel.swift */,
				423995E22A6E71FB00F6F712 /* StandingsView.swift */,
				423995E32A6E71FB00F6F712 /* StandingsNavigation.swift */,
				423995E42A6E71FB00F6F712 /* Views */,
			);
			path = Standings;
			sourceTree = "<group>";
		};
		423995E42A6E71FB00F6F712 /* Views */ = {
			isa = PBXGroup;
			children = (
				423995E52A6E71FB00F6F712 /* Cells */,
			);
			path = Views;
			sourceTree = "<group>";
		};
		423995E52A6E71FB00F6F712 /* Cells */ = {
			isa = PBXGroup;
			children = (
				423995E62A6E71FB00F6F712 /* Driver */,
				423995EC2A6E71FB00F6F712 /* Constructor */,
			);
			path = Cells;
			sourceTree = "<group>";
		};
		423995E62A6E71FB00F6F712 /* Driver */ = {
			isa = PBXGroup;
			children = (
				423995E72A6E71FB00F6F712 /* DriverStandingsCellViewModel.swift */,
				423995E82A6E71FB00F6F712 /* Details */,
				423995EB2A6E71FB00F6F712 /* DriverStandingsCellView.swift */,
			);
			path = Driver;
			sourceTree = "<group>";
		};
		423995E82A6E71FB00F6F712 /* Details */ = {
			isa = PBXGroup;
			children = (
				423995E92A6E71FB00F6F712 /* DriverStandingsDetailsViewModel.swift */,
				423995EA2A6E71FB00F6F712 /* DriverStandingsDetailsView.swift */,
			);
			path = Details;
			sourceTree = "<group>";
		};
		423995EC2A6E71FB00F6F712 /* Constructor */ = {
			isa = PBXGroup;
			children = (
				423995ED2A6E71FB00F6F712 /* ConstructorStandingsCellView.swift */,
				423995EE2A6E71FB00F6F712 /* Details */,
				423995F12A6E71FB00F6F712 /* ConstructorStandingsCellViewModel.swift */,
			);
			path = Constructor;
			sourceTree = "<group>";
		};
		423995EE2A6E71FB00F6F712 /* Details */ = {
			isa = PBXGroup;
			children = (
				423995EF2A6E71FB00F6F712 /* ConstructorStandingsDetailsView.swift */,
				423995F02A6E71FB00F6F712 /* ConstructorStandingsDetailsViewModel.swift */,
			);
			path = Details;
			sourceTree = "<group>";
		};
		423995F22A6E71FB00F6F712 /* News */ = {
			isa = PBXGroup;
			children = (
				423995F32A6E71FB00F6F712 /* NewsListViewModel.swift */,
				423995F42A6E71FB00F6F712 /* NewsNavigation.swift */,
				423995F52A6E71FB00F6F712 /* Views */,
				423995FC2A6E71FB00F6F712 /* NewsListView.swift */,
			);
			path = News;
			sourceTree = "<group>";
		};
		423995F52A6E71FB00F6F712 /* Views */ = {
			isa = PBXGroup;
			children = (
				423995F62A6E71FB00F6F712 /* NewsDetails */,
				423995F92A6E71FB00F6F712 /* NewsCell */,
			);
			path = Views;
			sourceTree = "<group>";
		};
		423995F62A6E71FB00F6F712 /* NewsDetails */ = {
			isa = PBXGroup;
			children = (
				423995F72A6E71FB00F6F712 /* NewsDetailsView.swift */,
				423995F82A6E71FB00F6F712 /* NewsDetailsViewModel.swift */,
			);
			path = NewsDetails;
			sourceTree = "<group>";
		};
		423995F92A6E71FB00F6F712 /* NewsCell */ = {
			isa = PBXGroup;
			children = (
				423995FA2A6E71FB00F6F712 /* NewsCellViewModel.swift */,
				423995FB2A6E71FB00F6F712 /* NewsCellView.swift */,
			);
			path = NewsCell;
			sourceTree = "<group>";
		};
		423995FD2A6E71FB00F6F712 /* Season */ = {
			isa = PBXGroup;
			children = (
				423995FE2A6E71FB00F6F712 /* SeasonListViewModel.swift */,
				423995FF2A6E71FB00F6F712 /* SeasonListView.swift */,
				423996002A6E71FB00F6F712 /* Views */,
			);
			path = Season;
			sourceTree = "<group>";
		};
		423996002A6E71FB00F6F712 /* Views */ = {
			isa = PBXGroup;
			children = (
				423996012A6E71FB00F6F712 /* SessionStandingsList */,
				423996072A6E71FB00F6F712 /* Track Info */,
				4239960A2A6E71FB00F6F712 /* EventCard */,
				423996172A6E71FB00F6F712 /* SessionList */,
			);
			path = Views;
			sourceTree = "<group>";
		};
		423996012A6E71FB00F6F712 /* SessionStandingsList */ = {
			isa = PBXGroup;
			children = (
				423996022A6E71FB00F6F712 /* LiveDriverStandingCell */,
				423996052A6E71FB00F6F712 /* SessionStandingsListViewModel.swift */,
				423996062A6E71FB00F6F712 /* SessionStandingsListView.swift */,
			);
			path = SessionStandingsList;
			sourceTree = "<group>";
		};
		423996022A6E71FB00F6F712 /* LiveDriverStandingCell */ = {
			isa = PBXGroup;
			children = (
				423996032A6E71FB00F6F712 /* LiveDriverStandingCellViewModel.swift */,
				423996042A6E71FB00F6F712 /* LiveDriverStandingCellView.swift */,
			);
			path = LiveDriverStandingCell;
			sourceTree = "<group>";
		};
		423996072A6E71FB00F6F712 /* Track Info */ = {
			isa = PBXGroup;
			children = (
				423996082A6E71FB00F6F712 /* TrackInfoViewModel.swift */,
				423996092A6E71FB00F6F712 /* TrackInfoView.swift */,
			);
			path = "Track Info";
			sourceTree = "<group>";
		};
		4239960A2A6E71FB00F6F712 /* EventCard */ = {
			isa = PBXGroup;
			children = (
				4239960B2A6E71FB00F6F712 /* Finished */,
				4239960E2A6E71FB00F6F712 /* Live */,
				423996112A6E71FB00F6F712 /* CalledOff */,
				423996142A6E71FB00F6F712 /* Upcoming */,
			);
			path = EventCard;
			sourceTree = "<group>";
		};
		4239960B2A6E71FB00F6F712 /* Finished */ = {
			isa = PBXGroup;
			children = (
				4239960C2A6E71FB00F6F712 /* FinishedEventCardViewModel.swift */,
				4239960D2A6E71FB00F6F712 /* FinishedEventCardView.swift */,
			);
			path = Finished;
			sourceTree = "<group>";
		};
		4239960E2A6E71FB00F6F712 /* Live */ = {
			isa = PBXGroup;
			children = (
				4239960F2A6E71FB00F6F712 /* LiveEventCardViewModel.swift */,
				423996102A6E71FB00F6F712 /* LiveEventCardView.swift */,
			);
			path = Live;
			sourceTree = "<group>";
		};
		423996112A6E71FB00F6F712 /* CalledOff */ = {
			isa = PBXGroup;
			children = (
				423996122A6E71FB00F6F712 /* CalledOffEventCardView.swift */,
				423996132A6E71FB00F6F712 /* CalledOffEventCardViewModel.swift */,
			);
			path = CalledOff;
			sourceTree = "<group>";
		};
		423996142A6E71FB00F6F712 /* Upcoming */ = {
			isa = PBXGroup;
			children = (
				423996152A6E71FB00F6F712 /* UpcomingEventCardView.swift */,
				423996162A6E71FB00F6F712 /* UpcomingEventCardViewModel.swift */,
			);
			path = Upcoming;
			sourceTree = "<group>";
		};
		423996172A6E71FB00F6F712 /* SessionList */ = {
			isa = PBXGroup;
			children = (
				423996182A6E71FB00F6F712 /* SessionListViewModel.swift */,
				423996192A6E71FB00F6F712 /* FinishedSessionCell */,
				4239961C2A6E71FB00F6F712 /* UpcomingSessionCell */,
				4239961F2A6E71FB00F6F712 /* LiveSessionCell */,
				423996222A6E71FB00F6F712 /* TrackInfoCell */,
				423996252A6E71FB00F6F712 /* SessionListView.swift */,
			);
			path = SessionList;
			sourceTree = "<group>";
		};
		423996192A6E71FB00F6F712 /* FinishedSessionCell */ = {
			isa = PBXGroup;
			children = (
				4239961A2A6E71FB00F6F712 /* FinishedSessionCellView.swift */,
				4239961B2A6E71FB00F6F712 /* FinishedSessionCellViewModel.swift */,
			);
			path = FinishedSessionCell;
			sourceTree = "<group>";
		};
		4239961C2A6E71FB00F6F712 /* UpcomingSessionCell */ = {
			isa = PBXGroup;
			children = (
				4239961D2A6E71FB00F6F712 /* UpcomingSessionCellView.swift */,
				4239961E2A6E71FB00F6F712 /* UpcomingSessionCellViewModel.swift */,
			);
			path = UpcomingSessionCell;
			sourceTree = "<group>";
		};
		4239961F2A6E71FB00F6F712 /* LiveSessionCell */ = {
			isa = PBXGroup;
			children = (
				423996202A6E71FB00F6F712 /* LiveSessionCellViewModel.swift */,
				423996212A6E71FB00F6F712 /* LiveSessionCellView.swift */,
			);
			path = LiveSessionCell;
			sourceTree = "<group>";
		};
		423996222A6E71FB00F6F712 /* TrackInfoCell */ = {
			isa = PBXGroup;
			children = (
				423996232A6E71FB00F6F712 /* TrackInfoCellView.swift */,
				423996242A6E71FB00F6F712 /* TrackInfoCellViewModel.swift */,
			);
			path = TrackInfoCell;
			sourceTree = "<group>";
		};
		CF11DC972A726CFB00E89705 /* PrivacyPolicy */ = {
			isa = PBXGroup;
			children = (
				CF11DC982A726D2800E89705 /* PrivacyPolicyViewModel.swift */,
				CF9697302A72824F008158C6 /* PrivacyPolicyView.swift */,
			);
			path = PrivacyPolicy;
			sourceTree = "<group>";
		};
		CF9697322A728A55008158C6 /* TermsAndConditions */ = {
			isa = PBXGroup;
			children = (
				CF9697332A729C80008158C6 /* TermsAndConditionsViewModel.swift */,
				CF9697352A729D19008158C6 /* TermsAndConditionsView.swift */,
			);
			path = TermsAndConditions;
			sourceTree = "<group>";
		};
		CFAFFD812A619DF900BA7B51 = {
			isa = PBXGroup;
			children = (
				CFAFFD922A619DF900BA7B51 /* Slipstream Watch App */,
				CFAFFD892A619DF900BA7B51 /* Products */,
				CFAFFEAA2A61A08700BA7B51 /* Frameworks */,
			);
			sourceTree = "<group>";
		};
		CFAFFD892A619DF900BA7B51 /* Products */ = {
			isa = PBXGroup;
			children = (
				CFAFFD882A619DF900BA7B51 /* Slipstream.app */,
				CFAFFD8E2A619DF900BA7B51 /* Slipstream Watch App.app */,
			);
			name = Products;
			sourceTree = "<group>";
		};
		CFAFFD922A619DF900BA7B51 /* Slipstream Watch App */ = {
			isa = PBXGroup;
			children = (
				4239958C2A6E6F3F00F6F712 /* BuildNumberConfig.xcconfig */,
				CFAFFEAD2A61A18100BA7B51 /* Slipstream-Watch-App-Info.plist */,
				CFAFFEA92A61A07700BA7B51 /* Slipstream Watch App.entitlements */,
				423995C02A6E71FA00F6F712 /* Extensions */,
				423995C72A6E71FA00F6F712 /* Managers */,
				423995D22A6E71FB00F6F712 /* Mocks */,
				423995A92A6E71FA00F6F712 /* Models */,
				423995BE2A6E71FA00F6F712 /* Notifications */,
				423995972A6E71FA00F6F712 /* PropertyWrappers */,
				423995992A6E71FA00F6F712 /* Resources */,
				423995D92A6E71FB00F6F712 /* Screens */,
				423995A12A6E71FA00F6F712 /* Services */,
				4239958D2A6E71FA00F6F712 /* Styles */,
				423995CA2A6E71FA00F6F712 /* Support */,
				CFAFFD992A619DFA00BA7B51 /* Preview Content */,
			);
			path = "Slipstream Watch App";
			sourceTree = "<group>";
		};
		CFAFFD992A619DFA00BA7B51 /* Preview Content */ = {
			isa = PBXGroup;
			children = (
				CFAFFD9A2A619DFA00BA7B51 /* Preview Assets.xcassets */,
			);
			path = "Preview Content";
			sourceTree = "<group>";
		};
		CFAFFEAA2A61A08700BA7B51 /* Frameworks */ = {
			isa = PBXGroup;
			children = (
				CFAFFEAB2A61A08700BA7B51 /* StoreKit.framework */,
			);
			name = Frameworks;
			sourceTree = "<group>";
		};
/* End PBXGroup section */

/* Begin PBXNativeTarget section */
		CFAFFD872A619DF900BA7B51 /* Slipstream */ = {
			isa = PBXNativeTarget;
			buildConfigurationList = CFAFFDA22A619DFA00BA7B51 /* Build configuration list for PBXNativeTarget "Slipstream" */;
			buildPhases = (
				CF9697292A727433008158C6 /* ShellScript */,
				CFAFFD862A619DF900BA7B51 /* Resources */,
				CFAFFDA12A619DFA00BA7B51 /* Embed Watch Content */,
			);
			buildRules = (
			);
			dependencies = (
				CFAFFD912A619DF900BA7B51 /* PBXTargetDependency */,
			);
			name = Slipstream;
			productName = Slipstream;
			productReference = CFAFFD882A619DF900BA7B51 /* Slipstream.app */;
			productType = "com.apple.product-type.application.watchapp2-container";
		};
		CFAFFD8D2A619DF900BA7B51 /* Slipstream Watch App */ = {
			isa = PBXNativeTarget;
			buildConfigurationList = CFAFFD9E2A619DFA00BA7B51 /* Build configuration list for PBXNativeTarget "Slipstream Watch App" */;
			buildPhases = (
				CFAFFD8A2A619DF900BA7B51 /* Sources */,
				CFAFFD8B2A619DF900BA7B51 /* Frameworks */,
				CFAFFD8C2A619DF900BA7B51 /* Resources */,
			);
			buildRules = (
			);
			dependencies = (
			);
			name = "Slipstream Watch App";
			packageProductDependencies = (
				CFAFFEA72A619F0E00BA7B51 /* RevenueCat */,
			);
			productName = "Slipstream Watch App";
			productReference = CFAFFD8E2A619DF900BA7B51 /* Slipstream Watch App.app */;
			productType = "com.apple.product-type.application";
		};
/* End PBXNativeTarget section */

/* Begin PBXProject section */
		CFAFFD822A619DF900BA7B51 /* Project object */ = {
			isa = PBXProject;
			attributes = {
				BuildIndependentTargetsInParallel = 1;
				LastSwiftUpdateCheck = 1430;
				LastUpgradeCheck = 1430;
				TargetAttributes = {
					CFAFFD872A619DF900BA7B51 = {
						CreatedOnToolsVersion = 14.3.1;
					};
					CFAFFD8D2A619DF900BA7B51 = {
						CreatedOnToolsVersion = 14.3.1;
					};
				};
			};
			buildConfigurationList = CFAFFD852A619DF900BA7B51 /* Build configuration list for PBXProject "Slipstream" */;
			compatibilityVersion = "Xcode 14.0";
			developmentRegion = en;
			hasScannedForEncodings = 0;
			knownRegions = (
				en,
				Base,
			);
			mainGroup = CFAFFD812A619DF900BA7B51;
			packageReferences = (
				CFAFFEA62A619F0E00BA7B51 /* XCRemoteSwiftPackageReference "purchases-ios" */,
			);
			productRefGroup = CFAFFD892A619DF900BA7B51 /* Products */;
			projectDirPath = "";
			projectRoot = "";
			targets = (
				CFAFFD872A619DF900BA7B51 /* Slipstream */,
				CFAFFD8D2A619DF900BA7B51 /* Slipstream Watch App */,
			);
		};
/* End PBXProject section */

/* Begin PBXResourcesBuildPhase section */
		CFAFFD862A619DF900BA7B51 /* Resources */ = {
			isa = PBXResourcesBuildPhase;
			buildActionMask = 2147483647;
			files = (
			);
			runOnlyForDeploymentPostprocessing = 0;
		};
		CFAFFD8C2A619DF900BA7B51 /* Resources */ = {
			isa = PBXResourcesBuildPhase;
			buildActionMask = 2147483647;
			files = (
				CFAFFD9B2A619DFA00BA7B51 /* Preview Assets.xcassets in Resources */,
				4239962F2A6E71FB00F6F712 /* Localizable.strings in Resources */,
				CF96972B2A727984008158C6 /* privacy_policy.json in Resources */,
				CF96972D2A727C13008158C6 /* terms_and_conditions.json in Resources */,
				423996322A6E71FB00F6F712 /* swiftgen.yml in Resources */,
				423996342A6E71FB00F6F712 /* StoreKitSandbox.storekit in Resources */,
				423996552A6E71FB00F6F712 /* Assets.xcassets in Resources */,
			);
			runOnlyForDeploymentPostprocessing = 0;
		};
/* End PBXResourcesBuildPhase section */

/* Begin PBXShellScriptBuildPhase section */
		CF9697292A727433008158C6 /* ShellScript */ = {
			isa = PBXShellScriptBuildPhase;
			buildActionMask = 2147483647;
			files = (
			);
			inputFileListPaths = (
			);
			inputPaths = (
			);
			outputFileListPaths = (
			);
			outputPaths = (
			);
			runOnlyForDeploymentPostprocessing = 0;
			shellPath = /bin/sh;
			shellScript = "if [[ -z $CI ]]; then\n    swiftgen config run --config \"$SRCROOT/Slipstream Watch App/Resources/swiftgen.yml\"\nfi\n";
		};
/* End PBXShellScriptBuildPhase section */

/* Begin PBXSourcesBuildPhase section */
		CFAFFD8A2A619DF900BA7B51 /* Sources */ = {
			isa = PBXSourcesBuildPhase;
			buildActionMask = 2147483647;
			files = (
				423996652A6E71FB00F6F712 /* DriverStandingsCellViewModel.swift in Sources */,
				423996852A6E71FB00F6F712 /* FinishedSessionCellView.swift in Sources */,
				423996262A6E71FB00F6F712 /* Spacing.swift in Sources */,
				423996842A6E71FB00F6F712 /* SessionListViewModel.swift in Sources */,
				4239964C2A6E71FB00F6F712 /* LoggerExtension.swift in Sources */,
				423996712A6E71FB00F6F712 /* NewsCellViewModel.swift in Sources */,
				4239963F2A6E71FB00F6F712 /* News.swift in Sources */,
				423996802A6E71FB00F6F712 /* CalledOffEventCardView.swift in Sources */,
				4239964F2A6E71FB00F6F712 /* IntegerExtension.swift in Sources */,
				423996782A6E71FB00F6F712 /* SessionStandingsListViewModel.swift in Sources */,
				423996392A6E71FB00F6F712 /* NewsService.swift in Sources */,
				4239963A2A6E71FB00F6F712 /* PurchaseService.swift in Sources */,
				4239965B2A6E71FB00F6F712 /* EventMock.swift in Sources */,
				4239968A2A6E71FB00F6F712 /* LiveSessionCellView.swift in Sources */,
				4239964E2A6E71FB00F6F712 /* DateExtension.swift in Sources */,
				4239965D2A6E71FB00F6F712 /* ConstructorMock.swift in Sources */,
				CF9697342A729C80008158C6 /* TermsAndConditionsViewModel.swift in Sources */,
				4239965C2A6E71FB00F6F712 /* SessionMock.swift in Sources */,
				423996312A6E71FB00F6F712 /* Localization.swift in Sources */,
				4239963C2A6E71FB00F6F712 /* LiveSession.swift in Sources */,
				423996692A6E71FB00F6F712 /* ConstructorStandingsCellView.swift in Sources */,
				4239962E2A6E71FB00F6F712 /* UserDefaultsWrapper.swift in Sources */,
				4239963D2A6E71FB00F6F712 /* Circuit.swift in Sources */,
				423996642A6E71FB00F6F712 /* StandingsNavigation.swift in Sources */,
				4239968D2A6E71FB00F6F712 /* SessionListView.swift in Sources */,
				4239967F2A6E71FB00F6F712 /* LiveEventCardView.swift in Sources */,
				423996372A6E71FB00F6F712 /* EventService.swift in Sources */,
				423996502A6E71FB00F6F712 /* NetworkManager.swift in Sources */,
				423996892A6E71FB00F6F712 /* LiveSessionCellViewModel.swift in Sources */,
				4239964D2A6E71FB00F6F712 /* DoubleExtension.swift in Sources */,
				4239962D2A6E71FB00F6F712 /* ButtonStyle.swift in Sources */,
				423996882A6E71FB00F6F712 /* UpcomingSessionCellViewModel.swift in Sources */,
				4239967D2A6E71FB00F6F712 /* FinishedEventCardView.swift in Sources */,
				423996762A6E71FB00F6F712 /* LiveDriverStandingCellViewModel.swift in Sources */,
				423996822A6E71FB00F6F712 /* UpcomingEventCardView.swift in Sources */,
				423996412A6E71FB00F6F712 /* Constructor.swift in Sources */,
				4239968B2A6E71FB00F6F712 /* TrackInfoCellView.swift in Sources */,
				4239962B2A6E71FB00F6F712 /* Images.swift in Sources */,
				423996442A6E71FB00F6F712 /* DriverDetails.swift in Sources */,
				4239966B2A6E71FB00F6F712 /* ConstructorStandingsDetailsViewModel.swift in Sources */,
				423996682A6E71FB00F6F712 /* DriverStandingsCellView.swift in Sources */,
				423996602A6E71FB00F6F712 /* InAppPurchaseView.swift in Sources */,
				423996492A6E71FB00F6F712 /* LatestNews.swift in Sources */,
				423996792A6E71FB00F6F712 /* SessionStandingsListView.swift in Sources */,
				4239963E2A6E71FB00F6F712 /* User.swift in Sources */,
				4239962A2A6E71FB00F6F712 /* Fonts.swift in Sources */,
				423996422A6E71FB00F6F712 /* DriverResult.swift in Sources */,
				4239968C2A6E71FB00F6F712 /* TrackInfoCellViewModel.swift in Sources */,
				423996572A6E71FB00F6F712 /* AppDelegate.swift in Sources */,
				4239966C2A6E71FB00F6F712 /* ConstructorStandingsCellViewModel.swift in Sources */,
				4239964B2A6E71FB00F6F712 /* CombineExtension.swift in Sources */,
				423996702A6E71FB00F6F712 /* NewsDetailsViewModel.swift in Sources */,
				423996432A6E71FB00F6F712 /* Driver.swift in Sources */,
				423996482A6E71FB00F6F712 /* SessionResult.swift in Sources */,
				423996862A6E71FB00F6F712 /* FinishedSessionCellViewModel.swift in Sources */,
				423996362A6E71FB00F6F712 /* ServiceLocator.swift in Sources */,
				CF11DC992A726D2800E89705 /* PrivacyPolicyViewModel.swift in Sources */,
				423996732A6E71FB00F6F712 /* NewsListView.swift in Sources */,
				4239963B2A6E71FB00F6F712 /* LiveSessionService.swift in Sources */,
				CF9697362A729D19008158C6 /* TermsAndConditionsView.swift in Sources */,
				423996472A6E71FB00F6F712 /* Session.swift in Sources */,
				4239966D2A6E71FB00F6F712 /* NewsListViewModel.swift in Sources */,
				423996832A6E71FB00F6F712 /* UpcomingEventCardViewModel.swift in Sources */,
				423996452A6E71FB00F6F712 /* Event.swift in Sources */,
				423996402A6E71FB00F6F712 /* ConstructorDetails.swift in Sources */,
				423996542A6E71FB00F6F712 /* AppViewModel.swift in Sources */,
				423996562A6E71FB00F6F712 /* SlipstreamWatchApp.swift in Sources */,
				423996462A6E71FB00F6F712 /* SessionDetail.swift in Sources */,
				CF9697312A72824F008158C6 /* PrivacyPolicyView.swift in Sources */,
				423996512A6E71FB00F6F712 /* NetworkManagerRepresentable.swift in Sources */,
				423996662A6E71FB00F6F712 /* DriverStandingsDetailsViewModel.swift in Sources */,
				423996722A6E71FB00F6F712 /* NewsCellView.swift in Sources */,
				423996352A6E71FB00F6F712 /* DriverAndConstructorService.swift in Sources */,
				4239962C2A6E71FB00F6F712 /* Colors.swift in Sources */,
				423996272A6E71FB00F6F712 /* ConstructorStyler.swift in Sources */,
				4239966E2A6E71FB00F6F712 /* NewsNavigation.swift in Sources */,
				423996282A6E71FB00F6F712 /* EventStatusBackgroundStyler.swift in Sources */,
				423996382A6E71FB00F6F712 /* NotificationService.swift in Sources */,
				423996302A6E71FB00F6F712 /* Global.swift in Sources */,
				4239966F2A6E71FB00F6F712 /* NewsDetailsView.swift in Sources */,
				4239967C2A6E71FB00F6F712 /* FinishedEventCardViewModel.swift in Sources */,
				4239967A2A6E71FB00F6F712 /* TrackInfoViewModel.swift in Sources */,
				423996622A6E71FB00F6F712 /* StandingsViewModel.swift in Sources */,
				423996632A6E71FB00F6F712 /* StandingsView.swift in Sources */,
				423996672A6E71FB00F6F712 /* DriverStandingsDetailsView.swift in Sources */,
				423996582A6E71FB00F6F712 /* StandingsMock.swift in Sources */,
				423996772A6E71FB00F6F712 /* LiveDriverStandingCellView.swift in Sources */,
				4239967B2A6E71FB00F6F712 /* TrackInfoView.swift in Sources */,
				423996612A6E71FB00F6F712 /* InAppPurchaseViewModel.swift in Sources */,
				423996522A6E71FB00F6F712 /* AppView.swift in Sources */,
				423996742A6E71FB00F6F712 /* SeasonListViewModel.swift in Sources */,
				423996812A6E71FB00F6F712 /* CalledOffEventCardViewModel.swift in Sources */,
				423996332A6E71FB00F6F712 /* Identifier.swift in Sources */,
				423996872A6E71FB00F6F712 /* UpcomingSessionCellView.swift in Sources */,
				423996292A6E71FB00F6F712 /* SessionDriverStyler.swift in Sources */,
				4239965E2A6E71FB00F6F712 /* SettingsView.swift in Sources */,
				4239966A2A6E71FB00F6F712 /* ConstructorStandingsDetailsView.swift in Sources */,
				423996532A6E71FB00F6F712 /* AppNavigation.swift in Sources */,
				4239964A2A6E71FB00F6F712 /* TimeIntervalExtension.swift in Sources */,
				4239965A2A6E71FB00F6F712 /* DriverMock.swift in Sources */,
				4239967E2A6E71FB00F6F712 /* LiveEventCardViewModel.swift in Sources */,
				CF96972F2A727C22008158C6 /* Document.swift in Sources */,
				423996592A6E71FB00F6F712 /* SessionResultMock.swift in Sources */,
				4239965F2A6E71FB00F6F712 /* SettingsViewModel.swift in Sources */,
				423996752A6E71FB00F6F712 /* SeasonListView.swift in Sources */,
			);
			runOnlyForDeploymentPostprocessing = 0;
		};
/* End PBXSourcesBuildPhase section */

/* Begin PBXTargetDependency section */
		CFAFFD912A619DF900BA7B51 /* PBXTargetDependency */ = {
			isa = PBXTargetDependency;
			target = CFAFFD8D2A619DF900BA7B51 /* Slipstream Watch App */;
			targetProxy = CFAFFD902A619DF900BA7B51 /* PBXContainerItemProxy */;
		};
/* End PBXTargetDependency section */

/* Begin PBXVariantGroup section */
		4239959A2A6E71FA00F6F712 /* Localizable.strings */ = {
			isa = PBXVariantGroup;
			children = (
				4239959B2A6E71FA00F6F712 /* en */,
			);
			name = Localizable.strings;
			sourceTree = "<group>";
		};
/* End PBXVariantGroup section */

/* Begin XCBuildConfiguration section */
		CFAFFD9C2A619DFA00BA7B51 /* Debug */ = {
			isa = XCBuildConfiguration;
			buildSettings = {
				ALWAYS_SEARCH_USER_PATHS = NO;
				CLANG_ANALYZER_NONNULL = YES;
				CLANG_ANALYZER_NUMBER_OBJECT_CONVERSION = YES_AGGRESSIVE;
				CLANG_CXX_LANGUAGE_STANDARD = "gnu++20";
				CLANG_ENABLE_MODULES = YES;
				CLANG_ENABLE_OBJC_ARC = YES;
				CLANG_ENABLE_OBJC_WEAK = YES;
				CLANG_WARN_BLOCK_CAPTURE_AUTORELEASING = YES;
				CLANG_WARN_BOOL_CONVERSION = YES;
				CLANG_WARN_COMMA = YES;
				CLANG_WARN_CONSTANT_CONVERSION = YES;
				CLANG_WARN_DEPRECATED_OBJC_IMPLEMENTATIONS = YES;
				CLANG_WARN_DIRECT_OBJC_ISA_USAGE = YES_ERROR;
				CLANG_WARN_DOCUMENTATION_COMMENTS = YES;
				CLANG_WARN_EMPTY_BODY = YES;
				CLANG_WARN_ENUM_CONVERSION = YES;
				CLANG_WARN_INFINITE_RECURSION = YES;
				CLANG_WARN_INT_CONVERSION = YES;
				CLANG_WARN_NON_LITERAL_NULL_CONVERSION = YES;
				CLANG_WARN_OBJC_IMPLICIT_RETAIN_SELF = YES;
				CLANG_WARN_OBJC_LITERAL_CONVERSION = YES;
				CLANG_WARN_OBJC_ROOT_CLASS = YES_ERROR;
				CLANG_WARN_QUOTED_INCLUDE_IN_FRAMEWORK_HEADER = YES;
				CLANG_WARN_RANGE_LOOP_ANALYSIS = YES;
				CLANG_WARN_STRICT_PROTOTYPES = YES;
				CLANG_WARN_SUSPICIOUS_MOVE = YES;
				CLANG_WARN_UNGUARDED_AVAILABILITY = YES_AGGRESSIVE;
				CLANG_WARN_UNREACHABLE_CODE = YES;
				CLANG_WARN__DUPLICATE_METHOD_MATCH = YES;
				COPY_PHASE_STRIP = NO;
				DEBUG_INFORMATION_FORMAT = dwarf;
				ENABLE_STRICT_OBJC_MSGSEND = YES;
				ENABLE_TESTABILITY = YES;
				GCC_C_LANGUAGE_STANDARD = gnu11;
				GCC_DYNAMIC_NO_PIC = NO;
				GCC_NO_COMMON_BLOCKS = YES;
				GCC_OPTIMIZATION_LEVEL = 0;
				GCC_PREPROCESSOR_DEFINITIONS = (
					"DEBUG=1",
					"$(inherited)",
				);
				GCC_WARN_64_TO_32_BIT_CONVERSION = YES;
				GCC_WARN_ABOUT_RETURN_TYPE = YES_ERROR;
				GCC_WARN_UNDECLARED_SELECTOR = YES;
				GCC_WARN_UNINITIALIZED_AUTOS = YES_AGGRESSIVE;
				GCC_WARN_UNUSED_FUNCTION = YES;
				GCC_WARN_UNUSED_VARIABLE = YES;
				MTL_ENABLE_DEBUG_INFO = INCLUDE_SOURCE;
				MTL_FAST_MATH = YES;
				ONLY_ACTIVE_ARCH = YES;
				SWIFT_ACTIVE_COMPILATION_CONDITIONS = DEBUG;
				SWIFT_OPTIMIZATION_LEVEL = "-Onone";
			};
			name = Debug;
		};
		CFAFFD9D2A619DFA00BA7B51 /* Release */ = {
			isa = XCBuildConfiguration;
			buildSettings = {
				ALWAYS_SEARCH_USER_PATHS = NO;
				CLANG_ANALYZER_NONNULL = YES;
				CLANG_ANALYZER_NUMBER_OBJECT_CONVERSION = YES_AGGRESSIVE;
				CLANG_CXX_LANGUAGE_STANDARD = "gnu++20";
				CLANG_ENABLE_MODULES = YES;
				CLANG_ENABLE_OBJC_ARC = YES;
				CLANG_ENABLE_OBJC_WEAK = YES;
				CLANG_WARN_BLOCK_CAPTURE_AUTORELEASING = YES;
				CLANG_WARN_BOOL_CONVERSION = YES;
				CLANG_WARN_COMMA = YES;
				CLANG_WARN_CONSTANT_CONVERSION = YES;
				CLANG_WARN_DEPRECATED_OBJC_IMPLEMENTATIONS = YES;
				CLANG_WARN_DIRECT_OBJC_ISA_USAGE = YES_ERROR;
				CLANG_WARN_DOCUMENTATION_COMMENTS = YES;
				CLANG_WARN_EMPTY_BODY = YES;
				CLANG_WARN_ENUM_CONVERSION = YES;
				CLANG_WARN_INFINITE_RECURSION = YES;
				CLANG_WARN_INT_CONVERSION = YES;
				CLANG_WARN_NON_LITERAL_NULL_CONVERSION = YES;
				CLANG_WARN_OBJC_IMPLICIT_RETAIN_SELF = YES;
				CLANG_WARN_OBJC_LITERAL_CONVERSION = YES;
				CLANG_WARN_OBJC_ROOT_CLASS = YES_ERROR;
				CLANG_WARN_QUOTED_INCLUDE_IN_FRAMEWORK_HEADER = YES;
				CLANG_WARN_RANGE_LOOP_ANALYSIS = YES;
				CLANG_WARN_STRICT_PROTOTYPES = YES;
				CLANG_WARN_SUSPICIOUS_MOVE = YES;
				CLANG_WARN_UNGUARDED_AVAILABILITY = YES_AGGRESSIVE;
				CLANG_WARN_UNREACHABLE_CODE = YES;
				CLANG_WARN__DUPLICATE_METHOD_MATCH = YES;
				COPY_PHASE_STRIP = NO;
				DEBUG_INFORMATION_FORMAT = "dwarf-with-dsym";
				ENABLE_NS_ASSERTIONS = NO;
				ENABLE_STRICT_OBJC_MSGSEND = YES;
				GCC_C_LANGUAGE_STANDARD = gnu11;
				GCC_NO_COMMON_BLOCKS = YES;
				GCC_WARN_64_TO_32_BIT_CONVERSION = YES;
				GCC_WARN_ABOUT_RETURN_TYPE = YES_ERROR;
				GCC_WARN_UNDECLARED_SELECTOR = YES;
				GCC_WARN_UNINITIALIZED_AUTOS = YES_AGGRESSIVE;
				GCC_WARN_UNUSED_FUNCTION = YES;
				GCC_WARN_UNUSED_VARIABLE = YES;
				MTL_ENABLE_DEBUG_INFO = NO;
				MTL_FAST_MATH = YES;
				SWIFT_COMPILATION_MODE = wholemodule;
				SWIFT_OPTIMIZATION_LEVEL = "-O";
			};
			name = Release;
		};
		CFAFFD9F2A619DFA00BA7B51 /* Debug */ = {
			isa = XCBuildConfiguration;
			baseConfigurationReference = 4239958C2A6E6F3F00F6F712 /* BuildNumberConfig.xcconfig */;
			buildSettings = {
				ASSETCATALOG_COMPILER_APPICON_NAME = AppIcon;
				ASSETCATALOG_COMPILER_GLOBAL_ACCENT_COLOR_NAME = AccentColor;
				CODE_SIGN_ENTITLEMENTS = "Slipstream Watch App/Slipstream Watch App.entitlements";
				CODE_SIGN_STYLE = Automatic;
				CURRENT_PROJECT_VERSION = "$(BUILD_NUMBER)";
				DEVELOPMENT_ASSET_PATHS = "\"Slipstream Watch App/Preview Content\"";
				DEVELOPMENT_TEAM = Y4642869FB;
				ENABLE_PREVIEWS = YES;
				GENERATE_INFOPLIST_FILE = YES;
				INFOPLIST_FILE = "Slipstream-Watch-App-Info.plist";
				INFOPLIST_KEY_CFBundleDisplayName = Slipstream;
				INFOPLIST_KEY_UISupportedInterfaceOrientations = "UIInterfaceOrientationPortrait UIInterfaceOrientationPortraitUpsideDown";
				INFOPLIST_KEY_WKWatchOnly = YES;
				LD_RUNPATH_SEARCH_PATHS = (
					"$(inherited)",
					"@executable_path/Frameworks",
				);
				MARKETING_VERSION = "$(VERSION)";
				PRODUCT_BUNDLE_IDENTIFIER = "com.tomasmamede.Slipstream-iOS.watchkitapp";
				PRODUCT_NAME = "$(TARGET_NAME)";
				SDKROOT = watchos;
				SKIP_INSTALL = YES;
				SWIFT_EMIT_LOC_STRINGS = YES;
				SWIFT_VERSION = 5.0;
				TARGETED_DEVICE_FAMILY = 4;
				WATCHOS_DEPLOYMENT_TARGET = 9.0;
			};
			name = Debug;
		};
		CFAFFDA02A619DFA00BA7B51 /* Release */ = {
			isa = XCBuildConfiguration;
			baseConfigurationReference = 4239958C2A6E6F3F00F6F712 /* BuildNumberConfig.xcconfig */;
			buildSettings = {
				ASSETCATALOG_COMPILER_APPICON_NAME = AppIcon;
				ASSETCATALOG_COMPILER_GLOBAL_ACCENT_COLOR_NAME = AccentColor;
				CODE_SIGN_ENTITLEMENTS = "Slipstream Watch App/Slipstream Watch App.entitlements";
				CODE_SIGN_STYLE = Automatic;
				CURRENT_PROJECT_VERSION = "$(BUILD_NUMBER)";
				DEVELOPMENT_ASSET_PATHS = "\"Slipstream Watch App/Preview Content\"";
				DEVELOPMENT_TEAM = Y4642869FB;
				ENABLE_PREVIEWS = YES;
				GENERATE_INFOPLIST_FILE = YES;
				INFOPLIST_FILE = "Slipstream-Watch-App-Info.plist";
				INFOPLIST_KEY_CFBundleDisplayName = Slipstream;
				INFOPLIST_KEY_UISupportedInterfaceOrientations = "UIInterfaceOrientationPortrait UIInterfaceOrientationPortraitUpsideDown";
				INFOPLIST_KEY_WKWatchOnly = YES;
				LD_RUNPATH_SEARCH_PATHS = (
					"$(inherited)",
					"@executable_path/Frameworks",
				);
				MARKETING_VERSION = "$(VERSION)";
				PRODUCT_BUNDLE_IDENTIFIER = "com.tomasmamede.Slipstream-iOS.watchkitapp";
				PRODUCT_NAME = "$(TARGET_NAME)";
				SDKROOT = watchos;
				SKIP_INSTALL = YES;
				SWIFT_EMIT_LOC_STRINGS = YES;
				SWIFT_VERSION = 5.0;
				TARGETED_DEVICE_FAMILY = 4;
				VALIDATE_PRODUCT = YES;
				WATCHOS_DEPLOYMENT_TARGET = 9.0;
			};
			name = Release;
		};
		CFAFFDA32A619DFA00BA7B51 /* Debug */ = {
			isa = XCBuildConfiguration;
			baseConfigurationReference = 4239958C2A6E6F3F00F6F712 /* BuildNumberConfig.xcconfig */;
			buildSettings = {
				ALWAYS_EMBED_SWIFT_STANDARD_LIBRARIES = YES;
				CODE_SIGN_STYLE = Automatic;
				CURRENT_PROJECT_VERSION = "$(BUILD_NUMBER)";
				DEVELOPMENT_TEAM = Y4642869FB;
				INFOPLIST_KEY_CFBundleDisplayName = Slipstream;
				IPHONEOS_DEPLOYMENT_TARGET = 16.0;
				MARKETING_VERSION = "$(VERSION)";
				PRODUCT_BUNDLE_IDENTIFIER = "com.tomasmamede.Slipstream-iOS";
				PRODUCT_NAME = "$(TARGET_NAME)";
				SDKROOT = iphoneos;
				SWIFT_VERSION = 5.0;
			};
			name = Debug;
		};
		CFAFFDA42A619DFA00BA7B51 /* Release */ = {
			isa = XCBuildConfiguration;
			baseConfigurationReference = 4239958C2A6E6F3F00F6F712 /* BuildNumberConfig.xcconfig */;
			buildSettings = {
				ALWAYS_EMBED_SWIFT_STANDARD_LIBRARIES = YES;
				CODE_SIGN_STYLE = Automatic;
				CURRENT_PROJECT_VERSION = "$(BUILD_NUMBER)";
				DEVELOPMENT_TEAM = Y4642869FB;
				INFOPLIST_KEY_CFBundleDisplayName = Slipstream;
				IPHONEOS_DEPLOYMENT_TARGET = 16.0;
				MARKETING_VERSION = "$(VERSION)";
				PRODUCT_BUNDLE_IDENTIFIER = "com.tomasmamede.Slipstream-iOS";
				PRODUCT_NAME = "$(TARGET_NAME)";
				SDKROOT = iphoneos;
				SWIFT_VERSION = 5.0;
				VALIDATE_PRODUCT = YES;
			};
			name = Release;
		};
/* End XCBuildConfiguration section */

/* Begin XCConfigurationList section */
		CFAFFD852A619DF900BA7B51 /* Build configuration list for PBXProject "Slipstream" */ = {
			isa = XCConfigurationList;
			buildConfigurations = (
				CFAFFD9C2A619DFA00BA7B51 /* Debug */,
				CFAFFD9D2A619DFA00BA7B51 /* Release */,
			);
			defaultConfigurationIsVisible = 0;
			defaultConfigurationName = Release;
		};
		CFAFFD9E2A619DFA00BA7B51 /* Build configuration list for PBXNativeTarget "Slipstream Watch App" */ = {
			isa = XCConfigurationList;
			buildConfigurations = (
				CFAFFD9F2A619DFA00BA7B51 /* Debug */,
				CFAFFDA02A619DFA00BA7B51 /* Release */,
			);
			defaultConfigurationIsVisible = 0;
			defaultConfigurationName = Release;
		};
		CFAFFDA22A619DFA00BA7B51 /* Build configuration list for PBXNativeTarget "Slipstream" */ = {
			isa = XCConfigurationList;
			buildConfigurations = (
				CFAFFDA32A619DFA00BA7B51 /* Debug */,
				CFAFFDA42A619DFA00BA7B51 /* Release */,
			);
			defaultConfigurationIsVisible = 0;
			defaultConfigurationName = Release;
		};
/* End XCConfigurationList section */

/* Begin XCRemoteSwiftPackageReference section */
		CFAFFEA62A619F0E00BA7B51 /* XCRemoteSwiftPackageReference "purchases-ios" */ = {
			isa = XCRemoteSwiftPackageReference;
			repositoryURL = "https://github.com/RevenueCat/purchases-ios.git";
			requirement = {
				kind = upToNextMajorVersion;
				minimumVersion = 4.0.0;
			};
		};
/* End XCRemoteSwiftPackageReference section */

/* Begin XCSwiftPackageProductDependency section */
		CFAFFEA72A619F0E00BA7B51 /* RevenueCat */ = {
			isa = XCSwiftPackageProductDependency;
			package = CFAFFEA62A619F0E00BA7B51 /* XCRemoteSwiftPackageReference "purchases-ios" */;
			productName = RevenueCat;
		};
/* End XCSwiftPackageProductDependency section */
	};
	rootObject = CFAFFD822A619DF900BA7B51 /* Project object */;
}
