// !$*UTF8*$!
{
	archiveVersion = 1;
	classes = {
	};
	objectVersion = 55;
	objects = {

/* Begin PBXBuildFile section */
		4207B43329BE703400AA4758 /* DriverResult.swift in Sources */ = {isa = PBXBuildFile; fileRef = CF20D36D297802040038A860 /* DriverResult.swift */; };
		4207B43829C0BC9300AA4758 /* LiveCardViewCell.swift in Sources */ = {isa = PBXBuildFile; fileRef = 42096835295378A10075D75E /* LiveCardViewCell.swift */; };
		4207B43929C0BCBE00AA4758 /* LiveCardCellViewModel.swift in Sources */ = {isa = PBXBuildFile; fileRef = 42B2197B295EE46500515097 /* LiveCardCellViewModel.swift */; };
		4207B43A29C18CFD00AA4758 /* GrandPrixCardViewModel.swift in Sources */ = {isa = PBXBuildFile; fileRef = CF20D3672976FBD50038A860 /* GrandPrixCardViewModel.swift */; };
		4207B43B29C18D0200AA4758 /* GrandPrixCardView.swift in Sources */ = {isa = PBXBuildFile; fileRef = CF20D36A297700160038A860 /* GrandPrixCardView.swift */; };
		4207B43E29C1E47F00AA4758 /* UpcomingAndStandingsEventCellViewModel.swift in Sources */ = {isa = PBXBuildFile; fileRef = 4207B43D29C1E47E00AA4758 /* UpcomingAndStandingsEventCellViewModel.swift */; };
		4207B44429C1E59300AA4758 /* UpcomingAndStandingsEventCellView.swift in Sources */ = {isa = PBXBuildFile; fileRef = 4207B44329C1E59300AA4758 /* UpcomingAndStandingsEventCellView.swift */; };
		4207B44729C2151A00AA4758 /* DriverDetailsTextView.swift in Sources */ = {isa = PBXBuildFile; fileRef = 4207B44629C2151A00AA4758 /* DriverDetailsTextView.swift */; };
		4207B44929C215F100AA4758 /* CarWithNumberView.swift in Sources */ = {isa = PBXBuildFile; fileRef = 4207B44829C215F100AA4758 /* CarWithNumberView.swift */; };
		4207B44C29C216DC00AA4758 /* StandingsCellView.swift in Sources */ = {isa = PBXBuildFile; fileRef = 4207B44B29C216DC00AA4758 /* StandingsCellView.swift */; };
		4207B44E29C216E900AA4758 /* StandingsCellViewModel.swift in Sources */ = {isa = PBXBuildFile; fileRef = 4207B44D29C216E900AA4758 /* StandingsCellViewModel.swift */; };
		4207B45029C3425300AA4758 /* IntegerExtension.swift in Sources */ = {isa = PBXBuildFile; fileRef = 4207B44F29C3425300AA4758 /* IntegerExtension.swift */; };
		4207B45129C3426800AA4758 /* IntegerExtension.swift in Sources */ = {isa = PBXBuildFile; fileRef = 4207B44F29C3425300AA4758 /* IntegerExtension.swift */; };
		420967F4294C9A8D0075D75E /* SlipstreamWatchApp.swift in Sources */ = {isa = PBXBuildFile; fileRef = 420967F3294C9A8D0075D75E /* SlipstreamWatchApp.swift */; };
		420967F6294C9A8D0075D75E /* ContentView.swift in Sources */ = {isa = PBXBuildFile; fileRef = 420967F5294C9A8D0075D75E /* ContentView.swift */; };
		420967F8294C9A8F0075D75E /* Assets.xcassets in Resources */ = {isa = PBXBuildFile; fileRef = 420967F7294C9A8F0075D75E /* Assets.xcassets */; };
		420967FB294C9A8F0075D75E /* Preview Assets.xcassets in Resources */ = {isa = PBXBuildFile; fileRef = 420967FA294C9A8F0075D75E /* Preview Assets.xcassets */; };
		42096805294C9A900075D75E /* SlipstreamWatch_Watch_AppTests.swift in Sources */ = {isa = PBXBuildFile; fileRef = 42096804294C9A900075D75E /* SlipstreamWatch_Watch_AppTests.swift */; };
		42096823294C9B990075D75E /* NetworkManager.swift in Sources */ = {isa = PBXBuildFile; fileRef = 42096822294C9B990075D75E /* NetworkManager.swift */; };
		42096834295378A10075D75E /* Slipstream_iOSApp.swift in Sources */ = {isa = PBXBuildFile; fileRef = 42096833295378A10075D75E /* Slipstream_iOSApp.swift */; };
		42096838295378A20075D75E /* Assets.xcassets in Resources */ = {isa = PBXBuildFile; fileRef = 42096837295378A20075D75E /* Assets.xcassets */; };
		4209683B295378A20075D75E /* Preview Assets.xcassets in Resources */ = {isa = PBXBuildFile; fileRef = 4209683A295378A20075D75E /* Preview Assets.xcassets */; };
		42096845295378A30075D75E /* Slipstream_iOSTests.swift in Sources */ = {isa = PBXBuildFile; fileRef = 42096844295378A30075D75E /* Slipstream_iOSTests.swift */; };
		4209685C29537AC90075D75E /* DateExtension.swift in Sources */ = {isa = PBXBuildFile; fileRef = CF0544452951CB8D00A39FE3 /* DateExtension.swift */; };
		4209685F29537AF10075D75E /* News.swift in Sources */ = {isa = PBXBuildFile; fileRef = CF05443B29507D3A00A39FE3 /* News.swift */; };
		4209686029537AF70075D75E /* Driver.swift in Sources */ = {isa = PBXBuildFile; fileRef = CF054421294CECCD00A39FE3 /* Driver.swift */; };
		4209686229537AF70075D75E /* Constructor.swift in Sources */ = {isa = PBXBuildFile; fileRef = CF054427294F7D4E00A39FE3 /* Constructor.swift */; };
		4209686B29537B0D0075D75E /* Circuit.swift in Sources */ = {isa = PBXBuildFile; fileRef = CF05443929507C1000A39FE3 /* Circuit.swift */; };
		4209686E2954CDCC0075D75E /* NetworkManager.swift in Sources */ = {isa = PBXBuildFile; fileRef = 42096822294C9B990075D75E /* NetworkManager.swift */; };
		4245E81029B7E0DD00843B02 /* SeasonListView.swift in Sources */ = {isa = PBXBuildFile; fileRef = 4245E80F29B7E0DD00843B02 /* SeasonListView.swift */; };
		4245E81229B7E0EE00843B02 /* SeasonListViewModel.swift in Sources */ = {isa = PBXBuildFile; fileRef = 4245E81129B7E0EE00843B02 /* SeasonListViewModel.swift */; };
		4245E81329B7E9E800843B02 /* Assets.xcassets in Resources */ = {isa = PBXBuildFile; fileRef = 42096837295378A20075D75E /* Assets.xcassets */; };
		42521CA029B0EB9500000586 /* NetworkManagerRepresentable.swift in Sources */ = {isa = PBXBuildFile; fileRef = 42521C9F29B0EB9500000586 /* NetworkManagerRepresentable.swift */; };
		42521CA129B0EB9500000586 /* NetworkManagerRepresentable.swift in Sources */ = {isa = PBXBuildFile; fileRef = 42521C9F29B0EB9500000586 /* NetworkManagerRepresentable.swift */; };
		42521CA429B0ECBD00000586 /* LiveSessionService.swift in Sources */ = {isa = PBXBuildFile; fileRef = 42521CA329B0ECBD00000586 /* LiveSessionService.swift */; };
		42521CA529B0ECBD00000586 /* LiveSessionService.swift in Sources */ = {isa = PBXBuildFile; fileRef = 42521CA329B0ECBD00000586 /* LiveSessionService.swift */; };
		42521CA729B0F21700000586 /* DriverAndConstructorService.swift in Sources */ = {isa = PBXBuildFile; fileRef = 42521CA629B0F21700000586 /* DriverAndConstructorService.swift */; };
		42521CA829B0F21700000586 /* DriverAndConstructorService.swift in Sources */ = {isa = PBXBuildFile; fileRef = 42521CA629B0F21700000586 /* DriverAndConstructorService.swift */; };
		42521CAA29B0F9FF00000586 /* Global.swift in Sources */ = {isa = PBXBuildFile; fileRef = 42521CA929B0F9FF00000586 /* Global.swift */; };
		42521CAB29B0F9FF00000586 /* Global.swift in Sources */ = {isa = PBXBuildFile; fileRef = 42521CA929B0F9FF00000586 /* Global.swift */; };
		42521CB029B0FCD700000586 /* AppView.swift in Sources */ = {isa = PBXBuildFile; fileRef = 42521CAF29B0FCD700000586 /* AppView.swift */; };
		42521CB229B1006000000586 /* ServiceLocator.swift in Sources */ = {isa = PBXBuildFile; fileRef = 42521CB129B1006000000586 /* ServiceLocator.swift */; };
		42521CB329B1006000000586 /* ServiceLocator.swift in Sources */ = {isa = PBXBuildFile; fileRef = 42521CB129B1006000000586 /* ServiceLocator.swift */; };
		42521CB529B1033600000586 /* LoggerExtension.swift in Sources */ = {isa = PBXBuildFile; fileRef = 42521CB429B1033600000586 /* LoggerExtension.swift */; };
		42521CB629B1033600000586 /* LoggerExtension.swift in Sources */ = {isa = PBXBuildFile; fileRef = 42521CB429B1033600000586 /* LoggerExtension.swift */; };
		42521CB929B1F37D00000586 /* LiveSessionDriverDetailsSheet.swift in Sources */ = {isa = PBXBuildFile; fileRef = 42521CB729B1F37D00000586 /* LiveSessionDriverDetailsSheet.swift */; };
		42521CBE29B2378300000586 /* SessionDriverStyler.swift in Sources */ = {isa = PBXBuildFile; fileRef = 42521CBD29B2378300000586 /* SessionDriverStyler.swift */; };
		42521CBF29B2378300000586 /* SessionDriverStyler.swift in Sources */ = {isa = PBXBuildFile; fileRef = 42521CBD29B2378300000586 /* SessionDriverStyler.swift */; };
		42521CC129B250DE00000586 /* ButtonStyle.swift in Sources */ = {isa = PBXBuildFile; fileRef = 42521CC029B250DE00000586 /* ButtonStyle.swift */; };
		42521CC229B250DE00000586 /* ButtonStyle.swift in Sources */ = {isa = PBXBuildFile; fileRef = 42521CC029B250DE00000586 /* ButtonStyle.swift */; };
		42521D0929B799C700000586 /* SessionDriverRowViewModel.swift in Sources */ = {isa = PBXBuildFile; fileRef = 42521D0529B799C700000586 /* SessionDriverRowViewModel.swift */; };
		42521D0B29B799C700000586 /* LiveSessionDriverDetailsSheetViewModel.swift in Sources */ = {isa = PBXBuildFile; fileRef = 42521D0729B799C700000586 /* LiveSessionDriverDetailsSheetViewModel.swift */; };
		42521D0D29B799EC00000586 /* SessionStandingsListView.swift in Sources */ = {isa = PBXBuildFile; fileRef = CF233DE929ABF08100A8D1CD /* SessionStandingsListView.swift */; };
		42521D0F29B79A3400000586 /* AppViewModel.swift in Sources */ = {isa = PBXBuildFile; fileRef = 42521D0E29B79A3400000586 /* AppViewModel.swift */; };
		42521D1D29B79D2100000586 /* SessionStandingsListViewModel.swift in Sources */ = {isa = PBXBuildFile; fileRef = 42521D0629B799C700000586 /* SessionStandingsListViewModel.swift */; };
		42521D1E29B79D6800000586 /* LivePosition.swift in Sources */ = {isa = PBXBuildFile; fileRef = CF233DEC29ADFA9900A8D1CD /* LivePosition.swift */; };
		42521D1F29B79DED00000586 /* ResultCardViewModel.swift in Sources */ = {isa = PBXBuildFile; fileRef = CFBD88D6296C1FB50068AB54 /* ResultCardViewModel.swift */; };
		42521D2029B79E1400000586 /* SessionResult.swift in Sources */ = {isa = PBXBuildFile; fileRef = 42B2196D295D9EFB00515097 /* SessionResult.swift */; };
		42B2196E295D9EFB00515097 /* SessionResult.swift in Sources */ = {isa = PBXBuildFile; fileRef = 42B2196D295D9EFB00515097 /* SessionResult.swift */; };
		42B21970295DA4D400515097 /* Session.swift in Sources */ = {isa = PBXBuildFile; fileRef = 42B2196F295DA4D400515097 /* Session.swift */; };
		42B21972295DDBAB00515097 /* Details.swift in Sources */ = {isa = PBXBuildFile; fileRef = 42B21971295DDBAB00515097 /* Details.swift */; };
		42B21973295DDBBB00515097 /* Details.swift in Sources */ = {isa = PBXBuildFile; fileRef = 42B21971295DDBAB00515097 /* Details.swift */; };
		42B21978295DE83600515097 /* Session.swift in Sources */ = {isa = PBXBuildFile; fileRef = 42B2196F295DA4D400515097 /* Session.swift */; };
		42B21981295EEA2300515097 /* SessionResultMock.swift in Sources */ = {isa = PBXBuildFile; fileRef = 42B21980295EEA2300515097 /* SessionResultMock.swift */; };
		42B21982295EEA2600515097 /* SessionResultMock.swift in Sources */ = {isa = PBXBuildFile; fileRef = 42B21980295EEA2300515097 /* SessionResultMock.swift */; };
		42B21984295EEA5600515097 /* SessionMock.swift in Sources */ = {isa = PBXBuildFile; fileRef = 42B21983295EEA5600515097 /* SessionMock.swift */; };
		42B21986295EEA7200515097 /* DriverMock.swift in Sources */ = {isa = PBXBuildFile; fileRef = 42B21985295EEA7200515097 /* DriverMock.swift */; };
		42B21988295EEA9400515097 /* ConstructorMock.swift in Sources */ = {isa = PBXBuildFile; fileRef = 42B21987295EEA9400515097 /* ConstructorMock.swift */; };
		42B21989295EEA9400515097 /* ConstructorMock.swift in Sources */ = {isa = PBXBuildFile; fileRef = 42B21987295EEA9400515097 /* ConstructorMock.swift */; };
		42B2198C295EEAA100515097 /* DriverMock.swift in Sources */ = {isa = PBXBuildFile; fileRef = 42B21985295EEA7200515097 /* DriverMock.swift */; };
		42B2198F295EEAA500515097 /* SessionMock.swift in Sources */ = {isa = PBXBuildFile; fileRef = 42B21983295EEA5600515097 /* SessionMock.swift */; };
		42B21990295EEAA600515097 /* SessionMock.swift in Sources */ = {isa = PBXBuildFile; fileRef = 42B21983295EEA5600515097 /* SessionMock.swift */; };
		42B21991295EEAA600515097 /* SessionMock.swift in Sources */ = {isa = PBXBuildFile; fileRef = 42B21983295EEA5600515097 /* SessionMock.swift */; };
		42B21995295EEAC600515097 /* StandingsMock.swift in Sources */ = {isa = PBXBuildFile; fileRef = 42B21994295EEAC600515097 /* StandingsMock.swift */; };
		42B21997295EEAC600515097 /* StandingsMock.swift in Sources */ = {isa = PBXBuildFile; fileRef = 42B21994295EEAC600515097 /* StandingsMock.swift */; };
		42B2199A295F3A2300515097 /* DoubleExtension.swift in Sources */ = {isa = PBXBuildFile; fileRef = 42B21999295F3A2300515097 /* DoubleExtension.swift */; };
		42B2199B295F3A2300515097 /* DoubleExtension.swift in Sources */ = {isa = PBXBuildFile; fileRef = 42B21999295F3A2300515097 /* DoubleExtension.swift */; };
		42B2199C295F3A2300515097 /* DoubleExtension.swift in Sources */ = {isa = PBXBuildFile; fileRef = 42B21999295F3A2300515097 /* DoubleExtension.swift */; };
		42B2199D295F3A2300515097 /* DoubleExtension.swift in Sources */ = {isa = PBXBuildFile; fileRef = 42B21999295F3A2300515097 /* DoubleExtension.swift */; };
		42B219A0295F426200515097 /* Images.swift in Sources */ = {isa = PBXBuildFile; fileRef = 42B2199F295F426200515097 /* Images.swift */; };
		42B219A1295F426200515097 /* Images.swift in Sources */ = {isa = PBXBuildFile; fileRef = 42B2199F295F426200515097 /* Images.swift */; };
		42B219A5295F450200515097 /* InfiniteScroller.swift in Sources */ = {isa = PBXBuildFile; fileRef = 42B219A3295F450200515097 /* InfiniteScroller.swift */; };
		42BCAD5529BB4B360089B46A /* EventMock.swift in Sources */ = {isa = PBXBuildFile; fileRef = 42BCAD5429BB4B360089B46A /* EventMock.swift */; };
		42BCAD5629BB4B360089B46A /* EventMock.swift in Sources */ = {isa = PBXBuildFile; fileRef = 42BCAD5429BB4B360089B46A /* EventMock.swift */; };
		42BCAD5929BB742B0089B46A /* UserDefaultsWrapper.swift in Sources */ = {isa = PBXBuildFile; fileRef = 42BCAD5829BB742B0089B46A /* UserDefaultsWrapper.swift */; };
		42BCAD5A29BB742B0089B46A /* UserDefaultsWrapper.swift in Sources */ = {isa = PBXBuildFile; fileRef = 42BCAD5829BB742B0089B46A /* UserDefaultsWrapper.swift */; };
		42BCAD5C29BB7B000089B46A /* EventService.swift in Sources */ = {isa = PBXBuildFile; fileRef = 42BCAD5B29BB7B000089B46A /* EventService.swift */; };
		42BCAD5D29BB7B000089B46A /* EventService.swift in Sources */ = {isa = PBXBuildFile; fileRef = 42BCAD5B29BB7B000089B46A /* EventService.swift */; };
		42BCAD6229BBD7F10089B46A /* Identifier.swift in Sources */ = {isa = PBXBuildFile; fileRef = 42BCAD6129BBD7F10089B46A /* Identifier.swift */; };
		42BCAD6329BBD7F10089B46A /* Identifier.swift in Sources */ = {isa = PBXBuildFile; fileRef = 42BCAD6129BBD7F10089B46A /* Identifier.swift */; };
		CF054422294CECCD00A39FE3 /* Driver.swift in Sources */ = {isa = PBXBuildFile; fileRef = CF054421294CECCD00A39FE3 /* Driver.swift */; };
		CF054428294F7D4E00A39FE3 /* Constructor.swift in Sources */ = {isa = PBXBuildFile; fileRef = CF054427294F7D4E00A39FE3 /* Constructor.swift */; };
		CF05443A29507C1000A39FE3 /* Circuit.swift in Sources */ = {isa = PBXBuildFile; fileRef = CF05443929507C1000A39FE3 /* Circuit.swift */; };
		CF05443C29507D3A00A39FE3 /* News.swift in Sources */ = {isa = PBXBuildFile; fileRef = CF05443B29507D3A00A39FE3 /* News.swift */; };
		CF0544462951CB8D00A39FE3 /* DateExtension.swift in Sources */ = {isa = PBXBuildFile; fileRef = CF0544452951CB8D00A39FE3 /* DateExtension.swift */; };
		CF20D361297577D80038A860 /* ConstructorStyler.swift in Sources */ = {isa = PBXBuildFile; fileRef = CF20D360297577D80038A860 /* ConstructorStyler.swift */; };
		CF20D362297577D80038A860 /* ConstructorStyler.swift in Sources */ = {isa = PBXBuildFile; fileRef = CF20D360297577D80038A860 /* ConstructorStyler.swift */; };
		CF20D36529760C300038A860 /* Colors.swift in Sources */ = {isa = PBXBuildFile; fileRef = CF20D36429760C300038A860 /* Colors.swift */; };
		CF20D36629760C300038A860 /* Colors.swift in Sources */ = {isa = PBXBuildFile; fileRef = CF20D36429760C300038A860 /* Colors.swift */; };
		CF20D36F297802040038A860 /* DriverResult.swift in Sources */ = {isa = PBXBuildFile; fileRef = CF20D36D297802040038A860 /* DriverResult.swift */; };
		CF20D371297818EE0038A860 /* EventStatusBackgroundStyler.swift in Sources */ = {isa = PBXBuildFile; fileRef = CF20D370297818EE0038A860 /* EventStatusBackgroundStyler.swift */; };
		CF20D372297818EE0038A860 /* EventStatusBackgroundStyler.swift in Sources */ = {isa = PBXBuildFile; fileRef = CF20D370297818EE0038A860 /* EventStatusBackgroundStyler.swift */; };
		CF233DDE29A8D98800A8D1CD /* GrandPrixSchedulePickerViewModel.swift in Sources */ = {isa = PBXBuildFile; fileRef = CF233DDD29A8D98800A8D1CD /* GrandPrixSchedulePickerViewModel.swift */; };
		CF233DE029A8DB7C00A8D1CD /* GrandPrixSchedulePickerView.swift in Sources */ = {isa = PBXBuildFile; fileRef = CF233DDF29A8DB7C00A8D1CD /* GrandPrixSchedulePickerView.swift */; };
		CF233DE529ABE17B00A8D1CD /* SessionDriverRowView.swift in Sources */ = {isa = PBXBuildFile; fileRef = CF233DE429ABE17B00A8D1CD /* SessionDriverRowView.swift */; };
		CF233DED29ADFA9900A8D1CD /* LivePosition.swift in Sources */ = {isa = PBXBuildFile; fileRef = CF233DEC29ADFA9900A8D1CD /* LivePosition.swift */; };
		CF277A1E297017C50048DE75 /* Fonts.swift in Sources */ = {isa = PBXBuildFile; fileRef = CF277A1D297017C50048DE75 /* Fonts.swift */; };
		CF277A1F297017C50048DE75 /* Fonts.swift in Sources */ = {isa = PBXBuildFile; fileRef = CF277A1D297017C50048DE75 /* Fonts.swift */; };
		CF277A21297303430048DE75 /* StandingsCarouselView.swift in Sources */ = {isa = PBXBuildFile; fileRef = CF277A20297303430048DE75 /* StandingsCarouselView.swift */; };
		CF277A23297313260048DE75 /* StandingsCarouselViewModel.swift in Sources */ = {isa = PBXBuildFile; fileRef = CF277A22297313260048DE75 /* StandingsCarouselViewModel.swift */; };
		CF5F07772996CC3D00E79996 /* ScheduleCarouselView.swift in Sources */ = {isa = PBXBuildFile; fileRef = CF5F07762996CC3D00E79996 /* ScheduleCarouselView.swift */; };
		CF78D01E2996C58600D45EDE /* ScheduleCarouselViewModel.swift in Sources */ = {isa = PBXBuildFile; fileRef = CF78D01D2996C58600D45EDE /* ScheduleCarouselViewModel.swift */; };
		CF8EB9D429A77AA700F38158 /* Event.swift in Sources */ = {isa = PBXBuildFile; fileRef = CF8EB9D229A77AA700F38158 /* Event.swift */; };
		CFB508C92953034300C46D81 /* EventCard.swift in Sources */ = {isa = PBXBuildFile; fileRef = CFB508C82953034300C46D81 /* EventCard.swift */; };
		CFE23F4D2982EB9400412DB6 /* Localization.swift in Sources */ = {isa = PBXBuildFile; fileRef = CFE23F4C2982EB9400412DB6 /* Localization.swift */; };
		CFE23F4E2982EB9400412DB6 /* Localization.swift in Sources */ = {isa = PBXBuildFile; fileRef = CFE23F4C2982EB9400412DB6 /* Localization.swift */; };
		CFE23F4F2982EBF200412DB6 /* Localizable.strings in Resources */ = {isa = PBXBuildFile; fileRef = CFE23F522982EBF200412DB6 /* Localizable.strings */; };
		CFE23F502982EBF200412DB6 /* Localizable.strings in Resources */ = {isa = PBXBuildFile; fileRef = CFE23F522982EBF200412DB6 /* Localizable.strings */; };
		CFE23F552982EDBA00412DB6 /* swiftgen.yml in Resources */ = {isa = PBXBuildFile; fileRef = CFE23F542982EDBA00412DB6 /* swiftgen.yml */; };
		CFE23F562982EDBA00412DB6 /* swiftgen.yml in Resources */ = {isa = PBXBuildFile; fileRef = CFE23F542982EDBA00412DB6 /* swiftgen.yml */; };
		CFEE3F2B2969B6970050EE8B /* ResultCardView.swift in Sources */ = {isa = PBXBuildFile; fileRef = CFEE3F2A2969B6970050EE8B /* ResultCardView.swift */; };
/* End PBXBuildFile section */

/* Begin PBXContainerItemProxy section */
		42096801294C9A8F0075D75E /* PBXContainerItemProxy */ = {
			isa = PBXContainerItemProxy;
			containerPortal = CFCEF40028380C160063CD47 /* Project object */;
			proxyType = 1;
			remoteGlobalIDString = 420967ED294C9A8D0075D75E;
			remoteInfo = "SlipstreamWatch Watch App";
		};
		42096841295378A30075D75E /* PBXContainerItemProxy */ = {
			isa = PBXContainerItemProxy;
			containerPortal = CFCEF40028380C160063CD47 /* Project object */;
			proxyType = 1;
			remoteGlobalIDString = 42096830295378A10075D75E;
			remoteInfo = Slipstream_iOS;
		};
/* End PBXContainerItemProxy section */

/* Begin PBXFileReference section */
		4207B43D29C1E47E00AA4758 /* UpcomingAndStandingsEventCellViewModel.swift */ = {isa = PBXFileReference; lastKnownFileType = sourcecode.swift; path = UpcomingAndStandingsEventCellViewModel.swift; sourceTree = "<group>"; };
		4207B44329C1E59300AA4758 /* UpcomingAndStandingsEventCellView.swift */ = {isa = PBXFileReference; lastKnownFileType = sourcecode.swift; path = UpcomingAndStandingsEventCellView.swift; sourceTree = "<group>"; };
		4207B44629C2151A00AA4758 /* DriverDetailsTextView.swift */ = {isa = PBXFileReference; lastKnownFileType = sourcecode.swift; path = DriverDetailsTextView.swift; sourceTree = "<group>"; };
		4207B44829C215F100AA4758 /* CarWithNumberView.swift */ = {isa = PBXFileReference; lastKnownFileType = sourcecode.swift; path = CarWithNumberView.swift; sourceTree = "<group>"; };
		4207B44B29C216DC00AA4758 /* StandingsCellView.swift */ = {isa = PBXFileReference; lastKnownFileType = sourcecode.swift; path = StandingsCellView.swift; sourceTree = "<group>"; };
		4207B44D29C216E900AA4758 /* StandingsCellViewModel.swift */ = {isa = PBXFileReference; lastKnownFileType = sourcecode.swift; path = StandingsCellViewModel.swift; sourceTree = "<group>"; };
		4207B44F29C3425300AA4758 /* IntegerExtension.swift */ = {isa = PBXFileReference; lastKnownFileType = sourcecode.swift; path = IntegerExtension.swift; sourceTree = "<group>"; };
		420967EE294C9A8D0075D75E /* Slipstream.app */ = {isa = PBXFileReference; explicitFileType = wrapper.application; includeInIndex = 0; path = Slipstream.app; sourceTree = BUILT_PRODUCTS_DIR; };
		420967F3294C9A8D0075D75E /* SlipstreamWatchApp.swift */ = {isa = PBXFileReference; lastKnownFileType = sourcecode.swift; path = SlipstreamWatchApp.swift; sourceTree = "<group>"; };
		420967F5294C9A8D0075D75E /* ContentView.swift */ = {isa = PBXFileReference; lastKnownFileType = sourcecode.swift; path = ContentView.swift; sourceTree = "<group>"; };
		420967F7294C9A8F0075D75E /* Assets.xcassets */ = {isa = PBXFileReference; lastKnownFileType = folder.assetcatalog; path = Assets.xcassets; sourceTree = "<group>"; };
		420967FA294C9A8F0075D75E /* Preview Assets.xcassets */ = {isa = PBXFileReference; lastKnownFileType = folder.assetcatalog; path = "Preview Assets.xcassets"; sourceTree = "<group>"; };
		42096800294C9A8F0075D75E /* Slipstream_watchAppTests.xctest */ = {isa = PBXFileReference; explicitFileType = wrapper.cfbundle; includeInIndex = 0; path = Slipstream_watchAppTests.xctest; sourceTree = BUILT_PRODUCTS_DIR; };
		42096804294C9A900075D75E /* SlipstreamWatch_Watch_AppTests.swift */ = {isa = PBXFileReference; lastKnownFileType = sourcecode.swift; path = SlipstreamWatch_Watch_AppTests.swift; sourceTree = "<group>"; };
		42096822294C9B990075D75E /* NetworkManager.swift */ = {isa = PBXFileReference; lastKnownFileType = sourcecode.swift; path = NetworkManager.swift; sourceTree = "<group>"; };
		42096831295378A10075D75E /* Slipstream_iOS.app */ = {isa = PBXFileReference; explicitFileType = wrapper.application; includeInIndex = 0; path = Slipstream_iOS.app; sourceTree = BUILT_PRODUCTS_DIR; };
		42096833295378A10075D75E /* Slipstream_iOSApp.swift */ = {isa = PBXFileReference; lastKnownFileType = sourcecode.swift; path = Slipstream_iOSApp.swift; sourceTree = "<group>"; };
		42096835295378A10075D75E /* LiveCardViewCell.swift */ = {isa = PBXFileReference; lastKnownFileType = sourcecode.swift; path = LiveCardViewCell.swift; sourceTree = "<group>"; };
		42096837295378A20075D75E /* Assets.xcassets */ = {isa = PBXFileReference; lastKnownFileType = folder.assetcatalog; path = Assets.xcassets; sourceTree = "<group>"; };
		4209683A295378A20075D75E /* Preview Assets.xcassets */ = {isa = PBXFileReference; lastKnownFileType = folder.assetcatalog; path = "Preview Assets.xcassets"; sourceTree = "<group>"; };
		42096840295378A30075D75E /* Slipstream_iOSTests.xctest */ = {isa = PBXFileReference; explicitFileType = wrapper.cfbundle; includeInIndex = 0; path = Slipstream_iOSTests.xctest; sourceTree = BUILT_PRODUCTS_DIR; };
		42096844295378A30075D75E /* Slipstream_iOSTests.swift */ = {isa = PBXFileReference; lastKnownFileType = sourcecode.swift; path = Slipstream_iOSTests.swift; sourceTree = "<group>"; };
		4245E80F29B7E0DD00843B02 /* SeasonListView.swift */ = {isa = PBXFileReference; lastKnownFileType = sourcecode.swift; path = SeasonListView.swift; sourceTree = "<group>"; };
		4245E81129B7E0EE00843B02 /* SeasonListViewModel.swift */ = {isa = PBXFileReference; lastKnownFileType = sourcecode.swift; path = SeasonListViewModel.swift; sourceTree = "<group>"; };
		42521C9F29B0EB9500000586 /* NetworkManagerRepresentable.swift */ = {isa = PBXFileReference; lastKnownFileType = sourcecode.swift; path = NetworkManagerRepresentable.swift; sourceTree = "<group>"; };
		42521CA329B0ECBD00000586 /* LiveSessionService.swift */ = {isa = PBXFileReference; lastKnownFileType = sourcecode.swift; path = LiveSessionService.swift; sourceTree = "<group>"; };
		42521CA629B0F21700000586 /* DriverAndConstructorService.swift */ = {isa = PBXFileReference; lastKnownFileType = sourcecode.swift; path = DriverAndConstructorService.swift; sourceTree = "<group>"; };
		42521CA929B0F9FF00000586 /* Global.swift */ = {isa = PBXFileReference; lastKnownFileType = sourcecode.swift; path = Global.swift; sourceTree = "<group>"; };
		42521CAC29B0FC3900000586 /* AppViewModel.swift */ = {isa = PBXFileReference; lastKnownFileType = sourcecode.swift; path = AppViewModel.swift; sourceTree = "<group>"; };
		42521CAF29B0FCD700000586 /* AppView.swift */ = {isa = PBXFileReference; lastKnownFileType = sourcecode.swift; path = AppView.swift; sourceTree = "<group>"; };
		42521CB129B1006000000586 /* ServiceLocator.swift */ = {isa = PBXFileReference; lastKnownFileType = sourcecode.swift; path = ServiceLocator.swift; sourceTree = "<group>"; };
		42521CB429B1033600000586 /* LoggerExtension.swift */ = {isa = PBXFileReference; lastKnownFileType = sourcecode.swift; path = LoggerExtension.swift; sourceTree = "<group>"; };
		42521CB729B1F37D00000586 /* LiveSessionDriverDetailsSheet.swift */ = {isa = PBXFileReference; lastKnownFileType = sourcecode.swift; path = LiveSessionDriverDetailsSheet.swift; sourceTree = "<group>"; };
		42521CBA29B1F38F00000586 /* LiveSessionDriverDetailsSheetViewModel.swift */ = {isa = PBXFileReference; lastKnownFileType = sourcecode.swift; path = LiveSessionDriverDetailsSheetViewModel.swift; sourceTree = "<group>"; };
		42521CBD29B2378300000586 /* SessionDriverStyler.swift */ = {isa = PBXFileReference; lastKnownFileType = sourcecode.swift; path = SessionDriverStyler.swift; sourceTree = "<group>"; };
		42521CC029B250DE00000586 /* ButtonStyle.swift */ = {isa = PBXFileReference; lastKnownFileType = sourcecode.swift; path = ButtonStyle.swift; sourceTree = "<group>"; };
		42521D0529B799C700000586 /* SessionDriverRowViewModel.swift */ = {isa = PBXFileReference; fileEncoding = 4; lastKnownFileType = sourcecode.swift; path = SessionDriverRowViewModel.swift; sourceTree = "<group>"; };
		42521D0629B799C700000586 /* SessionStandingsListViewModel.swift */ = {isa = PBXFileReference; fileEncoding = 4; lastKnownFileType = sourcecode.swift; path = SessionStandingsListViewModel.swift; sourceTree = "<group>"; };
		42521D0729B799C700000586 /* LiveSessionDriverDetailsSheetViewModel.swift */ = {isa = PBXFileReference; fileEncoding = 4; lastKnownFileType = sourcecode.swift; path = LiveSessionDriverDetailsSheetViewModel.swift; sourceTree = "<group>"; };
		42521D0E29B79A3400000586 /* AppViewModel.swift */ = {isa = PBXFileReference; lastKnownFileType = sourcecode.swift; path = AppViewModel.swift; sourceTree = "<group>"; };
		42B2196D295D9EFB00515097 /* SessionResult.swift */ = {isa = PBXFileReference; lastKnownFileType = sourcecode.swift; path = SessionResult.swift; sourceTree = "<group>"; };
		42B2196F295DA4D400515097 /* Session.swift */ = {isa = PBXFileReference; lastKnownFileType = sourcecode.swift; path = Session.swift; sourceTree = "<group>"; };
		42B21971295DDBAB00515097 /* Details.swift */ = {isa = PBXFileReference; lastKnownFileType = sourcecode.swift; path = Details.swift; sourceTree = "<group>"; };
		42B2197B295EE46500515097 /* LiveCardCellViewModel.swift */ = {isa = PBXFileReference; lastKnownFileType = sourcecode.swift; path = LiveCardCellViewModel.swift; sourceTree = "<group>"; };
		42B21980295EEA2300515097 /* SessionResultMock.swift */ = {isa = PBXFileReference; lastKnownFileType = sourcecode.swift; path = SessionResultMock.swift; sourceTree = "<group>"; };
		42B21983295EEA5600515097 /* SessionMock.swift */ = {isa = PBXFileReference; lastKnownFileType = sourcecode.swift; path = SessionMock.swift; sourceTree = "<group>"; };
		42B21985295EEA7200515097 /* DriverMock.swift */ = {isa = PBXFileReference; lastKnownFileType = sourcecode.swift; path = DriverMock.swift; sourceTree = "<group>"; };
		42B21987295EEA9400515097 /* ConstructorMock.swift */ = {isa = PBXFileReference; lastKnownFileType = sourcecode.swift; path = ConstructorMock.swift; sourceTree = "<group>"; };
		42B21994295EEAC600515097 /* StandingsMock.swift */ = {isa = PBXFileReference; lastKnownFileType = sourcecode.swift; path = StandingsMock.swift; sourceTree = "<group>"; };
		42B21999295F3A2300515097 /* DoubleExtension.swift */ = {isa = PBXFileReference; lastKnownFileType = sourcecode.swift; path = DoubleExtension.swift; sourceTree = "<group>"; };
		42B2199F295F426200515097 /* Images.swift */ = {isa = PBXFileReference; lastKnownFileType = sourcecode.swift; path = Images.swift; sourceTree = "<group>"; };
		42B219A3295F450200515097 /* InfiniteScroller.swift */ = {isa = PBXFileReference; lastKnownFileType = sourcecode.swift; path = InfiniteScroller.swift; sourceTree = "<group>"; };
		42BCAD5429BB4B360089B46A /* EventMock.swift */ = {isa = PBXFileReference; lastKnownFileType = sourcecode.swift; path = EventMock.swift; sourceTree = "<group>"; };
		42BCAD5829BB742B0089B46A /* UserDefaultsWrapper.swift */ = {isa = PBXFileReference; lastKnownFileType = sourcecode.swift; path = UserDefaultsWrapper.swift; sourceTree = "<group>"; };
		42BCAD5B29BB7B000089B46A /* EventService.swift */ = {isa = PBXFileReference; lastKnownFileType = sourcecode.swift; path = EventService.swift; sourceTree = "<group>"; };
		42BCAD6129BBD7F10089B46A /* Identifier.swift */ = {isa = PBXFileReference; lastKnownFileType = sourcecode.swift; path = Identifier.swift; sourceTree = "<group>"; };
		CF054421294CECCD00A39FE3 /* Driver.swift */ = {isa = PBXFileReference; lastKnownFileType = sourcecode.swift; path = Driver.swift; sourceTree = "<group>"; };
		CF054427294F7D4E00A39FE3 /* Constructor.swift */ = {isa = PBXFileReference; lastKnownFileType = sourcecode.swift; path = Constructor.swift; sourceTree = "<group>"; };
		CF05443929507C1000A39FE3 /* Circuit.swift */ = {isa = PBXFileReference; lastKnownFileType = sourcecode.swift; path = Circuit.swift; sourceTree = "<group>"; };
		CF05443B29507D3A00A39FE3 /* News.swift */ = {isa = PBXFileReference; lastKnownFileType = sourcecode.swift; path = News.swift; sourceTree = "<group>"; };
		CF0544452951CB8D00A39FE3 /* DateExtension.swift */ = {isa = PBXFileReference; lastKnownFileType = sourcecode.swift; path = DateExtension.swift; sourceTree = "<group>"; };
		CF20D360297577D80038A860 /* ConstructorStyler.swift */ = {isa = PBXFileReference; lastKnownFileType = sourcecode.swift; path = ConstructorStyler.swift; sourceTree = "<group>"; };
		CF20D36429760C300038A860 /* Colors.swift */ = {isa = PBXFileReference; lastKnownFileType = sourcecode.swift; path = Colors.swift; sourceTree = "<group>"; };
		CF20D3672976FBD50038A860 /* GrandPrixCardViewModel.swift */ = {isa = PBXFileReference; lastKnownFileType = sourcecode.swift; path = GrandPrixCardViewModel.swift; sourceTree = "<group>"; };
		CF20D36A297700160038A860 /* GrandPrixCardView.swift */ = {isa = PBXFileReference; lastKnownFileType = sourcecode.swift; path = GrandPrixCardView.swift; sourceTree = "<group>"; };
		CF20D36D297802040038A860 /* DriverResult.swift */ = {isa = PBXFileReference; lastKnownFileType = sourcecode.swift; path = DriverResult.swift; sourceTree = "<group>"; };
		CF20D370297818EE0038A860 /* EventStatusBackgroundStyler.swift */ = {isa = PBXFileReference; lastKnownFileType = sourcecode.swift; path = EventStatusBackgroundStyler.swift; sourceTree = "<group>"; };
		CF233DDD29A8D98800A8D1CD /* GrandPrixSchedulePickerViewModel.swift */ = {isa = PBXFileReference; lastKnownFileType = sourcecode.swift; path = GrandPrixSchedulePickerViewModel.swift; sourceTree = "<group>"; };
		CF233DDF29A8DB7C00A8D1CD /* GrandPrixSchedulePickerView.swift */ = {isa = PBXFileReference; lastKnownFileType = sourcecode.swift; path = GrandPrixSchedulePickerView.swift; sourceTree = "<group>"; };
		CF233DE229ABE02F00A8D1CD /* SessionDriverRowViewModel.swift */ = {isa = PBXFileReference; lastKnownFileType = sourcecode.swift; path = SessionDriverRowViewModel.swift; sourceTree = "<group>"; };
		CF233DE429ABE17B00A8D1CD /* SessionDriverRowView.swift */ = {isa = PBXFileReference; lastKnownFileType = sourcecode.swift; path = SessionDriverRowView.swift; sourceTree = "<group>"; };
		CF233DE729ABEF7600A8D1CD /* SessionStandingsListViewModel.swift */ = {isa = PBXFileReference; lastKnownFileType = sourcecode.swift; path = SessionStandingsListViewModel.swift; sourceTree = "<group>"; };
		CF233DE929ABF08100A8D1CD /* SessionStandingsListView.swift */ = {isa = PBXFileReference; lastKnownFileType = sourcecode.swift; path = SessionStandingsListView.swift; sourceTree = "<group>"; };
		CF233DEC29ADFA9900A8D1CD /* LivePosition.swift */ = {isa = PBXFileReference; lastKnownFileType = sourcecode.swift; path = LivePosition.swift; sourceTree = "<group>"; };
		CF277A1D297017C50048DE75 /* Fonts.swift */ = {isa = PBXFileReference; lastKnownFileType = sourcecode.swift; path = Fonts.swift; sourceTree = "<group>"; };
		CF277A20297303430048DE75 /* StandingsCarouselView.swift */ = {isa = PBXFileReference; lastKnownFileType = sourcecode.swift; path = StandingsCarouselView.swift; sourceTree = "<group>"; };
		CF277A22297313260048DE75 /* StandingsCarouselViewModel.swift */ = {isa = PBXFileReference; lastKnownFileType = sourcecode.swift; path = StandingsCarouselViewModel.swift; sourceTree = "<group>"; };
		CF5F07762996CC3D00E79996 /* ScheduleCarouselView.swift */ = {isa = PBXFileReference; lastKnownFileType = sourcecode.swift; path = ScheduleCarouselView.swift; sourceTree = "<group>"; };
		CF78D01D2996C58600D45EDE /* ScheduleCarouselViewModel.swift */ = {isa = PBXFileReference; lastKnownFileType = sourcecode.swift; path = ScheduleCarouselViewModel.swift; sourceTree = "<group>"; };
		CF8EB9D229A77AA700F38158 /* Event.swift */ = {isa = PBXFileReference; lastKnownFileType = sourcecode.swift; path = Event.swift; sourceTree = "<group>"; };
		CFB508C82953034300C46D81 /* EventCard.swift */ = {isa = PBXFileReference; lastKnownFileType = sourcecode.swift; path = EventCard.swift; sourceTree = "<group>"; };
		CFBD88D6296C1FB50068AB54 /* ResultCardViewModel.swift */ = {isa = PBXFileReference; lastKnownFileType = sourcecode.swift; path = ResultCardViewModel.swift; sourceTree = "<group>"; };
		CFE23F4C2982EB9400412DB6 /* Localization.swift */ = {isa = PBXFileReference; lastKnownFileType = sourcecode.swift; path = Localization.swift; sourceTree = "<group>"; };
		CFE23F512982EBF200412DB6 /* en */ = {isa = PBXFileReference; lastKnownFileType = text.plist.strings; name = en; path = en.lproj/Localizable.strings; sourceTree = "<group>"; };
		CFE23F542982EDBA00412DB6 /* swiftgen.yml */ = {isa = PBXFileReference; lastKnownFileType = text.yaml; path = swiftgen.yml; sourceTree = "<group>"; };
		CFEE3F2A2969B6970050EE8B /* ResultCardView.swift */ = {isa = PBXFileReference; lastKnownFileType = sourcecode.swift; path = ResultCardView.swift; sourceTree = "<group>"; };
/* End PBXFileReference section */

/* Begin PBXFrameworksBuildPhase section */
		420967EB294C9A8D0075D75E /* Frameworks */ = {
			isa = PBXFrameworksBuildPhase;
			buildActionMask = 2147483647;
			files = (
			);
			runOnlyForDeploymentPostprocessing = 0;
		};
		420967FD294C9A8F0075D75E /* Frameworks */ = {
			isa = PBXFrameworksBuildPhase;
			buildActionMask = 2147483647;
			files = (
			);
			runOnlyForDeploymentPostprocessing = 0;
		};
		4209682E295378A10075D75E /* Frameworks */ = {
			isa = PBXFrameworksBuildPhase;
			buildActionMask = 2147483647;
			files = (
			);
			runOnlyForDeploymentPostprocessing = 0;
		};
		4209683D295378A30075D75E /* Frameworks */ = {
			isa = PBXFrameworksBuildPhase;
			buildActionMask = 2147483647;
			files = (
			);
			runOnlyForDeploymentPostprocessing = 0;
		};
/* End PBXFrameworksBuildPhase section */

/* Begin PBXGroup section */
		4207B43F29C1E51700AA4758 /* SeasonList */ = {
			isa = PBXGroup;
			children = (
				4245E81129B7E0EE00843B02 /* SeasonListViewModel.swift */,
				4245E80F29B7E0DD00843B02 /* SeasonListView.swift */,
				4207B44029C1E51E00AA4758 /* Cell */,
			);
			path = SeasonList;
			sourceTree = "<group>";
		};
		4207B44029C1E51E00AA4758 /* Cell */ = {
			isa = PBXGroup;
			children = (
				4207B44A29C216CC00AA4758 /* Standings */,
				4207B44229C1E54B00AA4758 /* UpcomingPast */,
				4207B44129C1E54400AA4758 /* LiveCard */,
			);
			path = Cell;
			sourceTree = "<group>";
		};
		4207B44129C1E54400AA4758 /* LiveCard */ = {
			isa = PBXGroup;
			children = (
				42096835295378A10075D75E /* LiveCardViewCell.swift */,
				42B2197B295EE46500515097 /* LiveCardCellViewModel.swift */,
			);
			path = LiveCard;
			sourceTree = "<group>";
		};
		4207B44229C1E54B00AA4758 /* UpcomingPast */ = {
			isa = PBXGroup;
			children = (
				4207B43D29C1E47E00AA4758 /* UpcomingAndStandingsEventCellViewModel.swift */,
				CF20D36A297700160038A860 /* GrandPrixCardView.swift */,
				CF233DDD29A8D98800A8D1CD /* GrandPrixSchedulePickerViewModel.swift */,
				4207B44329C1E59300AA4758 /* UpcomingAndStandingsEventCellView.swift */,
			);
			path = UpcomingPast;
			sourceTree = "<group>";
		};
		4207B44529C214F800AA4758 /* Components */ = {
			isa = PBXGroup;
			children = (
				4207B44629C2151A00AA4758 /* DriverDetailsTextView.swift */,
				4207B44829C215F100AA4758 /* CarWithNumberView.swift */,
			);
			path = Components;
			sourceTree = "<group>";
		};
		4207B44A29C216CC00AA4758 /* Standings */ = {
			isa = PBXGroup;
			children = (
				4207B44B29C216DC00AA4758 /* StandingsCellView.swift */,
				4207B44D29C216E900AA4758 /* StandingsCellViewModel.swift */,
			);
			path = Standings;
			sourceTree = "<group>";
		};
		420967F2294C9A8D0075D75E /* Slipstream_watch */ = {
			isa = PBXGroup;
			children = (
				CF05441F294CEC9600A39FE3 /* Controllers */,
				42096820294C9AAD0075D75E /* Views */,
				4209681F294C9AA40075D75E /* Support */,
				420967F9294C9A8F0075D75E /* Preview Content */,
			);
			path = Slipstream_watch;
			sourceTree = "<group>";
		};
		420967F9294C9A8F0075D75E /* Preview Content */ = {
			isa = PBXGroup;
			children = (
				420967FA294C9A8F0075D75E /* Preview Assets.xcassets */,
			);
			path = "Preview Content";
			sourceTree = "<group>";
		};
		42096803294C9A900075D75E /* Slipstream_watchAppTests */ = {
			isa = PBXGroup;
			children = (
				42096804294C9A900075D75E /* SlipstreamWatch_Watch_AppTests.swift */,
			);
			path = Slipstream_watchAppTests;
			sourceTree = "<group>";
		};
		4209681F294C9AA40075D75E /* Support */ = {
			isa = PBXGroup;
			children = (
				420967F7294C9A8F0075D75E /* Assets.xcassets */,
			);
			path = Support;
			sourceTree = "<group>";
		};
		42096820294C9AAD0075D75E /* Views */ = {
			isa = PBXGroup;
			children = (
				CFB508C62953030600C46D81 /* Season */,
				420967F3294C9A8D0075D75E /* SlipstreamWatchApp.swift */,
				420967F5294C9A8D0075D75E /* ContentView.swift */,
			);
			path = Views;
			sourceTree = "<group>";
		};
		42096821294C9AB90075D75E /* Managers */ = {
			isa = PBXGroup;
			children = (
				42096822294C9B990075D75E /* NetworkManager.swift */,
				42521C9F29B0EB9500000586 /* NetworkManagerRepresentable.swift */,
			);
			path = Managers;
			sourceTree = "<group>";
		};
		42096832295378A10075D75E /* Slipstream_iOS */ = {
			isa = PBXGroup;
			children = (
				4207B44529C214F800AA4758 /* Components */,
				4207B43F29C1E51700AA4758 /* SeasonList */,
				42521D0329B7910500000586 /* ViewModel */,
				42521D0029B790BE00000586 /* Views */,
				42B219A2295F44F400515097 /* ViewBuilders */,
				42B2196B295D94C800515097 /* Support */,
				42096839295378A20075D75E /* Preview Content */,
			);
			path = Slipstream_iOS;
			sourceTree = "<group>";
		};
		42096839295378A20075D75E /* Preview Content */ = {
			isa = PBXGroup;
			children = (
				4209683A295378A20075D75E /* Preview Assets.xcassets */,
			);
			path = "Preview Content";
			sourceTree = "<group>";
		};
		42096843295378A30075D75E /* Slipstream_iOSTests */ = {
			isa = PBXGroup;
			children = (
				42096844295378A30075D75E /* Slipstream_iOSTests.swift */,
			);
			path = Slipstream_iOSTests;
			sourceTree = "<group>";
		};
		4209685B29537AB60075D75E /* Shared */ = {
			isa = PBXGroup;
			children = (
				42BCAD5729BB74130089B46A /* PropertyWrappers */,
				42521CA229B0ECAC00000586 /* Services */,
				CFE23F442982E89D00412DB6 /* Resources */,
				42B2199E295F425500515097 /* Styles */,
				42B2197F295EEA1200515097 /* Mocks */,
				CF0544442951CB7300A39FE3 /* Extensions */,
				CF054420294CECA100A39FE3 /* Models */,
				42096821294C9AB90075D75E /* Managers */,
			);
			path = Shared;
			sourceTree = "<group>";
		};
		4209686C2954CB4B0075D75E /* watch */ = {
			isa = PBXGroup;
			children = (
				420967F2294C9A8D0075D75E /* Slipstream_watch */,
				42096803294C9A900075D75E /* Slipstream_watchAppTests */,
			);
			path = watch;
			sourceTree = "<group>";
		};
		4209686D2954CB500075D75E /* iOS */ = {
			isa = PBXGroup;
			children = (
				42096832295378A10075D75E /* Slipstream_iOS */,
				42096843295378A30075D75E /* Slipstream_iOSTests */,
			);
			path = iOS;
			sourceTree = "<group>";
		};
		42521CA229B0ECAC00000586 /* Services */ = {
			isa = PBXGroup;
			children = (
				42521CA329B0ECBD00000586 /* LiveSessionService.swift */,
				42521CA629B0F21700000586 /* DriverAndConstructorService.swift */,
				42521CB129B1006000000586 /* ServiceLocator.swift */,
				42BCAD5B29BB7B000089B46A /* EventService.swift */,
			);
			path = Services;
			sourceTree = "<group>";
		};
		42521D0029B790BE00000586 /* Views */ = {
			isa = PBXGroup;
			children = (
				CFEE3F2A2969B6970050EE8B /* ResultCardView.swift */,
				CF277A20297303430048DE75 /* StandingsCarouselView.swift */,
				CF233DDF29A8DB7C00A8D1CD /* GrandPrixSchedulePickerView.swift */,
				CF5F07762996CC3D00E79996 /* ScheduleCarouselView.swift */,
				CF233DE429ABE17B00A8D1CD /* SessionDriverRowView.swift */,
				CF233DE929ABF08100A8D1CD /* SessionStandingsListView.swift */,
				42521CAF29B0FCD700000586 /* AppView.swift */,
				42521CB729B1F37D00000586 /* LiveSessionDriverDetailsSheet.swift */,
			);
			path = Views;
			sourceTree = "<group>";
		};
		42521D0329B7910500000586 /* ViewModel */ = {
			isa = PBXGroup;
			children = (
				42521D0729B799C700000586 /* LiveSessionDriverDetailsSheetViewModel.swift */,
				42521D0529B799C700000586 /* SessionDriverRowViewModel.swift */,
				42521D0629B799C700000586 /* SessionStandingsListViewModel.swift */,
				CF277A22297313260048DE75 /* StandingsCarouselViewModel.swift */,
				CF78D01D2996C58600D45EDE /* ScheduleCarouselViewModel.swift */,
				CF20D3672976FBD50038A860 /* GrandPrixCardViewModel.swift */,
				CFBD88D6296C1FB50068AB54 /* ResultCardViewModel.swift */,
				42521D0E29B79A3400000586 /* AppViewModel.swift */,
			);
			path = ViewModel;
			sourceTree = "<group>";
		};
		42521D0429B7998200000586 /* Recovered References */ = {
			isa = PBXGroup;
			children = (
				42521CAC29B0FC3900000586 /* AppViewModel.swift */,
				42521CBA29B1F38F00000586 /* LiveSessionDriverDetailsSheetViewModel.swift */,
				CF233DE229ABE02F00A8D1CD /* SessionDriverRowViewModel.swift */,
				CF233DE729ABEF7600A8D1CD /* SessionStandingsListViewModel.swift */,
			);
			name = "Recovered References";
			sourceTree = "<group>";
		};
		42B2196B295D94C800515097 /* Support */ = {
			isa = PBXGroup;
			children = (
				42096833295378A10075D75E /* Slipstream_iOSApp.swift */,
				42096837295378A20075D75E /* Assets.xcassets */,
			);
			path = Support;
			sourceTree = "<group>";
		};
		42B2196C295D9ECF00515097 /* Session */ = {
			isa = PBXGroup;
			children = (
				42B2196D295D9EFB00515097 /* SessionResult.swift */,
				42B2196F295DA4D400515097 /* Session.swift */,
			);
			path = Session;
			sourceTree = "<group>";
		};
		42B2197F295EEA1200515097 /* Mocks */ = {
			isa = PBXGroup;
			children = (
				42B21980295EEA2300515097 /* SessionResultMock.swift */,
				42B21983295EEA5600515097 /* SessionMock.swift */,
				42B21985295EEA7200515097 /* DriverMock.swift */,
				42B21987295EEA9400515097 /* ConstructorMock.swift */,
				42B21994295EEAC600515097 /* StandingsMock.swift */,
				42BCAD5429BB4B360089B46A /* EventMock.swift */,
			);
			path = Mocks;
			sourceTree = "<group>";
		};
		42B2199E295F425500515097 /* Styles */ = {
			isa = PBXGroup;
			children = (
				CF20D3632975DDC60038A860 /* Stylers */,
				42B2199F295F426200515097 /* Images.swift */,
				CF277A1D297017C50048DE75 /* Fonts.swift */,
				CF20D36429760C300038A860 /* Colors.swift */,
				42521CC029B250DE00000586 /* ButtonStyle.swift */,
			);
			path = Styles;
			sourceTree = "<group>";
		};
		42B219A2295F44F400515097 /* ViewBuilders */ = {
			isa = PBXGroup;
			children = (
				42B219A3295F450200515097 /* InfiniteScroller.swift */,
			);
			path = ViewBuilders;
			sourceTree = "<group>";
		};
		42BCAD5729BB74130089B46A /* PropertyWrappers */ = {
			isa = PBXGroup;
			children = (
				42BCAD5829BB742B0089B46A /* UserDefaultsWrapper.swift */,
			);
			path = PropertyWrappers;
			sourceTree = "<group>";
		};
		CF05441F294CEC9600A39FE3 /* Controllers */ = {
			isa = PBXGroup;
			children = (
			);
			path = Controllers;
			sourceTree = "<group>";
		};
		CF054420294CECA100A39FE3 /* Models */ = {
			isa = PBXGroup;
			children = (
				CF233DEB29ADFA6C00A8D1CD /* LiveSession */,
				CF8EB9D129A77A8D00F38158 /* Event */,
				42B2196C295D9ECF00515097 /* Session */,
				CF05444029507FA400A39FE3 /* News */,
				CF05443F29507E2A00A39FE3 /* Drivers and Constructors */,
				CF05443D29507DD200A39FE3 /* Circuit */,
			);
			path = Models;
			sourceTree = "<group>";
		};
		CF05443D29507DD200A39FE3 /* Circuit */ = {
			isa = PBXGroup;
			children = (
				CF05443929507C1000A39FE3 /* Circuit.swift */,
			);
			path = Circuit;
			sourceTree = "<group>";
		};
		CF05443F29507E2A00A39FE3 /* Drivers and Constructors */ = {
			isa = PBXGroup;
			children = (
				CF20D36D297802040038A860 /* DriverResult.swift */,
				CF054421294CECCD00A39FE3 /* Driver.swift */,
				CF054427294F7D4E00A39FE3 /* Constructor.swift */,
				42B21971295DDBAB00515097 /* Details.swift */,
			);
			path = "Drivers and Constructors";
			sourceTree = "<group>";
		};
		CF05444029507FA400A39FE3 /* News */ = {
			isa = PBXGroup;
			children = (
				CF05443B29507D3A00A39FE3 /* News.swift */,
			);
			path = News;
			sourceTree = "<group>";
		};
		CF0544442951CB7300A39FE3 /* Extensions */ = {
			isa = PBXGroup;
			children = (
				CF0544452951CB8D00A39FE3 /* DateExtension.swift */,
				42B21999295F3A2300515097 /* DoubleExtension.swift */,
				42521CB429B1033600000586 /* LoggerExtension.swift */,
				4207B44F29C3425300AA4758 /* IntegerExtension.swift */,
			);
			path = Extensions;
			sourceTree = "<group>";
		};
		CF20D3632975DDC60038A860 /* Stylers */ = {
			isa = PBXGroup;
			children = (
				CF20D360297577D80038A860 /* ConstructorStyler.swift */,
				CF20D370297818EE0038A860 /* EventStatusBackgroundStyler.swift */,
				42521CBD29B2378300000586 /* SessionDriverStyler.swift */,
			);
			path = Stylers;
			sourceTree = "<group>";
		};
		CF233DEB29ADFA6C00A8D1CD /* LiveSession */ = {
			isa = PBXGroup;
			children = (
				CF233DEC29ADFA9900A8D1CD /* LivePosition.swift */,
			);
			path = LiveSession;
			sourceTree = "<group>";
		};
		CF8EB9D129A77A8D00F38158 /* Event */ = {
			isa = PBXGroup;
			children = (
				CF8EB9D229A77AA700F38158 /* Event.swift */,
			);
			path = Event;
			sourceTree = "<group>";
		};
		CFB508C62953030600C46D81 /* Season */ = {
			isa = PBXGroup;
			children = (
				CFB508C72953031000C46D81 /* Views */,
			);
			path = Season;
			sourceTree = "<group>";
		};
		CFB508C72953031000C46D81 /* Views */ = {
			isa = PBXGroup;
			children = (
				CFB508C82953034300C46D81 /* EventCard.swift */,
			);
			path = Views;
			sourceTree = "<group>";
		};
		CFCEF3FF28380C160063CD47 = {
			isa = PBXGroup;
			children = (
				4209685B29537AB60075D75E /* Shared */,
				4209686D2954CB500075D75E /* iOS */,
				4209686C2954CB4B0075D75E /* watch */,
				CFCEF40728380C160063CD47 /* Products */,
				42521D0429B7998200000586 /* Recovered References */,
			);
			sourceTree = "<group>";
		};
		CFCEF40728380C160063CD47 /* Products */ = {
			isa = PBXGroup;
			children = (
				420967EE294C9A8D0075D75E /* Slipstream.app */,
				42096800294C9A8F0075D75E /* Slipstream_watchAppTests.xctest */,
				42096831295378A10075D75E /* Slipstream_iOS.app */,
				42096840295378A30075D75E /* Slipstream_iOSTests.xctest */,
			);
			name = Products;
			sourceTree = "<group>";
		};
		CFE23F442982E89D00412DB6 /* Resources */ = {
			isa = PBXGroup;
			children = (
				CFE23F522982EBF200412DB6 /* Localizable.strings */,
				CFE23F4C2982EB9400412DB6 /* Localization.swift */,
				CFE23F542982EDBA00412DB6 /* swiftgen.yml */,
				42521CA929B0F9FF00000586 /* Global.swift */,
				42BCAD6129BBD7F10089B46A /* Identifier.swift */,
			);
			path = Resources;
			sourceTree = "<group>";
		};
/* End PBXGroup section */

/* Begin PBXNativeTarget section */
		420967ED294C9A8D0075D75E /* Slipstream_watch */ = {
			isa = PBXNativeTarget;
			buildConfigurationList = 4209681B294C9A900075D75E /* Build configuration list for PBXNativeTarget "Slipstream_watch" */;
			buildPhases = (
				CFE23F482982E92F00412DB6 /* swiftgen */,
				420967EA294C9A8D0075D75E /* Sources */,
				420967EB294C9A8D0075D75E /* Frameworks */,
				420967EC294C9A8D0075D75E /* Resources */,
			);
			buildRules = (
			);
			dependencies = (
			);
			name = Slipstream_watch;
			productName = "SlipstreamWatch Watch App";
			productReference = 420967EE294C9A8D0075D75E /* Slipstream.app */;
			productType = "com.apple.product-type.application";
		};
		420967FF294C9A8F0075D75E /* Slipstream_watchAppTests */ = {
			isa = PBXNativeTarget;
			buildConfigurationList = 4209681D294C9A900075D75E /* Build configuration list for PBXNativeTarget "Slipstream_watchAppTests" */;
			buildPhases = (
				420967FC294C9A8F0075D75E /* Sources */,
				420967FD294C9A8F0075D75E /* Frameworks */,
				420967FE294C9A8F0075D75E /* Resources */,
			);
			buildRules = (
			);
			dependencies = (
				42096802294C9A8F0075D75E /* PBXTargetDependency */,
			);
			name = Slipstream_watchAppTests;
			productName = "SlipstreamWatch Watch AppTests";
			productReference = 42096800294C9A8F0075D75E /* Slipstream_watchAppTests.xctest */;
			productType = "com.apple.product-type.bundle.unit-test";
		};
		42096830295378A10075D75E /* Slipstream_iOS */ = {
			isa = PBXNativeTarget;
			buildConfigurationList = 42096852295378A40075D75E /* Build configuration list for PBXNativeTarget "Slipstream_iOS" */;
			buildPhases = (
				CFE23F532982EC6400412DB6 /* ShellScript */,
				4209682D295378A10075D75E /* Sources */,
				4209682E295378A10075D75E /* Frameworks */,
				4209682F295378A10075D75E /* Resources */,
			);
			buildRules = (
			);
			dependencies = (
			);
			name = Slipstream_iOS;
			productName = Slipstream_iOS;
			productReference = 42096831295378A10075D75E /* Slipstream_iOS.app */;
			productType = "com.apple.product-type.application";
		};
		4209683F295378A30075D75E /* Slipstream_iOSTests */ = {
			isa = PBXNativeTarget;
			buildConfigurationList = 42096855295378A40075D75E /* Build configuration list for PBXNativeTarget "Slipstream_iOSTests" */;
			buildPhases = (
				4209683C295378A30075D75E /* Sources */,
				4209683D295378A30075D75E /* Frameworks */,
				4209683E295378A30075D75E /* Resources */,
			);
			buildRules = (
			);
			dependencies = (
				42096842295378A30075D75E /* PBXTargetDependency */,
			);
			name = Slipstream_iOSTests;
			productName = Slipstream_iOSTests;
			productReference = 42096840295378A30075D75E /* Slipstream_iOSTests.xctest */;
			productType = "com.apple.product-type.bundle.unit-test";
		};
/* End PBXNativeTarget section */

/* Begin PBXProject section */
		CFCEF40028380C160063CD47 /* Project object */ = {
			isa = PBXProject;
			attributes = {
				BuildIndependentTargetsInParallel = 1;
				LastSwiftUpdateCheck = 1410;
				LastUpgradeCheck = 1330;
				TargetAttributes = {
					420967ED294C9A8D0075D75E = {
						CreatedOnToolsVersion = 14.1;
					};
					420967FF294C9A8F0075D75E = {
						CreatedOnToolsVersion = 14.1;
						TestTargetID = 420967ED294C9A8D0075D75E;
					};
					42096830295378A10075D75E = {
						CreatedOnToolsVersion = 14.1;
					};
					4209683F295378A30075D75E = {
						CreatedOnToolsVersion = 14.1;
						TestTargetID = 42096830295378A10075D75E;
					};
				};
			};
			buildConfigurationList = CFCEF40328380C160063CD47 /* Build configuration list for PBXProject "Slipstream" */;
			compatibilityVersion = "Xcode 13.0";
			developmentRegion = en;
			hasScannedForEncodings = 0;
			knownRegions = (
				en,
				Base,
			);
			mainGroup = CFCEF3FF28380C160063CD47;
			packageReferences = (
			);
			productRefGroup = CFCEF40728380C160063CD47 /* Products */;
			projectDirPath = "";
			projectRoot = "";
			targets = (
				420967ED294C9A8D0075D75E /* Slipstream_watch */,
				420967FF294C9A8F0075D75E /* Slipstream_watchAppTests */,
				42096830295378A10075D75E /* Slipstream_iOS */,
				4209683F295378A30075D75E /* Slipstream_iOSTests */,
			);
		};
/* End PBXProject section */

/* Begin PBXResourcesBuildPhase section */
		420967EC294C9A8D0075D75E /* Resources */ = {
			isa = PBXResourcesBuildPhase;
			buildActionMask = 2147483647;
			files = (
				420967FB294C9A8F0075D75E /* Preview Assets.xcassets in Resources */,
				CFE23F4F2982EBF200412DB6 /* Localizable.strings in Resources */,
				CFE23F552982EDBA00412DB6 /* swiftgen.yml in Resources */,
				420967F8294C9A8F0075D75E /* Assets.xcassets in Resources */,
				4245E81329B7E9E800843B02 /* Assets.xcassets in Resources */,
			);
			runOnlyForDeploymentPostprocessing = 0;
		};
		420967FE294C9A8F0075D75E /* Resources */ = {
			isa = PBXResourcesBuildPhase;
			buildActionMask = 2147483647;
			files = (
			);
			runOnlyForDeploymentPostprocessing = 0;
		};
		4209682F295378A10075D75E /* Resources */ = {
			isa = PBXResourcesBuildPhase;
			buildActionMask = 2147483647;
			files = (
				4209683B295378A20075D75E /* Preview Assets.xcassets in Resources */,
				CFE23F502982EBF200412DB6 /* Localizable.strings in Resources */,
				42096838295378A20075D75E /* Assets.xcassets in Resources */,
				CFE23F562982EDBA00412DB6 /* swiftgen.yml in Resources */,
			);
			runOnlyForDeploymentPostprocessing = 0;
		};
		4209683E295378A30075D75E /* Resources */ = {
			isa = PBXResourcesBuildPhase;
			buildActionMask = 2147483647;
			files = (
			);
			runOnlyForDeploymentPostprocessing = 0;
		};
/* End PBXResourcesBuildPhase section */

/* Begin PBXShellScriptBuildPhase section */
		CFE23F482982E92F00412DB6 /* swiftgen */ = {
			isa = PBXShellScriptBuildPhase;
			buildActionMask = 2147483647;
			files = (
			);
			inputFileListPaths = (
			);
			inputPaths = (
			);
			name = swiftgen;
			outputFileListPaths = (
			);
			outputPaths = (
			);
			runOnlyForDeploymentPostprocessing = 0;
			shellPath = /bin/sh;
			shellScript = "if [[ -z $CI ]]; then\n    swiftgen config run --config \"$SRCROOT/Shared/Resources/swiftgen.yml\"\nfi\n";
		};
		CFE23F532982EC6400412DB6 /* ShellScript */ = {
			isa = PBXShellScriptBuildPhase;
			alwaysOutOfDate = 1;
			buildActionMask = 2147483647;
			files = (
			);
			inputFileListPaths = (
			);
			inputPaths = (
			);
			outputFileListPaths = (
			);
			outputPaths = (
			);
			runOnlyForDeploymentPostprocessing = 0;
			shellPath = /bin/sh;
			shellScript = "if [[ -z $CI ]]; then\n    swiftgen config run --config \"$SRCROOT/Shared/Resources/swiftgen.yml\"\nfi\n";
		};
/* End PBXShellScriptBuildPhase section */

/* Begin PBXSourcesBuildPhase section */
		420967EA294C9A8D0075D75E /* Sources */ = {
			isa = PBXSourcesBuildPhase;
			buildActionMask = 2147483647;
			files = (
				42521CC129B250DE00000586 /* ButtonStyle.swift in Sources */,
				42096823294C9B990075D75E /* NetworkManager.swift in Sources */,
				CF20D371297818EE0038A860 /* EventStatusBackgroundStyler.swift in Sources */,
				4207B45129C3426800AA4758 /* IntegerExtension.swift in Sources */,
				CF20D36529760C300038A860 /* Colors.swift in Sources */,
				42B21972295DDBAB00515097 /* Details.swift in Sources */,
				42521CA729B0F21700000586 /* DriverAndConstructorService.swift in Sources */,
				CF0544462951CB8D00A39FE3 /* DateExtension.swift in Sources */,
				420967F6294C9A8D0075D75E /* ContentView.swift in Sources */,
				42521CA429B0ECBD00000586 /* LiveSessionService.swift in Sources */,
				42521CBE29B2378300000586 /* SessionDriverStyler.swift in Sources */,
				4207B43329BE703400AA4758 /* DriverResult.swift in Sources */,
				42B21982295EEA2600515097 /* SessionResultMock.swift in Sources */,
				420967F4294C9A8D0075D75E /* SlipstreamWatchApp.swift in Sources */,
				CF233DED29ADFA9900A8D1CD /* LivePosition.swift in Sources */,
				42B21970295DA4D400515097 /* Session.swift in Sources */,
				CF05443A29507C1000A39FE3 /* Circuit.swift in Sources */,
				42B21988295EEA9400515097 /* ConstructorMock.swift in Sources */,
				42BCAD5529BB4B360089B46A /* EventMock.swift in Sources */,
				42B2196E295D9EFB00515097 /* SessionResult.swift in Sources */,
				CF20D361297577D80038A860 /* ConstructorStyler.swift in Sources */,
				42B2198F295EEAA500515097 /* SessionMock.swift in Sources */,
				CFB508C92953034300C46D81 /* EventCard.swift in Sources */,
				42BCAD5929BB742B0089B46A /* UserDefaultsWrapper.swift in Sources */,
				42B2199A295F3A2300515097 /* DoubleExtension.swift in Sources */,
				42B219A0295F426200515097 /* Images.swift in Sources */,
				42BCAD5C29BB7B000089B46A /* EventService.swift in Sources */,
				CF054428294F7D4E00A39FE3 /* Constructor.swift in Sources */,
				42521CAA29B0F9FF00000586 /* Global.swift in Sources */,
				42521CB529B1033600000586 /* LoggerExtension.swift in Sources */,
				42B21995295EEAC600515097 /* StandingsMock.swift in Sources */,
				CF277A1E297017C50048DE75 /* Fonts.swift in Sources */,
				42521CA029B0EB9500000586 /* NetworkManagerRepresentable.swift in Sources */,
				CFE23F4D2982EB9400412DB6 /* Localization.swift in Sources */,
				CF054422294CECCD00A39FE3 /* Driver.swift in Sources */,
				42BCAD6229BBD7F10089B46A /* Identifier.swift in Sources */,
				42B2198C295EEAA100515097 /* DriverMock.swift in Sources */,
				42521CB229B1006000000586 /* ServiceLocator.swift in Sources */,
				CF05443C29507D3A00A39FE3 /* News.swift in Sources */,
			);
			runOnlyForDeploymentPostprocessing = 0;
		};
		420967FC294C9A8F0075D75E /* Sources */ = {
			isa = PBXSourcesBuildPhase;
			buildActionMask = 2147483647;
			files = (
				42B2199B295F3A2300515097 /* DoubleExtension.swift in Sources */,
				42B21990295EEAA600515097 /* SessionMock.swift in Sources */,
				42096805294C9A900075D75E /* SlipstreamWatch_Watch_AppTests.swift in Sources */,
			);
			runOnlyForDeploymentPostprocessing = 0;
		};
		4209682D295378A10075D75E /* Sources */ = {
			isa = PBXSourcesBuildPhase;
			buildActionMask = 2147483647;
			files = (
				4207B43A29C18CFD00AA4758 /* GrandPrixCardViewModel.swift in Sources */,
				42521D2029B79E1400000586 /* SessionResult.swift in Sources */,
				42521D1F29B79DED00000586 /* ResultCardViewModel.swift in Sources */,
				42B2199C295F3A2300515097 /* DoubleExtension.swift in Sources */,
				42521CBF29B2378300000586 /* SessionDriverStyler.swift in Sources */,
				42BCAD5A29BB742B0089B46A /* UserDefaultsWrapper.swift in Sources */,
				CF277A23297313260048DE75 /* StandingsCarouselViewModel.swift in Sources */,
				4209686E2954CDCC0075D75E /* NetworkManager.swift in Sources */,
				42521D0929B799C700000586 /* SessionDriverRowViewModel.swift in Sources */,
				42B21973295DDBBB00515097 /* Details.swift in Sources */,
				4207B43929C0BCBE00AA4758 /* LiveCardCellViewModel.swift in Sources */,
				42521CAB29B0F9FF00000586 /* Global.swift in Sources */,
				42B21997295EEAC600515097 /* StandingsMock.swift in Sources */,
				42BCAD6329BBD7F10089B46A /* Identifier.swift in Sources */,
				42B21989295EEA9400515097 /* ConstructorMock.swift in Sources */,
				42521CC229B250DE00000586 /* ButtonStyle.swift in Sources */,
				42521CA129B0EB9500000586 /* NetworkManagerRepresentable.swift in Sources */,
				CF277A21297303430048DE75 /* StandingsCarouselView.swift in Sources */,
				4209685F29537AF10075D75E /* News.swift in Sources */,
				CF277A1F297017C50048DE75 /* Fonts.swift in Sources */,
				4207B44C29C216DC00AA4758 /* StandingsCellView.swift in Sources */,
				4209686029537AF70075D75E /* Driver.swift in Sources */,
				42521D1E29B79D6800000586 /* LivePosition.swift in Sources */,
				42521CB929B1F37D00000586 /* LiveSessionDriverDetailsSheet.swift in Sources */,
				CF78D01E2996C58600D45EDE /* ScheduleCarouselViewModel.swift in Sources */,
				CF8EB9D429A77AA700F38158 /* Event.swift in Sources */,
				4209685C29537AC90075D75E /* DateExtension.swift in Sources */,
				CF233DE529ABE17B00A8D1CD /* SessionDriverRowView.swift in Sources */,
				4207B45029C3425300AA4758 /* IntegerExtension.swift in Sources */,
				CF20D36F297802040038A860 /* DriverResult.swift in Sources */,
				42B21981295EEA2300515097 /* SessionResultMock.swift in Sources */,
				CFE23F4E2982EB9400412DB6 /* Localization.swift in Sources */,
				42521CA829B0F21700000586 /* DriverAndConstructorService.swift in Sources */,
				CF20D362297577D80038A860 /* ConstructorStyler.swift in Sources */,
				CFEE3F2B2969B6970050EE8B /* ResultCardView.swift in Sources */,
				42B21984295EEA5600515097 /* SessionMock.swift in Sources */,
				42521CB629B1033600000586 /* LoggerExtension.swift in Sources */,
				CF20D36629760C300038A860 /* Colors.swift in Sources */,
				4207B43829C0BC9300AA4758 /* LiveCardViewCell.swift in Sources */,
				42521CA529B0ECBD00000586 /* LiveSessionService.swift in Sources */,
				42BCAD5D29BB7B000089B46A /* EventService.swift in Sources */,
				4207B44729C2151A00AA4758 /* DriverDetailsTextView.swift in Sources */,
				CF233DE029A8DB7C00A8D1CD /* GrandPrixSchedulePickerView.swift in Sources */,
				42B219A1295F426200515097 /* Images.swift in Sources */,
				42521D1D29B79D2100000586 /* SessionStandingsListViewModel.swift in Sources */,
				42B21978295DE83600515097 /* Session.swift in Sources */,
				42B219A5295F450200515097 /* InfiniteScroller.swift in Sources */,
				4207B43E29C1E47F00AA4758 /* UpcomingAndStandingsEventCellViewModel.swift in Sources */,
				42521D0B29B799C700000586 /* LiveSessionDriverDetailsSheetViewModel.swift in Sources */,
				42521CB329B1006000000586 /* ServiceLocator.swift in Sources */,
				4245E81229B7E0EE00843B02 /* SeasonListViewModel.swift in Sources */,
				42521CB029B0FCD700000586 /* AppView.swift in Sources */,
				42521D0D29B799EC00000586 /* SessionStandingsListView.swift in Sources */,
				4209686229537AF70075D75E /* Constructor.swift in Sources */,
				4245E81029B7E0DD00843B02 /* SeasonListView.swift in Sources */,
				4207B44E29C216E900AA4758 /* StandingsCellViewModel.swift in Sources */,
				4207B44929C215F100AA4758 /* CarWithNumberView.swift in Sources */,
				42B21986295EEA7200515097 /* DriverMock.swift in Sources */,
				4207B43B29C18D0200AA4758 /* GrandPrixCardView.swift in Sources */,
				CF20D372297818EE0038A860 /* EventStatusBackgroundStyler.swift in Sources */,
				42096834295378A10075D75E /* Slipstream_iOSApp.swift in Sources */,
				CF233DDE29A8D98800A8D1CD /* GrandPrixSchedulePickerViewModel.swift in Sources */,
				42521D0F29B79A3400000586 /* AppViewModel.swift in Sources */,
				4209686B29537B0D0075D75E /* Circuit.swift in Sources */,
				42BCAD5629BB4B360089B46A /* EventMock.swift in Sources */,
				4207B44429C1E59300AA4758 /* UpcomingAndStandingsEventCellView.swift in Sources */,
				CF5F07772996CC3D00E79996 /* ScheduleCarouselView.swift in Sources */,
			);
			runOnlyForDeploymentPostprocessing = 0;
		};
		4209683C295378A30075D75E /* Sources */ = {
			isa = PBXSourcesBuildPhase;
			buildActionMask = 2147483647;
			files = (
				42B2199D295F3A2300515097 /* DoubleExtension.swift in Sources */,
				42B21991295EEAA600515097 /* SessionMock.swift in Sources */,
				42096845295378A30075D75E /* Slipstream_iOSTests.swift in Sources */,
			);
			runOnlyForDeploymentPostprocessing = 0;
		};
/* End PBXSourcesBuildPhase section */

/* Begin PBXTargetDependency section */
		42096802294C9A8F0075D75E /* PBXTargetDependency */ = {
			isa = PBXTargetDependency;
			target = 420967ED294C9A8D0075D75E /* Slipstream_watch */;
			targetProxy = 42096801294C9A8F0075D75E /* PBXContainerItemProxy */;
		};
		42096842295378A30075D75E /* PBXTargetDependency */ = {
			isa = PBXTargetDependency;
			target = 42096830295378A10075D75E /* Slipstream_iOS */;
			targetProxy = 42096841295378A30075D75E /* PBXContainerItemProxy */;
		};
/* End PBXTargetDependency section */

/* Begin PBXVariantGroup section */
		CFE23F522982EBF200412DB6 /* Localizable.strings */ = {
			isa = PBXVariantGroup;
			children = (
				CFE23F512982EBF200412DB6 /* en */,
			);
			name = Localizable.strings;
			sourceTree = "<group>";
		};
/* End PBXVariantGroup section */

/* Begin XCBuildConfiguration section */
		42096815294C9A900075D75E /* Debug */ = {
			isa = XCBuildConfiguration;
			buildSettings = {
				ASSETCATALOG_COMPILER_APPICON_NAME = AppIcon;
				ASSETCATALOG_COMPILER_GLOBAL_ACCENT_COLOR_NAME = AccentColor;
				CLANG_CXX_LANGUAGE_STANDARD = "gnu++20";
				CODE_SIGN_STYLE = Automatic;
				CURRENT_PROJECT_VERSION = 1;
				DEVELOPMENT_ASSET_PATHS = "\"watch/Slipstream_watch/Preview Content\"";
				DEVELOPMENT_TEAM = Y4642869FB;
				ENABLE_PREVIEWS = YES;
				GENERATE_INFOPLIST_FILE = YES;
				INFOPLIST_KEY_UISupportedInterfaceOrientations = "UIInterfaceOrientationPortrait UIInterfaceOrientationPortraitUpsideDown";
				INFOPLIST_KEY_WKWatchOnly = YES;
				LD_RUNPATH_SEARCH_PATHS = (
					"$(inherited)",
					"@executable_path/Frameworks",
				);
				MARKETING_VERSION = 1.0;
				PRODUCT_BUNDLE_IDENTIFIER = com.tomasmamede.SlipstreamWatch.watchkitapp;
				PRODUCT_NAME = Slipstream;
				SDKROOT = watchos;
				SKIP_INSTALL = YES;
				SWIFT_EMIT_LOC_STRINGS = YES;
				SWIFT_VERSION = 5.0;
				TARGETED_DEVICE_FAMILY = 4;
				WATCHOS_DEPLOYMENT_TARGET = 9.1;
			};
			name = Debug;
		};
		42096816294C9A900075D75E /* Release */ = {
			isa = XCBuildConfiguration;
			buildSettings = {
				ASSETCATALOG_COMPILER_APPICON_NAME = AppIcon;
				ASSETCATALOG_COMPILER_GLOBAL_ACCENT_COLOR_NAME = AccentColor;
				CLANG_CXX_LANGUAGE_STANDARD = "gnu++20";
				CODE_SIGN_STYLE = Automatic;
				CURRENT_PROJECT_VERSION = 1;
				DEVELOPMENT_ASSET_PATHS = "\"watch/Slipstream_watch/Preview Content\"";
				DEVELOPMENT_TEAM = Y4642869FB;
				ENABLE_PREVIEWS = YES;
				GENERATE_INFOPLIST_FILE = YES;
				INFOPLIST_KEY_UISupportedInterfaceOrientations = "UIInterfaceOrientationPortrait UIInterfaceOrientationPortraitUpsideDown";
				INFOPLIST_KEY_WKWatchOnly = YES;
				LD_RUNPATH_SEARCH_PATHS = (
					"$(inherited)",
					"@executable_path/Frameworks",
				);
				MARKETING_VERSION = 1.0;
				PRODUCT_BUNDLE_IDENTIFIER = com.tomasmamede.SlipstreamWatch.watchkitapp;
				PRODUCT_NAME = Slipstream;
				SDKROOT = watchos;
				SKIP_INSTALL = YES;
				SWIFT_EMIT_LOC_STRINGS = YES;
				SWIFT_VERSION = 5.0;
				TARGETED_DEVICE_FAMILY = 4;
				WATCHOS_DEPLOYMENT_TARGET = 9.1;
			};
			name = Release;
		};
		42096817294C9A900075D75E /* Debug */ = {
			isa = XCBuildConfiguration;
			buildSettings = {
				ALWAYS_EMBED_SWIFT_STANDARD_LIBRARIES = YES;
				BUNDLE_LOADER = "$(TEST_HOST)";
				CLANG_CXX_LANGUAGE_STANDARD = "gnu++20";
				CODE_SIGN_STYLE = Automatic;
				CURRENT_PROJECT_VERSION = 1;
				GENERATE_INFOPLIST_FILE = YES;
				MARKETING_VERSION = 1.0;
				PRODUCT_BUNDLE_IDENTIFIER = "com.tomasmamede.SlipstreamWatch-Watch-AppTests";
				PRODUCT_NAME = "$(TARGET_NAME)";
				SDKROOT = watchos;
				SWIFT_EMIT_LOC_STRINGS = NO;
				SWIFT_VERSION = 5.0;
				TARGETED_DEVICE_FAMILY = 4;
				TEST_HOST = "$(BUILT_PRODUCTS_DIR)/SlipstreamWatch Watch App.app/$(BUNDLE_EXECUTABLE_FOLDER_PATH)/SlipstreamWatch Watch App";
				WATCHOS_DEPLOYMENT_TARGET = 9.1;
			};
			name = Debug;
		};
		42096818294C9A900075D75E /* Release */ = {
			isa = XCBuildConfiguration;
			buildSettings = {
				ALWAYS_EMBED_SWIFT_STANDARD_LIBRARIES = YES;
				BUNDLE_LOADER = "$(TEST_HOST)";
				CLANG_CXX_LANGUAGE_STANDARD = "gnu++20";
				CODE_SIGN_STYLE = Automatic;
				CURRENT_PROJECT_VERSION = 1;
				GENERATE_INFOPLIST_FILE = YES;
				MARKETING_VERSION = 1.0;
				PRODUCT_BUNDLE_IDENTIFIER = "com.tomasmamede.SlipstreamWatch-Watch-AppTests";
				PRODUCT_NAME = "$(TARGET_NAME)";
				SDKROOT = watchos;
				SWIFT_EMIT_LOC_STRINGS = NO;
				SWIFT_VERSION = 5.0;
				TARGETED_DEVICE_FAMILY = 4;
				TEST_HOST = "$(BUILT_PRODUCTS_DIR)/SlipstreamWatch Watch App.app/$(BUNDLE_EXECUTABLE_FOLDER_PATH)/SlipstreamWatch Watch App";
				WATCHOS_DEPLOYMENT_TARGET = 9.1;
			};
			name = Release;
		};
		42096853295378A40075D75E /* Debug */ = {
			isa = XCBuildConfiguration;
			buildSettings = {
				ASSETCATALOG_COMPILER_APPICON_NAME = AppIcon;
				ASSETCATALOG_COMPILER_GLOBAL_ACCENT_COLOR_NAME = AccentColor;
				CLANG_CXX_LANGUAGE_STANDARD = "gnu++20";
				CODE_SIGN_STYLE = Automatic;
				CURRENT_PROJECT_VERSION = 1;
				DEVELOPMENT_ASSET_PATHS = "\"iOS/Slipstream_iOS/Preview Content\"";
				DEVELOPMENT_TEAM = U5QL3W6RAW;
				ENABLE_PREVIEWS = YES;
				GENERATE_INFOPLIST_FILE = YES;
				INFOPLIST_KEY_CFBundleDisplayName = Slipstream;
				INFOPLIST_KEY_UIApplicationSceneManifest_Generation = YES;
				INFOPLIST_KEY_UIApplicationSupportsIndirectInputEvents = YES;
				INFOPLIST_KEY_UILaunchScreen_Generation = YES;
				INFOPLIST_KEY_UISupportedInterfaceOrientations = UIInterfaceOrientationPortrait;
				IPHONEOS_DEPLOYMENT_TARGET = 16.1;
				LD_RUNPATH_SEARCH_PATHS = (
					"$(inherited)",
					"@executable_path/Frameworks",
				);
				MARKETING_VERSION = 1.0.0;
				PRODUCT_BUNDLE_IDENTIFIER = "com.tomasmamede.Slipstream-iOS";
				PRODUCT_NAME = "$(TARGET_NAME)";
				SUPPORTED_PLATFORMS = "iphoneos iphonesimulator";
				SUPPORTS_MACCATALYST = NO;
				SUPPORTS_MAC_DESIGNED_FOR_IPHONE_IPAD = YES;
				SWIFT_EMIT_LOC_STRINGS = YES;
				SWIFT_VERSION = 5.0;
				TARGETED_DEVICE_FAMILY = 1;
			};
			name = Debug;
		};
		42096854295378A40075D75E /* Release */ = {
			isa = XCBuildConfiguration;
			buildSettings = {
				ASSETCATALOG_COMPILER_APPICON_NAME = AppIcon;
				ASSETCATALOG_COMPILER_GLOBAL_ACCENT_COLOR_NAME = AccentColor;
				CLANG_CXX_LANGUAGE_STANDARD = "gnu++20";
				CODE_SIGN_STYLE = Automatic;
				CURRENT_PROJECT_VERSION = 1;
				DEVELOPMENT_ASSET_PATHS = "\"iOS/Slipstream_iOS/Preview Content\"";
				DEVELOPMENT_TEAM = U5QL3W6RAW;
				ENABLE_PREVIEWS = YES;
				GENERATE_INFOPLIST_FILE = YES;
				INFOPLIST_KEY_CFBundleDisplayName = Slipstream;
				INFOPLIST_KEY_UIApplicationSceneManifest_Generation = YES;
				INFOPLIST_KEY_UIApplicationSupportsIndirectInputEvents = YES;
				INFOPLIST_KEY_UILaunchScreen_Generation = YES;
				INFOPLIST_KEY_UISupportedInterfaceOrientations = UIInterfaceOrientationPortrait;
				IPHONEOS_DEPLOYMENT_TARGET = 16.1;
				LD_RUNPATH_SEARCH_PATHS = (
					"$(inherited)",
					"@executable_path/Frameworks",
				);
				MARKETING_VERSION = 1.0.0;
				PRODUCT_BUNDLE_IDENTIFIER = "com.tomasmamede.Slipstream-iOS";
				PRODUCT_NAME = "$(TARGET_NAME)";
				SUPPORTED_PLATFORMS = "iphoneos iphonesimulator";
				SUPPORTS_MACCATALYST = NO;
				SUPPORTS_MAC_DESIGNED_FOR_IPHONE_IPAD = YES;
				SWIFT_EMIT_LOC_STRINGS = YES;
				SWIFT_VERSION = 5.0;
				TARGETED_DEVICE_FAMILY = 1;
			};
			name = Release;
		};
		42096856295378A40075D75E /* Debug */ = {
			isa = XCBuildConfiguration;
			buildSettings = {
				ALWAYS_EMBED_SWIFT_STANDARD_LIBRARIES = YES;
				BUNDLE_LOADER = "$(TEST_HOST)";
				CLANG_CXX_LANGUAGE_STANDARD = "gnu++20";
				CODE_SIGN_STYLE = Automatic;
				CURRENT_PROJECT_VERSION = 1;
				GENERATE_INFOPLIST_FILE = YES;
				IPHONEOS_DEPLOYMENT_TARGET = 16.1;
				MARKETING_VERSION = 1.0;
				PRODUCT_BUNDLE_IDENTIFIER = "com.tomasmamede.Slipstream-iOSTests";
				PRODUCT_NAME = "$(TARGET_NAME)";
				SWIFT_EMIT_LOC_STRINGS = NO;
				SWIFT_VERSION = 5.0;
				TARGETED_DEVICE_FAMILY = "1,2";
				TEST_HOST = "$(BUILT_PRODUCTS_DIR)/Slipstream_iOS.app/$(BUNDLE_EXECUTABLE_FOLDER_PATH)/Slipstream_iOS";
			};
			name = Debug;
		};
		42096857295378A40075D75E /* Release */ = {
			isa = XCBuildConfiguration;
			buildSettings = {
				ALWAYS_EMBED_SWIFT_STANDARD_LIBRARIES = YES;
				BUNDLE_LOADER = "$(TEST_HOST)";
				CLANG_CXX_LANGUAGE_STANDARD = "gnu++20";
				CODE_SIGN_STYLE = Automatic;
				CURRENT_PROJECT_VERSION = 1;
				GENERATE_INFOPLIST_FILE = YES;
				IPHONEOS_DEPLOYMENT_TARGET = 16.1;
				MARKETING_VERSION = 1.0;
				PRODUCT_BUNDLE_IDENTIFIER = "com.tomasmamede.Slipstream-iOSTests";
				PRODUCT_NAME = "$(TARGET_NAME)";
				SWIFT_EMIT_LOC_STRINGS = NO;
				SWIFT_VERSION = 5.0;
				TARGETED_DEVICE_FAMILY = "1,2";
				TEST_HOST = "$(BUILT_PRODUCTS_DIR)/Slipstream_iOS.app/$(BUNDLE_EXECUTABLE_FOLDER_PATH)/Slipstream_iOS";
			};
			name = Release;
		};
		CFCEF44128380C180063CD47 /* Debug */ = {
			isa = XCBuildConfiguration;
			buildSettings = {
				ALWAYS_SEARCH_USER_PATHS = NO;
				CLANG_ANALYZER_NONNULL = YES;
				CLANG_ANALYZER_NUMBER_OBJECT_CONVERSION = YES_AGGRESSIVE;
				CLANG_CXX_LANGUAGE_STANDARD = "gnu++17";
				CLANG_ENABLE_MODULES = YES;
				CLANG_ENABLE_OBJC_ARC = YES;
				CLANG_ENABLE_OBJC_WEAK = YES;
				CLANG_WARN_BLOCK_CAPTURE_AUTORELEASING = YES;
				CLANG_WARN_BOOL_CONVERSION = YES;
				CLANG_WARN_COMMA = YES;
				CLANG_WARN_CONSTANT_CONVERSION = YES;
				CLANG_WARN_DEPRECATED_OBJC_IMPLEMENTATIONS = YES;
				CLANG_WARN_DIRECT_OBJC_ISA_USAGE = YES_ERROR;
				CLANG_WARN_DOCUMENTATION_COMMENTS = YES;
				CLANG_WARN_EMPTY_BODY = YES;
				CLANG_WARN_ENUM_CONVERSION = YES;
				CLANG_WARN_INFINITE_RECURSION = YES;
				CLANG_WARN_INT_CONVERSION = YES;
				CLANG_WARN_NON_LITERAL_NULL_CONVERSION = YES;
				CLANG_WARN_OBJC_IMPLICIT_RETAIN_SELF = YES;
				CLANG_WARN_OBJC_LITERAL_CONVERSION = YES;
				CLANG_WARN_OBJC_ROOT_CLASS = YES_ERROR;
				CLANG_WARN_QUOTED_INCLUDE_IN_FRAMEWORK_HEADER = YES;
				CLANG_WARN_RANGE_LOOP_ANALYSIS = YES;
				CLANG_WARN_STRICT_PROTOTYPES = YES;
				CLANG_WARN_SUSPICIOUS_MOVE = YES;
				CLANG_WARN_UNGUARDED_AVAILABILITY = YES_AGGRESSIVE;
				CLANG_WARN_UNREACHABLE_CODE = YES;
				CLANG_WARN__DUPLICATE_METHOD_MATCH = YES;
				COPY_PHASE_STRIP = NO;
				DEBUG_INFORMATION_FORMAT = dwarf;
				ENABLE_STRICT_OBJC_MSGSEND = YES;
				ENABLE_TESTABILITY = YES;
				GCC_C_LANGUAGE_STANDARD = gnu11;
				GCC_DYNAMIC_NO_PIC = NO;
				GCC_NO_COMMON_BLOCKS = YES;
				GCC_OPTIMIZATION_LEVEL = 0;
				GCC_PREPROCESSOR_DEFINITIONS = (
					"DEBUG=1",
					"$(inherited)",
				);
				GCC_WARN_64_TO_32_BIT_CONVERSION = YES;
				GCC_WARN_ABOUT_RETURN_TYPE = YES_ERROR;
				GCC_WARN_UNDECLARED_SELECTOR = YES;
				GCC_WARN_UNINITIALIZED_AUTOS = YES_AGGRESSIVE;
				GCC_WARN_UNUSED_FUNCTION = YES;
				GCC_WARN_UNUSED_VARIABLE = YES;
				MTL_ENABLE_DEBUG_INFO = INCLUDE_SOURCE;
				MTL_FAST_MATH = YES;
				ONLY_ACTIVE_ARCH = YES;
				SDKROOT = iphoneos;
				SWIFT_ACTIVE_COMPILATION_CONDITIONS = DEBUG;
				SWIFT_OPTIMIZATION_LEVEL = "-Onone";
			};
			name = Debug;
		};
		CFCEF44228380C180063CD47 /* Release */ = {
			isa = XCBuildConfiguration;
			buildSettings = {
				ALWAYS_SEARCH_USER_PATHS = NO;
				CLANG_ANALYZER_NONNULL = YES;
				CLANG_ANALYZER_NUMBER_OBJECT_CONVERSION = YES_AGGRESSIVE;
				CLANG_CXX_LANGUAGE_STANDARD = "gnu++17";
				CLANG_ENABLE_MODULES = YES;
				CLANG_ENABLE_OBJC_ARC = YES;
				CLANG_ENABLE_OBJC_WEAK = YES;
				CLANG_WARN_BLOCK_CAPTURE_AUTORELEASING = YES;
				CLANG_WARN_BOOL_CONVERSION = YES;
				CLANG_WARN_COMMA = YES;
				CLANG_WARN_CONSTANT_CONVERSION = YES;
				CLANG_WARN_DEPRECATED_OBJC_IMPLEMENTATIONS = YES;
				CLANG_WARN_DIRECT_OBJC_ISA_USAGE = YES_ERROR;
				CLANG_WARN_DOCUMENTATION_COMMENTS = YES;
				CLANG_WARN_EMPTY_BODY = YES;
				CLANG_WARN_ENUM_CONVERSION = YES;
				CLANG_WARN_INFINITE_RECURSION = YES;
				CLANG_WARN_INT_CONVERSION = YES;
				CLANG_WARN_NON_LITERAL_NULL_CONVERSION = YES;
				CLANG_WARN_OBJC_IMPLICIT_RETAIN_SELF = YES;
				CLANG_WARN_OBJC_LITERAL_CONVERSION = YES;
				CLANG_WARN_OBJC_ROOT_CLASS = YES_ERROR;
				CLANG_WARN_QUOTED_INCLUDE_IN_FRAMEWORK_HEADER = YES;
				CLANG_WARN_RANGE_LOOP_ANALYSIS = YES;
				CLANG_WARN_STRICT_PROTOTYPES = YES;
				CLANG_WARN_SUSPICIOUS_MOVE = YES;
				CLANG_WARN_UNGUARDED_AVAILABILITY = YES_AGGRESSIVE;
				CLANG_WARN_UNREACHABLE_CODE = YES;
				CLANG_WARN__DUPLICATE_METHOD_MATCH = YES;
				COPY_PHASE_STRIP = NO;
				DEBUG_INFORMATION_FORMAT = "dwarf-with-dsym";
				ENABLE_NS_ASSERTIONS = NO;
				ENABLE_STRICT_OBJC_MSGSEND = YES;
				GCC_C_LANGUAGE_STANDARD = gnu11;
				GCC_NO_COMMON_BLOCKS = YES;
				GCC_WARN_64_TO_32_BIT_CONVERSION = YES;
				GCC_WARN_ABOUT_RETURN_TYPE = YES_ERROR;
				GCC_WARN_UNDECLARED_SELECTOR = YES;
				GCC_WARN_UNINITIALIZED_AUTOS = YES_AGGRESSIVE;
				GCC_WARN_UNUSED_FUNCTION = YES;
				GCC_WARN_UNUSED_VARIABLE = YES;
				MTL_ENABLE_DEBUG_INFO = NO;
				MTL_FAST_MATH = YES;
				SDKROOT = iphoneos;
				SWIFT_COMPILATION_MODE = wholemodule;
				SWIFT_OPTIMIZATION_LEVEL = "-O";
				VALIDATE_PRODUCT = YES;
			};
			name = Release;
		};
/* End XCBuildConfiguration section */

/* Begin XCConfigurationList section */
		4209681B294C9A900075D75E /* Build configuration list for PBXNativeTarget "Slipstream_watch" */ = {
			isa = XCConfigurationList;
			buildConfigurations = (
				42096815294C9A900075D75E /* Debug */,
				42096816294C9A900075D75E /* Release */,
			);
			defaultConfigurationIsVisible = 0;
			defaultConfigurationName = Release;
		};
		4209681D294C9A900075D75E /* Build configuration list for PBXNativeTarget "Slipstream_watchAppTests" */ = {
			isa = XCConfigurationList;
			buildConfigurations = (
				42096817294C9A900075D75E /* Debug */,
				42096818294C9A900075D75E /* Release */,
			);
			defaultConfigurationIsVisible = 0;
			defaultConfigurationName = Release;
		};
		42096852295378A40075D75E /* Build configuration list for PBXNativeTarget "Slipstream_iOS" */ = {
			isa = XCConfigurationList;
			buildConfigurations = (
				42096853295378A40075D75E /* Debug */,
				42096854295378A40075D75E /* Release */,
			);
			defaultConfigurationIsVisible = 0;
			defaultConfigurationName = Release;
		};
		42096855295378A40075D75E /* Build configuration list for PBXNativeTarget "Slipstream_iOSTests" */ = {
			isa = XCConfigurationList;
			buildConfigurations = (
				42096856295378A40075D75E /* Debug */,
				42096857295378A40075D75E /* Release */,
			);
			defaultConfigurationIsVisible = 0;
			defaultConfigurationName = Release;
		};
		CFCEF40328380C160063CD47 /* Build configuration list for PBXProject "Slipstream" */ = {
			isa = XCConfigurationList;
			buildConfigurations = (
				CFCEF44128380C180063CD47 /* Debug */,
				CFCEF44228380C180063CD47 /* Release */,
			);
			defaultConfigurationIsVisible = 0;
			defaultConfigurationName = Release;
		};
/* End XCConfigurationList section */
	};
	rootObject = CFCEF40028380C160063CD47 /* Project object */;
}
