// !$*UTF8*$!
{
	archiveVersion = 1;
	classes = {
	};
	objectVersion = 55;
	objects = {

/* Begin PBXBuildFile section */
		CF2CC7872839ADBF00D2189C /* FavoriteDriver.swift in Sources */ = {isa = PBXBuildFile; fileRef = CF2CC7862839ADBF00D2189C /* FavoriteDriver.swift */; };
		CF2CC7892839B77200D2189C /* FavoriteTeam.swift in Sources */ = {isa = PBXBuildFile; fileRef = CF2CC7882839B77200D2189C /* FavoriteTeam.swift */; };
		CF589FE82839272A00EDC489 /* Preferences.swift in Sources */ = {isa = PBXBuildFile; fileRef = CF589FE72839272A00EDC489 /* Preferences.swift */; };
		CF589FEA2839338F00EDC489 /* Notifications.swift in Sources */ = {isa = PBXBuildFile; fileRef = CF589FE92839338F00EDC489 /* Notifications.swift */; };
		CFCEF40B28380C170063CD47 /* Slipstream WatchKit App.app in Embed Watch Content */ = {isa = PBXBuildFile; fileRef = CFCEF40A28380C170063CD47 /* Slipstream WatchKit App.app */; settings = {ATTRIBUTES = (RemoveHeadersOnCopy, ); }; };
		CFCEF41028380C170063CD47 /* Assets.xcassets in Resources */ = {isa = PBXBuildFile; fileRef = CFCEF40F28380C170063CD47 /* Assets.xcassets */; };
		CFCEF41628380C170063CD47 /* Slipstream WatchKit Extension.appex in Embed App Extensions */ = {isa = PBXBuildFile; fileRef = CFCEF41528380C170063CD47 /* Slipstream WatchKit Extension.appex */; settings = {ATTRIBUTES = (RemoveHeadersOnCopy, ); }; };
		CFCEF41B28380C170063CD47 /* SlipstreamApp.swift in Sources */ = {isa = PBXBuildFile; fileRef = CFCEF41A28380C170063CD47 /* SlipstreamApp.swift */; };
		CFCEF41F28380C170063CD47 /* NotificationController.swift in Sources */ = {isa = PBXBuildFile; fileRef = CFCEF41E28380C170063CD47 /* NotificationController.swift */; };
		CFCEF42328380C170063CD47 /* ComplicationController.swift in Sources */ = {isa = PBXBuildFile; fileRef = CFCEF42228380C170063CD47 /* ComplicationController.swift */; };
		CFCEF42528380C180063CD47 /* Assets.xcassets in Resources */ = {isa = PBXBuildFile; fileRef = CFCEF42428380C180063CD47 /* Assets.xcassets */; };
		CFCEF42828380C180063CD47 /* Preview Assets.xcassets in Resources */ = {isa = PBXBuildFile; fileRef = CFCEF42728380C180063CD47 /* Preview Assets.xcassets */; };
		CFCEF43428380C180063CD47 /* SlipstreamTests.swift in Sources */ = {isa = PBXBuildFile; fileRef = CFCEF43328380C180063CD47 /* SlipstreamTests.swift */; };
		CFCEF43E28380C180063CD47 /* SlipstreamUITests.swift in Sources */ = {isa = PBXBuildFile; fileRef = CFCEF43D28380C180063CD47 /* SlipstreamUITests.swift */; };
		CFCEF44028380C180063CD47 /* SlipstreamUITestsLaunchTests.swift in Sources */ = {isa = PBXBuildFile; fileRef = CFCEF43F28380C180063CD47 /* SlipstreamUITestsLaunchTests.swift */; };
		CFCEF45728380C930063CD47 /* NotificationView.swift in Sources */ = {isa = PBXBuildFile; fileRef = CFCEF45628380C930063CD47 /* NotificationView.swift */; };
		CFCEF45928380CB30063CD47 /* AppDelegate.swift in Sources */ = {isa = PBXBuildFile; fileRef = CFCEF45828380CB30063CD47 /* AppDelegate.swift */; };
		CFCEF45F28380D050063CD47 /* sessions.json in Resources */ = {isa = PBXBuildFile; fileRef = CFCEF45B28380D050063CD47 /* sessions.json */; };
		CFCEF46028380D050063CD47 /* season_schedule.json in Resources */ = {isa = PBXBuildFile; fileRef = CFCEF45C28380D050063CD47 /* season_schedule.json */; };
		CFCEF46128380D050063CD47 /* team_standings.json in Resources */ = {isa = PBXBuildFile; fileRef = CFCEF45D28380D050063CD47 /* team_standings.json */; };
		CFCEF46228380D050063CD47 /* news.json in Resources */ = {isa = PBXBuildFile; fileRef = CFCEF45E28380D050063CD47 /* news.json */; };
		CFCEF46B28380D950063CD47 /* Standings.swift in Sources */ = {isa = PBXBuildFile; fileRef = CFCEF46A28380D950063CD47 /* Standings.swift */; };
		CFCEF46E28380DC40063CD47 /* TeamStandings.swift in Sources */ = {isa = PBXBuildFile; fileRef = CFCEF46D28380DC40063CD47 /* TeamStandings.swift */; };
		CFCEF47028380DE80063CD47 /* TeamDetails.swift in Sources */ = {isa = PBXBuildFile; fileRef = CFCEF46F28380DE80063CD47 /* TeamDetails.swift */; };
		CFCEF47328380E2E0063CD47 /* DriverDetails.swift in Sources */ = {isa = PBXBuildFile; fileRef = CFCEF47228380E2E0063CD47 /* DriverDetails.swift */; };
		CFCEF47528380E4C0063CD47 /* DriverStandings.swift in Sources */ = {isa = PBXBuildFile; fileRef = CFCEF47428380E4C0063CD47 /* DriverStandings.swift */; };
		CFCEF47828380E8C0063CD47 /* NewsList.swift in Sources */ = {isa = PBXBuildFile; fileRef = CFCEF47728380E8C0063CD47 /* NewsList.swift */; };
		CFCEF47A28380EA90063CD47 /* Article.swift in Sources */ = {isa = PBXBuildFile; fileRef = CFCEF47928380EA90063CD47 /* Article.swift */; };
		CFCEF47D28380EE00063CD47 /* EventsList.swift in Sources */ = {isa = PBXBuildFile; fileRef = CFCEF47C28380EE00063CD47 /* EventsList.swift */; };
		CFCEF47F28380F070063CD47 /* TrackInfo.swift in Sources */ = {isa = PBXBuildFile; fileRef = CFCEF47E28380F070063CD47 /* TrackInfo.swift */; };
		CFCEF48128380F250063CD47 /* EventMenu.swift in Sources */ = {isa = PBXBuildFile; fileRef = CFCEF48028380F250063CD47 /* EventMenu.swift */; };
		CFCEF48428380F520063CD47 /* SessionGrid.swift in Sources */ = {isa = PBXBuildFile; fileRef = CFCEF48328380F520063CD47 /* SessionGrid.swift */; };
		CFCEF48628380F710063CD47 /* SessionDriverDetails.swift in Sources */ = {isa = PBXBuildFile; fileRef = CFCEF48528380F710063CD47 /* SessionDriverDetails.swift */; };
		CFCEF489283814AE0063CD47 /* Event.swift in Sources */ = {isa = PBXBuildFile; fileRef = CFCEF488283814AE0063CD47 /* Event.swift */; };
		CFCEF48B283814CA0063CD47 /* Driver.swift in Sources */ = {isa = PBXBuildFile; fileRef = CFCEF48A283814CA0063CD47 /* Driver.swift */; };
		CFCEF48D283814F00063CD47 /* Team.swift in Sources */ = {isa = PBXBuildFile; fileRef = CFCEF48C283814F00063CD47 /* Team.swift */; };
		CFCEF48F2838150A0063CD47 /* NewsArticle.swift in Sources */ = {isa = PBXBuildFile; fileRef = CFCEF48E2838150A0063CD47 /* NewsArticle.swift */; };
		CFCEF491283815360063CD47 /* Session.swift in Sources */ = {isa = PBXBuildFile; fileRef = CFCEF490283815360063CD47 /* Session.swift */; };
		CFCEF4932838154B0063CD47 /* DriverDetailsForSession.swift in Sources */ = {isa = PBXBuildFile; fileRef = CFCEF4922838154B0063CD47 /* DriverDetailsForSession.swift */; };
		CFCEF495283815AC0063CD47 /* DataManager.swift in Sources */ = {isa = PBXBuildFile; fileRef = CFCEF494283815AC0063CD47 /* DataManager.swift */; };
		CFCEF497283815CE0063CD47 /* AppEntryPoint.swift in Sources */ = {isa = PBXBuildFile; fileRef = CFCEF496283815CE0063CD47 /* AppEntryPoint.swift */; };
		CFCEF49A283817BB0063CD47 /* FirebaseDatabase in Frameworks */ = {isa = PBXBuildFile; productRef = CFCEF499283817BB0063CD47 /* FirebaseDatabase */; };
		CFCEF4A028381D860063CD47 /* GoogleService-Info.plist in Resources */ = {isa = PBXBuildFile; fileRef = CFCEF49F28381D860063CD47 /* GoogleService-Info.plist */; };
		CFCEF4A128381D860063CD47 /* GoogleService-Info.plist in Resources */ = {isa = PBXBuildFile; fileRef = CFCEF49F28381D860063CD47 /* GoogleService-Info.plist */; };
		CFCEF4A228381D860063CD47 /* GoogleService-Info.plist in Resources */ = {isa = PBXBuildFile; fileRef = CFCEF49F28381D860063CD47 /* GoogleService-Info.plist */; };
		CFE2697B283A85AD000F52B6 /* drivers.txt in Resources */ = {isa = PBXBuildFile; fileRef = CFE2697A283A85AD000F52B6 /* drivers.txt */; };
		CFE2697D283A8962000F52B6 /* constructors.txt in Resources */ = {isa = PBXBuildFile; fileRef = CFE2697C283A8962000F52B6 /* constructors.txt */; };
/* End PBXBuildFile section */

/* Begin PBXContainerItemProxy section */
		CFCEF40C28380C170063CD47 /* PBXContainerItemProxy */ = {
			isa = PBXContainerItemProxy;
			containerPortal = CFCEF40028380C160063CD47 /* Project object */;
			proxyType = 1;
			remoteGlobalIDString = CFCEF40928380C170063CD47;
			remoteInfo = "Slipstream WatchKit App";
		};
		CFCEF41728380C170063CD47 /* PBXContainerItemProxy */ = {
			isa = PBXContainerItemProxy;
			containerPortal = CFCEF40028380C160063CD47 /* Project object */;
			proxyType = 1;
			remoteGlobalIDString = CFCEF41428380C170063CD47;
			remoteInfo = "Slipstream WatchKit Extension";
		};
		CFCEF43028380C180063CD47 /* PBXContainerItemProxy */ = {
			isa = PBXContainerItemProxy;
			containerPortal = CFCEF40028380C160063CD47 /* Project object */;
			proxyType = 1;
			remoteGlobalIDString = CFCEF41428380C170063CD47;
			remoteInfo = "Slipstream WatchKit Extension";
		};
		CFCEF43A28380C180063CD47 /* PBXContainerItemProxy */ = {
			isa = PBXContainerItemProxy;
			containerPortal = CFCEF40028380C160063CD47 /* Project object */;
			proxyType = 1;
			remoteGlobalIDString = CFCEF40928380C170063CD47;
			remoteInfo = "Slipstream WatchKit App";
		};
/* End PBXContainerItemProxy section */

/* Begin PBXCopyFilesBuildPhase section */
		CFCEF44628380C180063CD47 /* Embed App Extensions */ = {
			isa = PBXCopyFilesBuildPhase;
			buildActionMask = 2147483647;
			dstPath = "";
			dstSubfolderSpec = 13;
			files = (
				CFCEF41628380C170063CD47 /* Slipstream WatchKit Extension.appex in Embed App Extensions */,
			);
			name = "Embed App Extensions";
			runOnlyForDeploymentPostprocessing = 0;
		};
		CFCEF44A28380C180063CD47 /* Embed Watch Content */ = {
			isa = PBXCopyFilesBuildPhase;
			buildActionMask = 2147483647;
			dstPath = "$(CONTENTS_FOLDER_PATH)/Watch";
			dstSubfolderSpec = 16;
			files = (
				CFCEF40B28380C170063CD47 /* Slipstream WatchKit App.app in Embed Watch Content */,
			);
			name = "Embed Watch Content";
			runOnlyForDeploymentPostprocessing = 0;
		};
/* End PBXCopyFilesBuildPhase section */

/* Begin PBXFileReference section */
		CF2CC7862839ADBF00D2189C /* FavoriteDriver.swift */ = {isa = PBXFileReference; lastKnownFileType = sourcecode.swift; path = FavoriteDriver.swift; sourceTree = "<group>"; };
		CF2CC7882839B77200D2189C /* FavoriteTeam.swift */ = {isa = PBXFileReference; lastKnownFileType = sourcecode.swift; path = FavoriteTeam.swift; sourceTree = "<group>"; };
		CF589FE72839272A00EDC489 /* Preferences.swift */ = {isa = PBXFileReference; lastKnownFileType = sourcecode.swift; path = Preferences.swift; sourceTree = "<group>"; };
		CF589FE92839338F00EDC489 /* Notifications.swift */ = {isa = PBXFileReference; lastKnownFileType = sourcecode.swift; path = Notifications.swift; sourceTree = "<group>"; };
		CFCEF40628380C160063CD47 /* Slipstream.app */ = {isa = PBXFileReference; explicitFileType = wrapper.application; includeInIndex = 0; path = Slipstream.app; sourceTree = BUILT_PRODUCTS_DIR; };
		CFCEF40A28380C170063CD47 /* Slipstream WatchKit App.app */ = {isa = PBXFileReference; explicitFileType = wrapper.application; includeInIndex = 0; path = "Slipstream WatchKit App.app"; sourceTree = BUILT_PRODUCTS_DIR; };
		CFCEF40F28380C170063CD47 /* Assets.xcassets */ = {isa = PBXFileReference; lastKnownFileType = folder.assetcatalog; path = Assets.xcassets; sourceTree = "<group>"; };
		CFCEF41528380C170063CD47 /* Slipstream WatchKit Extension.appex */ = {isa = PBXFileReference; explicitFileType = "wrapper.app-extension"; includeInIndex = 0; path = "Slipstream WatchKit Extension.appex"; sourceTree = BUILT_PRODUCTS_DIR; };
		CFCEF41A28380C170063CD47 /* SlipstreamApp.swift */ = {isa = PBXFileReference; lastKnownFileType = sourcecode.swift; path = SlipstreamApp.swift; sourceTree = "<group>"; };
		CFCEF41E28380C170063CD47 /* NotificationController.swift */ = {isa = PBXFileReference; lastKnownFileType = sourcecode.swift; path = NotificationController.swift; sourceTree = "<group>"; };
		CFCEF42228380C170063CD47 /* ComplicationController.swift */ = {isa = PBXFileReference; lastKnownFileType = sourcecode.swift; path = ComplicationController.swift; sourceTree = "<group>"; };
		CFCEF42428380C180063CD47 /* Assets.xcassets */ = {isa = PBXFileReference; lastKnownFileType = folder.assetcatalog; path = Assets.xcassets; sourceTree = "<group>"; };
		CFCEF42728380C180063CD47 /* Preview Assets.xcassets */ = {isa = PBXFileReference; lastKnownFileType = folder.assetcatalog; path = "Preview Assets.xcassets"; sourceTree = "<group>"; };
		CFCEF42928380C180063CD47 /* Info.plist */ = {isa = PBXFileReference; lastKnownFileType = text.plist.xml; path = Info.plist; sourceTree = "<group>"; };
		CFCEF42A28380C180063CD47 /* PushNotificationPayload.apns */ = {isa = PBXFileReference; lastKnownFileType = text; path = PushNotificationPayload.apns; sourceTree = "<group>"; };
		CFCEF42F28380C180063CD47 /* SlipstreamTests.xctest */ = {isa = PBXFileReference; explicitFileType = wrapper.cfbundle; includeInIndex = 0; path = SlipstreamTests.xctest; sourceTree = BUILT_PRODUCTS_DIR; };
		CFCEF43328380C180063CD47 /* SlipstreamTests.swift */ = {isa = PBXFileReference; lastKnownFileType = sourcecode.swift; path = SlipstreamTests.swift; sourceTree = "<group>"; };
		CFCEF43928380C180063CD47 /* SlipstreamUITests.xctest */ = {isa = PBXFileReference; explicitFileType = wrapper.cfbundle; includeInIndex = 0; path = SlipstreamUITests.xctest; sourceTree = BUILT_PRODUCTS_DIR; };
		CFCEF43D28380C180063CD47 /* SlipstreamUITests.swift */ = {isa = PBXFileReference; lastKnownFileType = sourcecode.swift; path = SlipstreamUITests.swift; sourceTree = "<group>"; };
		CFCEF43F28380C180063CD47 /* SlipstreamUITestsLaunchTests.swift */ = {isa = PBXFileReference; lastKnownFileType = sourcecode.swift; path = SlipstreamUITestsLaunchTests.swift; sourceTree = "<group>"; };
		CFCEF45428380C430063CD47 /* Slipstream WatchKit Extension.entitlements */ = {isa = PBXFileReference; lastKnownFileType = text.plist.entitlements; path = "Slipstream WatchKit Extension.entitlements"; sourceTree = "<group>"; };
		CFCEF45628380C930063CD47 /* NotificationView.swift */ = {isa = PBXFileReference; lastKnownFileType = sourcecode.swift; path = NotificationView.swift; sourceTree = "<group>"; };
		CFCEF45828380CB30063CD47 /* AppDelegate.swift */ = {isa = PBXFileReference; lastKnownFileType = sourcecode.swift; path = AppDelegate.swift; sourceTree = "<group>"; };
		CFCEF45B28380D050063CD47 /* sessions.json */ = {isa = PBXFileReference; fileEncoding = 4; lastKnownFileType = text.json; path = sessions.json; sourceTree = "<group>"; };
		CFCEF45C28380D050063CD47 /* season_schedule.json */ = {isa = PBXFileReference; fileEncoding = 4; lastKnownFileType = text.json; path = season_schedule.json; sourceTree = "<group>"; };
		CFCEF45D28380D050063CD47 /* team_standings.json */ = {isa = PBXFileReference; fileEncoding = 4; lastKnownFileType = text.json; path = team_standings.json; sourceTree = "<group>"; };
		CFCEF45E28380D050063CD47 /* news.json */ = {isa = PBXFileReference; fileEncoding = 4; lastKnownFileType = text.json; path = news.json; sourceTree = "<group>"; };
		CFCEF46A28380D950063CD47 /* Standings.swift */ = {isa = PBXFileReference; lastKnownFileType = sourcecode.swift; path = Standings.swift; sourceTree = "<group>"; };
		CFCEF46D28380DC40063CD47 /* TeamStandings.swift */ = {isa = PBXFileReference; lastKnownFileType = sourcecode.swift; path = TeamStandings.swift; sourceTree = "<group>"; };
		CFCEF46F28380DE80063CD47 /* TeamDetails.swift */ = {isa = PBXFileReference; lastKnownFileType = sourcecode.swift; path = TeamDetails.swift; sourceTree = "<group>"; };
		CFCEF47228380E2E0063CD47 /* DriverDetails.swift */ = {isa = PBXFileReference; lastKnownFileType = sourcecode.swift; path = DriverDetails.swift; sourceTree = "<group>"; };
		CFCEF47428380E4C0063CD47 /* DriverStandings.swift */ = {isa = PBXFileReference; lastKnownFileType = sourcecode.swift; path = DriverStandings.swift; sourceTree = "<group>"; };
		CFCEF47728380E8C0063CD47 /* NewsList.swift */ = {isa = PBXFileReference; lastKnownFileType = sourcecode.swift; path = NewsList.swift; sourceTree = "<group>"; };
		CFCEF47928380EA90063CD47 /* Article.swift */ = {isa = PBXFileReference; lastKnownFileType = sourcecode.swift; path = Article.swift; sourceTree = "<group>"; };
		CFCEF47C28380EE00063CD47 /* EventsList.swift */ = {isa = PBXFileReference; lastKnownFileType = sourcecode.swift; path = EventsList.swift; sourceTree = "<group>"; };
		CFCEF47E28380F070063CD47 /* TrackInfo.swift */ = {isa = PBXFileReference; lastKnownFileType = sourcecode.swift; path = TrackInfo.swift; sourceTree = "<group>"; };
		CFCEF48028380F250063CD47 /* EventMenu.swift */ = {isa = PBXFileReference; lastKnownFileType = sourcecode.swift; path = EventMenu.swift; sourceTree = "<group>"; };
		CFCEF48328380F520063CD47 /* SessionGrid.swift */ = {isa = PBXFileReference; lastKnownFileType = sourcecode.swift; path = SessionGrid.swift; sourceTree = "<group>"; };
		CFCEF48528380F710063CD47 /* SessionDriverDetails.swift */ = {isa = PBXFileReference; lastKnownFileType = sourcecode.swift; path = SessionDriverDetails.swift; sourceTree = "<group>"; };
		CFCEF488283814AE0063CD47 /* Event.swift */ = {isa = PBXFileReference; lastKnownFileType = sourcecode.swift; path = Event.swift; sourceTree = "<group>"; };
		CFCEF48A283814CA0063CD47 /* Driver.swift */ = {isa = PBXFileReference; lastKnownFileType = sourcecode.swift; path = Driver.swift; sourceTree = "<group>"; };
		CFCEF48C283814F00063CD47 /* Team.swift */ = {isa = PBXFileReference; lastKnownFileType = sourcecode.swift; path = Team.swift; sourceTree = "<group>"; };
		CFCEF48E2838150A0063CD47 /* NewsArticle.swift */ = {isa = PBXFileReference; lastKnownFileType = sourcecode.swift; path = NewsArticle.swift; sourceTree = "<group>"; };
		CFCEF490283815360063CD47 /* Session.swift */ = {isa = PBXFileReference; lastKnownFileType = sourcecode.swift; path = Session.swift; sourceTree = "<group>"; };
		CFCEF4922838154B0063CD47 /* DriverDetailsForSession.swift */ = {isa = PBXFileReference; lastKnownFileType = sourcecode.swift; path = DriverDetailsForSession.swift; sourceTree = "<group>"; };
		CFCEF494283815AC0063CD47 /* DataManager.swift */ = {isa = PBXFileReference; lastKnownFileType = sourcecode.swift; path = DataManager.swift; sourceTree = "<group>"; };
		CFCEF496283815CE0063CD47 /* AppEntryPoint.swift */ = {isa = PBXFileReference; lastKnownFileType = sourcecode.swift; path = AppEntryPoint.swift; sourceTree = "<group>"; };
		CFCEF49F28381D860063CD47 /* GoogleService-Info.plist */ = {isa = PBXFileReference; fileEncoding = 4; lastKnownFileType = text.plist.xml; path = "GoogleService-Info.plist"; sourceTree = "<group>"; };
		CFE2697A283A85AD000F52B6 /* drivers.txt */ = {isa = PBXFileReference; fileEncoding = 4; lastKnownFileType = text; path = drivers.txt; sourceTree = "<group>"; };
		CFE2697C283A8962000F52B6 /* constructors.txt */ = {isa = PBXFileReference; fileEncoding = 4; lastKnownFileType = text; path = constructors.txt; sourceTree = "<group>"; };
/* End PBXFileReference section */

/* Begin PBXFrameworksBuildPhase section */
		CFCEF41228380C170063CD47 /* Frameworks */ = {
			isa = PBXFrameworksBuildPhase;
			buildActionMask = 2147483647;
			files = (
				CFCEF49A283817BB0063CD47 /* FirebaseDatabase in Frameworks */,
			);
			runOnlyForDeploymentPostprocessing = 0;
		};
		CFCEF42C28380C180063CD47 /* Frameworks */ = {
			isa = PBXFrameworksBuildPhase;
			buildActionMask = 2147483647;
			files = (
			);
			runOnlyForDeploymentPostprocessing = 0;
		};
		CFCEF43628380C180063CD47 /* Frameworks */ = {
			isa = PBXFrameworksBuildPhase;
			buildActionMask = 2147483647;
			files = (
			);
			runOnlyForDeploymentPostprocessing = 0;
		};
/* End PBXFrameworksBuildPhase section */

/* Begin PBXGroup section */
		CFCEF3FF28380C160063CD47 = {
			isa = PBXGroup;
			children = (
				CFCEF49F28381D860063CD47 /* GoogleService-Info.plist */,
				CFCEF40E28380C170063CD47 /* Slipstream WatchKit App */,
				CFCEF41928380C170063CD47 /* Slipstream WatchKit Extension */,
				CFCEF43228380C180063CD47 /* SlipstreamTests */,
				CFCEF43C28380C180063CD47 /* SlipstreamUITests */,
				CFCEF40728380C160063CD47 /* Products */,
			);
			sourceTree = "<group>";
		};
		CFCEF40728380C160063CD47 /* Products */ = {
			isa = PBXGroup;
			children = (
				CFCEF40628380C160063CD47 /* Slipstream.app */,
				CFCEF40A28380C170063CD47 /* Slipstream WatchKit App.app */,
				CFCEF41528380C170063CD47 /* Slipstream WatchKit Extension.appex */,
				CFCEF42F28380C180063CD47 /* SlipstreamTests.xctest */,
				CFCEF43928380C180063CD47 /* SlipstreamUITests.xctest */,
			);
			name = Products;
			sourceTree = "<group>";
		};
		CFCEF40E28380C170063CD47 /* Slipstream WatchKit App */ = {
			isa = PBXGroup;
			children = (
				CFCEF40F28380C170063CD47 /* Assets.xcassets */,
			);
			path = "Slipstream WatchKit App";
			sourceTree = "<group>";
		};
		CFCEF41928380C170063CD47 /* Slipstream WatchKit Extension */ = {
			isa = PBXGroup;
			children = (
				CFCEF42A28380C180063CD47 /* PushNotificationPayload.apns */,
				CFCEF45428380C430063CD47 /* Slipstream WatchKit Extension.entitlements */,
				CFCEF42928380C180063CD47 /* Info.plist */,
				CFCEF496283815CE0063CD47 /* AppEntryPoint.swift */,
				CFCEF42228380C170063CD47 /* ComplicationController.swift */,
				CFCEF494283815AC0063CD47 /* DataManager.swift */,
				CFCEF41E28380C170063CD47 /* NotificationController.swift */,
				CFCEF41A28380C170063CD47 /* SlipstreamApp.swift */,
				CFCEF42428380C180063CD47 /* Assets.xcassets */,
				CFCEF45A28380CE50063CD47 /* FIles */,
				CFCEF48728380F8C0063CD47 /* Model */,
				CFCEF45528380C6C0063CD47 /* Notifications */,
				CFCEF42628380C180063CD47 /* Preview Content */,
				CFCEF46328380D190063CD47 /* Screens */,
			);
			path = "Slipstream WatchKit Extension";
			sourceTree = "<group>";
		};
		CFCEF42628380C180063CD47 /* Preview Content */ = {
			isa = PBXGroup;
			children = (
				CFCEF42728380C180063CD47 /* Preview Assets.xcassets */,
			);
			path = "Preview Content";
			sourceTree = "<group>";
		};
		CFCEF43228380C180063CD47 /* SlipstreamTests */ = {
			isa = PBXGroup;
			children = (
				CFCEF43328380C180063CD47 /* SlipstreamTests.swift */,
			);
			path = SlipstreamTests;
			sourceTree = "<group>";
		};
		CFCEF43C28380C180063CD47 /* SlipstreamUITests */ = {
			isa = PBXGroup;
			children = (
				CFCEF43D28380C180063CD47 /* SlipstreamUITests.swift */,
				CFCEF43F28380C180063CD47 /* SlipstreamUITestsLaunchTests.swift */,
			);
			path = SlipstreamUITests;
			sourceTree = "<group>";
		};
		CFCEF45528380C6C0063CD47 /* Notifications */ = {
			isa = PBXGroup;
			children = (
				CFCEF45628380C930063CD47 /* NotificationView.swift */,
				CFCEF45828380CB30063CD47 /* AppDelegate.swift */,
			);
			path = Notifications;
			sourceTree = "<group>";
		};
		CFCEF45A28380CE50063CD47 /* FIles */ = {
			isa = PBXGroup;
			children = (
				CFE2697A283A85AD000F52B6 /* drivers.txt */,
				CFE2697C283A8962000F52B6 /* constructors.txt */,
				CFCEF45E28380D050063CD47 /* news.json */,
				CFCEF45C28380D050063CD47 /* season_schedule.json */,
				CFCEF45B28380D050063CD47 /* sessions.json */,
				CFCEF45D28380D050063CD47 /* team_standings.json */,
			);
			path = FIles;
			sourceTree = "<group>";
		};
		CFCEF46328380D190063CD47 /* Screens */ = {
			isa = PBXGroup;
			children = (
				CFCEF47B28380EC90063CD47 /* Season */,
				CFCEF47628380E6C0063CD47 /* News */,
				CFCEF46928380D830063CD47 /* Standings */,
				CFCEF46428380D300063CD47 /* Preferences */,
			);
			path = Screens;
			sourceTree = "<group>";
		};
		CFCEF46428380D300063CD47 /* Preferences */ = {
			isa = PBXGroup;
			children = (
				CF589FE72839272A00EDC489 /* Preferences.swift */,
				CF589FE92839338F00EDC489 /* Notifications.swift */,
				CF2CC7862839ADBF00D2189C /* FavoriteDriver.swift */,
				CF2CC7882839B77200D2189C /* FavoriteTeam.swift */,
			);
			path = Preferences;
			sourceTree = "<group>";
		};
		CFCEF46928380D830063CD47 /* Standings */ = {
			isa = PBXGroup;
			children = (
				CFCEF47128380E120063CD47 /* Drivers */,
				CFCEF46C28380DAD0063CD47 /* Teams */,
				CFCEF46A28380D950063CD47 /* Standings.swift */,
			);
			path = Standings;
			sourceTree = "<group>";
		};
		CFCEF46C28380DAD0063CD47 /* Teams */ = {
			isa = PBXGroup;
			children = (
				CFCEF46D28380DC40063CD47 /* TeamStandings.swift */,
				CFCEF46F28380DE80063CD47 /* TeamDetails.swift */,
			);
			path = Teams;
			sourceTree = "<group>";
		};
		CFCEF47128380E120063CD47 /* Drivers */ = {
			isa = PBXGroup;
			children = (
				CFCEF47228380E2E0063CD47 /* DriverDetails.swift */,
				CFCEF47428380E4C0063CD47 /* DriverStandings.swift */,
			);
			path = Drivers;
			sourceTree = "<group>";
		};
		CFCEF47628380E6C0063CD47 /* News */ = {
			isa = PBXGroup;
			children = (
				CFCEF47728380E8C0063CD47 /* NewsList.swift */,
				CFCEF47928380EA90063CD47 /* Article.swift */,
			);
			path = News;
			sourceTree = "<group>";
		};
		CFCEF47B28380EC90063CD47 /* Season */ = {
			isa = PBXGroup;
			children = (
				CFCEF48228380F440063CD47 /* Session */,
				CFCEF47C28380EE00063CD47 /* EventsList.swift */,
				CFCEF47E28380F070063CD47 /* TrackInfo.swift */,
				CFCEF48028380F250063CD47 /* EventMenu.swift */,
			);
			path = Season;
			sourceTree = "<group>";
		};
		CFCEF48228380F440063CD47 /* Session */ = {
			isa = PBXGroup;
			children = (
				CFCEF48328380F520063CD47 /* SessionGrid.swift */,
				CFCEF48528380F710063CD47 /* SessionDriverDetails.swift */,
			);
			path = Session;
			sourceTree = "<group>";
		};
		CFCEF48728380F8C0063CD47 /* Model */ = {
			isa = PBXGroup;
			children = (
				CFCEF488283814AE0063CD47 /* Event.swift */,
				CFCEF48A283814CA0063CD47 /* Driver.swift */,
				CFCEF48C283814F00063CD47 /* Team.swift */,
				CFCEF48E2838150A0063CD47 /* NewsArticle.swift */,
				CFCEF490283815360063CD47 /* Session.swift */,
				CFCEF4922838154B0063CD47 /* DriverDetailsForSession.swift */,
			);
			path = Model;
			sourceTree = "<group>";
		};
/* End PBXGroup section */

/* Begin PBXNativeTarget section */
		CFCEF40528380C160063CD47 /* Slipstream */ = {
			isa = PBXNativeTarget;
			buildConfigurationList = CFCEF44B28380C180063CD47 /* Build configuration list for PBXNativeTarget "Slipstream" */;
			buildPhases = (
				CFCEF40428380C160063CD47 /* Resources */,
				CFCEF44A28380C180063CD47 /* Embed Watch Content */,
			);
			buildRules = (
			);
			dependencies = (
				CFCEF40D28380C170063CD47 /* PBXTargetDependency */,
			);
			name = Slipstream;
			productName = Slipstream;
			productReference = CFCEF40628380C160063CD47 /* Slipstream.app */;
			productType = "com.apple.product-type.application.watchapp2-container";
		};
		CFCEF40928380C170063CD47 /* Slipstream WatchKit App */ = {
			isa = PBXNativeTarget;
			buildConfigurationList = CFCEF44728380C180063CD47 /* Build configuration list for PBXNativeTarget "Slipstream WatchKit App" */;
			buildPhases = (
				CFCEF40828380C170063CD47 /* Resources */,
				CFCEF44628380C180063CD47 /* Embed App Extensions */,
			);
			buildRules = (
			);
			dependencies = (
				CFCEF41828380C170063CD47 /* PBXTargetDependency */,
			);
			name = "Slipstream WatchKit App";
			productName = "Slipstream WatchKit App";
			productReference = CFCEF40A28380C170063CD47 /* Slipstream WatchKit App.app */;
			productType = "com.apple.product-type.application.watchapp2";
		};
		CFCEF41428380C170063CD47 /* Slipstream WatchKit Extension */ = {
			isa = PBXNativeTarget;
			buildConfigurationList = CFCEF44328380C180063CD47 /* Build configuration list for PBXNativeTarget "Slipstream WatchKit Extension" */;
			buildPhases = (
				CFCEF41128380C170063CD47 /* Sources */,
				CFCEF41228380C170063CD47 /* Frameworks */,
				CFCEF41328380C170063CD47 /* Resources */,
			);
			buildRules = (
			);
			dependencies = (
			);
			name = "Slipstream WatchKit Extension";
			packageProductDependencies = (
				CFCEF499283817BB0063CD47 /* FirebaseDatabase */,
			);
			productName = "Slipstream WatchKit Extension";
			productReference = CFCEF41528380C170063CD47 /* Slipstream WatchKit Extension.appex */;
			productType = "com.apple.product-type.watchkit2-extension";
		};
		CFCEF42E28380C180063CD47 /* SlipstreamTests */ = {
			isa = PBXNativeTarget;
			buildConfigurationList = CFCEF44E28380C180063CD47 /* Build configuration list for PBXNativeTarget "SlipstreamTests" */;
			buildPhases = (
				CFCEF42B28380C180063CD47 /* Sources */,
				CFCEF42C28380C180063CD47 /* Frameworks */,
				CFCEF42D28380C180063CD47 /* Resources */,
			);
			buildRules = (
			);
			dependencies = (
				CFCEF43128380C180063CD47 /* PBXTargetDependency */,
			);
			name = SlipstreamTests;
			productName = SlipstreamTests;
			productReference = CFCEF42F28380C180063CD47 /* SlipstreamTests.xctest */;
			productType = "com.apple.product-type.bundle.unit-test";
		};
		CFCEF43828380C180063CD47 /* SlipstreamUITests */ = {
			isa = PBXNativeTarget;
			buildConfigurationList = CFCEF45128380C180063CD47 /* Build configuration list for PBXNativeTarget "SlipstreamUITests" */;
			buildPhases = (
				CFCEF43528380C180063CD47 /* Sources */,
				CFCEF43628380C180063CD47 /* Frameworks */,
				CFCEF43728380C180063CD47 /* Resources */,
			);
			buildRules = (
			);
			dependencies = (
				CFCEF43B28380C180063CD47 /* PBXTargetDependency */,
			);
			name = SlipstreamUITests;
			productName = SlipstreamUITests;
			productReference = CFCEF43928380C180063CD47 /* SlipstreamUITests.xctest */;
			productType = "com.apple.product-type.bundle.ui-testing";
		};
/* End PBXNativeTarget section */

/* Begin PBXProject section */
		CFCEF40028380C160063CD47 /* Project object */ = {
			isa = PBXProject;
			attributes = {
				BuildIndependentTargetsInParallel = 1;
				LastSwiftUpdateCheck = 1330;
				LastUpgradeCheck = 1330;
				TargetAttributes = {
					CFCEF40528380C160063CD47 = {
						CreatedOnToolsVersion = 13.3.1;
					};
					CFCEF40928380C170063CD47 = {
						CreatedOnToolsVersion = 13.3.1;
					};
					CFCEF41428380C170063CD47 = {
						CreatedOnToolsVersion = 13.3.1;
					};
					CFCEF42E28380C180063CD47 = {
						CreatedOnToolsVersion = 13.3.1;
						TestTargetID = CFCEF41428380C170063CD47;
					};
					CFCEF43828380C180063CD47 = {
						CreatedOnToolsVersion = 13.3.1;
						TestTargetID = CFCEF40928380C170063CD47;
					};
				};
			};
			buildConfigurationList = CFCEF40328380C160063CD47 /* Build configuration list for PBXProject "Slipstream" */;
			compatibilityVersion = "Xcode 13.0";
			developmentRegion = en;
			hasScannedForEncodings = 0;
			knownRegions = (
				en,
				Base,
			);
			mainGroup = CFCEF3FF28380C160063CD47;
			packageReferences = (
				CFCEF498283817BB0063CD47 /* XCRemoteSwiftPackageReference "firebase-ios-sdk" */,
			);
			productRefGroup = CFCEF40728380C160063CD47 /* Products */;
			projectDirPath = "";
			projectRoot = "";
			targets = (
				CFCEF40528380C160063CD47 /* Slipstream */,
				CFCEF40928380C170063CD47 /* Slipstream WatchKit App */,
				CFCEF41428380C170063CD47 /* Slipstream WatchKit Extension */,
				CFCEF42E28380C180063CD47 /* SlipstreamTests */,
				CFCEF43828380C180063CD47 /* SlipstreamUITests */,
			);
		};
/* End PBXProject section */

/* Begin PBXResourcesBuildPhase section */
		CFCEF40428380C160063CD47 /* Resources */ = {
			isa = PBXResourcesBuildPhase;
			buildActionMask = 2147483647;
			files = (
				CFCEF4A028381D860063CD47 /* GoogleService-Info.plist in Resources */,
			);
			runOnlyForDeploymentPostprocessing = 0;
		};
		CFCEF40828380C170063CD47 /* Resources */ = {
			isa = PBXResourcesBuildPhase;
			buildActionMask = 2147483647;
			files = (
				CFCEF41028380C170063CD47 /* Assets.xcassets in Resources */,
				CFCEF4A128381D860063CD47 /* GoogleService-Info.plist in Resources */,
			);
			runOnlyForDeploymentPostprocessing = 0;
		};
		CFCEF41328380C170063CD47 /* Resources */ = {
			isa = PBXResourcesBuildPhase;
			buildActionMask = 2147483647;
			files = (
				CFE2697B283A85AD000F52B6 /* drivers.txt in Resources */,
				CFCEF46228380D050063CD47 /* news.json in Resources */,
				CFCEF42828380C180063CD47 /* Preview Assets.xcassets in Resources */,
				CFCEF46028380D050063CD47 /* season_schedule.json in Resources */,
				CFCEF45F28380D050063CD47 /* sessions.json in Resources */,
				CFCEF42528380C180063CD47 /* Assets.xcassets in Resources */,
				CFE2697D283A8962000F52B6 /* constructors.txt in Resources */,
				CFCEF46128380D050063CD47 /* team_standings.json in Resources */,
				CFCEF4A228381D860063CD47 /* GoogleService-Info.plist in Resources */,
			);
			runOnlyForDeploymentPostprocessing = 0;
		};
		CFCEF42D28380C180063CD47 /* Resources */ = {
			isa = PBXResourcesBuildPhase;
			buildActionMask = 2147483647;
			files = (
			);
			runOnlyForDeploymentPostprocessing = 0;
		};
		CFCEF43728380C180063CD47 /* Resources */ = {
			isa = PBXResourcesBuildPhase;
			buildActionMask = 2147483647;
			files = (
			);
			runOnlyForDeploymentPostprocessing = 0;
		};
/* End PBXResourcesBuildPhase section */

/* Begin PBXSourcesBuildPhase section */
		CFCEF41128380C170063CD47 /* Sources */ = {
			isa = PBXSourcesBuildPhase;
			buildActionMask = 2147483647;
			files = (
				CFCEF41F28380C170063CD47 /* NotificationController.swift in Sources */,
				CFCEF497283815CE0063CD47 /* AppEntryPoint.swift in Sources */,
				CFCEF47F28380F070063CD47 /* TrackInfo.swift in Sources */,
				CFCEF47028380DE80063CD47 /* TeamDetails.swift in Sources */,
				CFCEF47328380E2E0063CD47 /* DriverDetails.swift in Sources */,
				CFCEF48128380F250063CD47 /* EventMenu.swift in Sources */,
				CFCEF48428380F520063CD47 /* SessionGrid.swift in Sources */,
				CFCEF46E28380DC40063CD47 /* TeamStandings.swift in Sources */,
				CF589FEA2839338F00EDC489 /* Notifications.swift in Sources */,
				CFCEF48628380F710063CD47 /* SessionDriverDetails.swift in Sources */,
				CFCEF47828380E8C0063CD47 /* NewsList.swift in Sources */,
				CF589FE82839272A00EDC489 /* Preferences.swift in Sources */,
				CFCEF46B28380D950063CD47 /* Standings.swift in Sources */,
				CFCEF48D283814F00063CD47 /* Team.swift in Sources */,
				CFCEF489283814AE0063CD47 /* Event.swift in Sources */,
				CFCEF48B283814CA0063CD47 /* Driver.swift in Sources */,
				CF2CC7872839ADBF00D2189C /* FavoriteDriver.swift in Sources */,
				CFCEF4932838154B0063CD47 /* DriverDetailsForSession.swift in Sources */,
				CFCEF42328380C170063CD47 /* ComplicationController.swift in Sources */,
				CFCEF495283815AC0063CD47 /* DataManager.swift in Sources */,
				CFCEF47D28380EE00063CD47 /* EventsList.swift in Sources */,
				CF2CC7892839B77200D2189C /* FavoriteTeam.swift in Sources */,
				CFCEF48F2838150A0063CD47 /* NewsArticle.swift in Sources */,
				CFCEF41B28380C170063CD47 /* SlipstreamApp.swift in Sources */,
				CFCEF491283815360063CD47 /* Session.swift in Sources */,
				CFCEF45928380CB30063CD47 /* AppDelegate.swift in Sources */,
				CFCEF47A28380EA90063CD47 /* Article.swift in Sources */,
				CFCEF47528380E4C0063CD47 /* DriverStandings.swift in Sources */,
				CFCEF45728380C930063CD47 /* NotificationView.swift in Sources */,
			);
			runOnlyForDeploymentPostprocessing = 0;
		};
		CFCEF42B28380C180063CD47 /* Sources */ = {
			isa = PBXSourcesBuildPhase;
			buildActionMask = 2147483647;
			files = (
				CFCEF43428380C180063CD47 /* SlipstreamTests.swift in Sources */,
			);
			runOnlyForDeploymentPostprocessing = 0;
		};
		CFCEF43528380C180063CD47 /* Sources */ = {
			isa = PBXSourcesBuildPhase;
			buildActionMask = 2147483647;
			files = (
				CFCEF44028380C180063CD47 /* SlipstreamUITestsLaunchTests.swift in Sources */,
				CFCEF43E28380C180063CD47 /* SlipstreamUITests.swift in Sources */,
			);
			runOnlyForDeploymentPostprocessing = 0;
		};
/* End PBXSourcesBuildPhase section */

/* Begin PBXTargetDependency section */
		CFCEF40D28380C170063CD47 /* PBXTargetDependency */ = {
			isa = PBXTargetDependency;
			target = CFCEF40928380C170063CD47 /* Slipstream WatchKit App */;
			targetProxy = CFCEF40C28380C170063CD47 /* PBXContainerItemProxy */;
		};
		CFCEF41828380C170063CD47 /* PBXTargetDependency */ = {
			isa = PBXTargetDependency;
			target = CFCEF41428380C170063CD47 /* Slipstream WatchKit Extension */;
			targetProxy = CFCEF41728380C170063CD47 /* PBXContainerItemProxy */;
		};
		CFCEF43128380C180063CD47 /* PBXTargetDependency */ = {
			isa = PBXTargetDependency;
			target = CFCEF41428380C170063CD47 /* Slipstream WatchKit Extension */;
			targetProxy = CFCEF43028380C180063CD47 /* PBXContainerItemProxy */;
		};
		CFCEF43B28380C180063CD47 /* PBXTargetDependency */ = {
			isa = PBXTargetDependency;
			target = CFCEF40928380C170063CD47 /* Slipstream WatchKit App */;
			targetProxy = CFCEF43A28380C180063CD47 /* PBXContainerItemProxy */;
		};
/* End PBXTargetDependency section */

/* Begin XCBuildConfiguration section */
		CFCEF44128380C180063CD47 /* Debug */ = {
			isa = XCBuildConfiguration;
			buildSettings = {
				ALWAYS_SEARCH_USER_PATHS = NO;
				CLANG_ANALYZER_NONNULL = YES;
				CLANG_ANALYZER_NUMBER_OBJECT_CONVERSION = YES_AGGRESSIVE;
				CLANG_CXX_LANGUAGE_STANDARD = "gnu++17";
				CLANG_ENABLE_MODULES = YES;
				CLANG_ENABLE_OBJC_ARC = YES;
				CLANG_ENABLE_OBJC_WEAK = YES;
				CLANG_WARN_BLOCK_CAPTURE_AUTORELEASING = YES;
				CLANG_WARN_BOOL_CONVERSION = YES;
				CLANG_WARN_COMMA = YES;
				CLANG_WARN_CONSTANT_CONVERSION = YES;
				CLANG_WARN_DEPRECATED_OBJC_IMPLEMENTATIONS = YES;
				CLANG_WARN_DIRECT_OBJC_ISA_USAGE = YES_ERROR;
				CLANG_WARN_DOCUMENTATION_COMMENTS = YES;
				CLANG_WARN_EMPTY_BODY = YES;
				CLANG_WARN_ENUM_CONVERSION = YES;
				CLANG_WARN_INFINITE_RECURSION = YES;
				CLANG_WARN_INT_CONVERSION = YES;
				CLANG_WARN_NON_LITERAL_NULL_CONVERSION = YES;
				CLANG_WARN_OBJC_IMPLICIT_RETAIN_SELF = YES;
				CLANG_WARN_OBJC_LITERAL_CONVERSION = YES;
				CLANG_WARN_OBJC_ROOT_CLASS = YES_ERROR;
				CLANG_WARN_QUOTED_INCLUDE_IN_FRAMEWORK_HEADER = YES;
				CLANG_WARN_RANGE_LOOP_ANALYSIS = YES;
				CLANG_WARN_STRICT_PROTOTYPES = YES;
				CLANG_WARN_SUSPICIOUS_MOVE = YES;
				CLANG_WARN_UNGUARDED_AVAILABILITY = YES_AGGRESSIVE;
				CLANG_WARN_UNREACHABLE_CODE = YES;
				CLANG_WARN__DUPLICATE_METHOD_MATCH = YES;
				COPY_PHASE_STRIP = NO;
				DEBUG_INFORMATION_FORMAT = dwarf;
				ENABLE_STRICT_OBJC_MSGSEND = YES;
				ENABLE_TESTABILITY = YES;
				GCC_C_LANGUAGE_STANDARD = gnu11;
				GCC_DYNAMIC_NO_PIC = NO;
				GCC_NO_COMMON_BLOCKS = YES;
				GCC_OPTIMIZATION_LEVEL = 0;
				GCC_PREPROCESSOR_DEFINITIONS = (
					"DEBUG=1",
					"$(inherited)",
				);
				GCC_WARN_64_TO_32_BIT_CONVERSION = YES;
				GCC_WARN_ABOUT_RETURN_TYPE = YES_ERROR;
				GCC_WARN_UNDECLARED_SELECTOR = YES;
				GCC_WARN_UNINITIALIZED_AUTOS = YES_AGGRESSIVE;
				GCC_WARN_UNUSED_FUNCTION = YES;
				GCC_WARN_UNUSED_VARIABLE = YES;
				MTL_ENABLE_DEBUG_INFO = INCLUDE_SOURCE;
				MTL_FAST_MATH = YES;
				ONLY_ACTIVE_ARCH = YES;
				SDKROOT = iphoneos;
				SWIFT_ACTIVE_COMPILATION_CONDITIONS = DEBUG;
				SWIFT_OPTIMIZATION_LEVEL = "-Onone";
			};
			name = Debug;
		};
		CFCEF44228380C180063CD47 /* Release */ = {
			isa = XCBuildConfiguration;
			buildSettings = {
				ALWAYS_SEARCH_USER_PATHS = NO;
				CLANG_ANALYZER_NONNULL = YES;
				CLANG_ANALYZER_NUMBER_OBJECT_CONVERSION = YES_AGGRESSIVE;
				CLANG_CXX_LANGUAGE_STANDARD = "gnu++17";
				CLANG_ENABLE_MODULES = YES;
				CLANG_ENABLE_OBJC_ARC = YES;
				CLANG_ENABLE_OBJC_WEAK = YES;
				CLANG_WARN_BLOCK_CAPTURE_AUTORELEASING = YES;
				CLANG_WARN_BOOL_CONVERSION = YES;
				CLANG_WARN_COMMA = YES;
				CLANG_WARN_CONSTANT_CONVERSION = YES;
				CLANG_WARN_DEPRECATED_OBJC_IMPLEMENTATIONS = YES;
				CLANG_WARN_DIRECT_OBJC_ISA_USAGE = YES_ERROR;
				CLANG_WARN_DOCUMENTATION_COMMENTS = YES;
				CLANG_WARN_EMPTY_BODY = YES;
				CLANG_WARN_ENUM_CONVERSION = YES;
				CLANG_WARN_INFINITE_RECURSION = YES;
				CLANG_WARN_INT_CONVERSION = YES;
				CLANG_WARN_NON_LITERAL_NULL_CONVERSION = YES;
				CLANG_WARN_OBJC_IMPLICIT_RETAIN_SELF = YES;
				CLANG_WARN_OBJC_LITERAL_CONVERSION = YES;
				CLANG_WARN_OBJC_ROOT_CLASS = YES_ERROR;
				CLANG_WARN_QUOTED_INCLUDE_IN_FRAMEWORK_HEADER = YES;
				CLANG_WARN_RANGE_LOOP_ANALYSIS = YES;
				CLANG_WARN_STRICT_PROTOTYPES = YES;
				CLANG_WARN_SUSPICIOUS_MOVE = YES;
				CLANG_WARN_UNGUARDED_AVAILABILITY = YES_AGGRESSIVE;
				CLANG_WARN_UNREACHABLE_CODE = YES;
				CLANG_WARN__DUPLICATE_METHOD_MATCH = YES;
				COPY_PHASE_STRIP = NO;
				DEBUG_INFORMATION_FORMAT = "dwarf-with-dsym";
				ENABLE_NS_ASSERTIONS = NO;
				ENABLE_STRICT_OBJC_MSGSEND = YES;
				GCC_C_LANGUAGE_STANDARD = gnu11;
				GCC_NO_COMMON_BLOCKS = YES;
				GCC_WARN_64_TO_32_BIT_CONVERSION = YES;
				GCC_WARN_ABOUT_RETURN_TYPE = YES_ERROR;
				GCC_WARN_UNDECLARED_SELECTOR = YES;
				GCC_WARN_UNINITIALIZED_AUTOS = YES_AGGRESSIVE;
				GCC_WARN_UNUSED_FUNCTION = YES;
				GCC_WARN_UNUSED_VARIABLE = YES;
				MTL_ENABLE_DEBUG_INFO = NO;
				MTL_FAST_MATH = YES;
				SDKROOT = iphoneos;
				SWIFT_COMPILATION_MODE = wholemodule;
				SWIFT_OPTIMIZATION_LEVEL = "-O";
				VALIDATE_PRODUCT = YES;
			};
			name = Release;
		};
		CFCEF44428380C180063CD47 /* Debug */ = {
			isa = XCBuildConfiguration;
			buildSettings = {
				ASSETCATALOG_COMPILER_COMPLICATION_NAME = Complication;
				CODE_SIGN_ENTITLEMENTS = "Slipstream WatchKit Extension/Slipstream WatchKit Extension.entitlements";
				CODE_SIGN_STYLE = Automatic;
				CURRENT_PROJECT_VERSION = 1;
				DEVELOPMENT_ASSET_PATHS = "\"Slipstream WatchKit Extension/Preview Content\"";
				DEVELOPMENT_TEAM = Y4642869FB;
				ENABLE_PREVIEWS = YES;
				GENERATE_INFOPLIST_FILE = YES;
				INFOPLIST_FILE = "Slipstream WatchKit Extension/Info.plist";
				INFOPLIST_KEY_CFBundleDisplayName = "Slipstream WatchKit Extension";
				INFOPLIST_KEY_CLKComplicationPrincipalClass = Slipstream_WatchKit_Extension.ComplicationController;
				INFOPLIST_KEY_NSHumanReadableCopyright = "";
				INFOPLIST_KEY_WKWatchOnly = YES;
				LD_RUNPATH_SEARCH_PATHS = (
					"$(inherited)",
					"@executable_path/Frameworks",
					"@executable_path/../../Frameworks",
				);
				MARKETING_VERSION = 1.0;
				PRODUCT_BUNDLE_IDENTIFIER = com.tomasmamede.Slipstream.watchkitapp.watchkitextension;
				PRODUCT_NAME = "${TARGET_NAME}";
				SDKROOT = watchos;
				SKIP_INSTALL = YES;
				SWIFT_EMIT_LOC_STRINGS = YES;
				SWIFT_VERSION = 5.0;
				TARGETED_DEVICE_FAMILY = 4;
				WATCHOS_DEPLOYMENT_TARGET = 8.5;
			};
			name = Debug;
		};
		CFCEF44528380C180063CD47 /* Release */ = {
			isa = XCBuildConfiguration;
			buildSettings = {
				ASSETCATALOG_COMPILER_COMPLICATION_NAME = Complication;
				CODE_SIGN_ENTITLEMENTS = "Slipstream WatchKit Extension/Slipstream WatchKit Extension.entitlements";
				CODE_SIGN_STYLE = Automatic;
				CURRENT_PROJECT_VERSION = 1;
				DEVELOPMENT_ASSET_PATHS = "\"Slipstream WatchKit Extension/Preview Content\"";
				DEVELOPMENT_TEAM = Y4642869FB;
				ENABLE_PREVIEWS = YES;
				GENERATE_INFOPLIST_FILE = YES;
				INFOPLIST_FILE = "Slipstream WatchKit Extension/Info.plist";
				INFOPLIST_KEY_CFBundleDisplayName = "Slipstream WatchKit Extension";
				INFOPLIST_KEY_CLKComplicationPrincipalClass = Slipstream_WatchKit_Extension.ComplicationController;
				INFOPLIST_KEY_NSHumanReadableCopyright = "";
				INFOPLIST_KEY_WKWatchOnly = YES;
				LD_RUNPATH_SEARCH_PATHS = (
					"$(inherited)",
					"@executable_path/Frameworks",
					"@executable_path/../../Frameworks",
				);
				MARKETING_VERSION = 1.0;
				PRODUCT_BUNDLE_IDENTIFIER = com.tomasmamede.Slipstream.watchkitapp.watchkitextension;
				PRODUCT_NAME = "${TARGET_NAME}";
				SDKROOT = watchos;
				SKIP_INSTALL = YES;
				SWIFT_EMIT_LOC_STRINGS = YES;
				SWIFT_VERSION = 5.0;
				TARGETED_DEVICE_FAMILY = 4;
				WATCHOS_DEPLOYMENT_TARGET = 8.5;
			};
			name = Release;
		};
		CFCEF44828380C180063CD47 /* Debug */ = {
			isa = XCBuildConfiguration;
			buildSettings = {
				ALWAYS_EMBED_SWIFT_STANDARD_LIBRARIES = YES;
				ASSETCATALOG_COMPILER_APPICON_NAME = AppIcon;
				ASSETCATALOG_COMPILER_GLOBAL_ACCENT_COLOR_NAME = AccentColor;
				CODE_SIGN_STYLE = Automatic;
				CURRENT_PROJECT_VERSION = 1;
				DEVELOPMENT_TEAM = Y4642869FB;
				GENERATE_INFOPLIST_FILE = YES;
				IBSC_MODULE = Slipstream_WatchKit_Extension;
				INFOPLIST_KEY_CFBundleDisplayName = "Slipstream WatchKit App";
				INFOPLIST_KEY_UISupportedInterfaceOrientations = "UIInterfaceOrientationPortrait UIInterfaceOrientationPortraitUpsideDown";
				MARKETING_VERSION = 1.0;
				PRODUCT_BUNDLE_IDENTIFIER = com.tomasmamede.Slipstream.watchkitapp;
				PRODUCT_NAME = "$(TARGET_NAME)";
				SDKROOT = watchos;
				SKIP_INSTALL = YES;
				SWIFT_EMIT_LOC_STRINGS = YES;
				SWIFT_VERSION = 5.0;
				TARGETED_DEVICE_FAMILY = 4;
				WATCHOS_DEPLOYMENT_TARGET = 8.5;
			};
			name = Debug;
		};
		CFCEF44928380C180063CD47 /* Release */ = {
			isa = XCBuildConfiguration;
			buildSettings = {
				ALWAYS_EMBED_SWIFT_STANDARD_LIBRARIES = YES;
				ASSETCATALOG_COMPILER_APPICON_NAME = AppIcon;
				ASSETCATALOG_COMPILER_GLOBAL_ACCENT_COLOR_NAME = AccentColor;
				CODE_SIGN_STYLE = Automatic;
				CURRENT_PROJECT_VERSION = 1;
				DEVELOPMENT_TEAM = Y4642869FB;
				GENERATE_INFOPLIST_FILE = YES;
				IBSC_MODULE = Slipstream_WatchKit_Extension;
				INFOPLIST_KEY_CFBundleDisplayName = "Slipstream WatchKit App";
				INFOPLIST_KEY_UISupportedInterfaceOrientations = "UIInterfaceOrientationPortrait UIInterfaceOrientationPortraitUpsideDown";
				MARKETING_VERSION = 1.0;
				PRODUCT_BUNDLE_IDENTIFIER = com.tomasmamede.Slipstream.watchkitapp;
				PRODUCT_NAME = "$(TARGET_NAME)";
				SDKROOT = watchos;
				SKIP_INSTALL = YES;
				SWIFT_EMIT_LOC_STRINGS = YES;
				SWIFT_VERSION = 5.0;
				TARGETED_DEVICE_FAMILY = 4;
				WATCHOS_DEPLOYMENT_TARGET = 8.5;
			};
			name = Release;
		};
		CFCEF44C28380C180063CD47 /* Debug */ = {
			isa = XCBuildConfiguration;
			buildSettings = {
				CODE_SIGN_STYLE = Automatic;
				CURRENT_PROJECT_VERSION = 1;
				DEVELOPMENT_TEAM = Y4642869FB;
				MARKETING_VERSION = 1.0;
				PRODUCT_BUNDLE_IDENTIFIER = com.tomasmamede.Slipstream.watchkitapp;
				PRODUCT_NAME = "$(TARGET_NAME)";
				SWIFT_VERSION = 5.0;
			};
			name = Debug;
		};
		CFCEF44D28380C180063CD47 /* Release */ = {
			isa = XCBuildConfiguration;
			buildSettings = {
				CODE_SIGN_STYLE = Automatic;
				CURRENT_PROJECT_VERSION = 1;
				DEVELOPMENT_TEAM = Y4642869FB;
				MARKETING_VERSION = 1.0;
				PRODUCT_BUNDLE_IDENTIFIER = com.tomasmamede.Slipstream.watchkitapp;
				PRODUCT_NAME = "$(TARGET_NAME)";
				SWIFT_VERSION = 5.0;
			};
			name = Release;
		};
		CFCEF44F28380C180063CD47 /* Debug */ = {
			isa = XCBuildConfiguration;
			buildSettings = {
				ALWAYS_EMBED_SWIFT_STANDARD_LIBRARIES = YES;
				BUNDLE_LOADER = "$(TEST_HOST)";
				CODE_SIGN_STYLE = Automatic;
				CURRENT_PROJECT_VERSION = 1;
				DEVELOPMENT_TEAM = Y4642869FB;
				GENERATE_INFOPLIST_FILE = YES;
				MARKETING_VERSION = 1.0;
				PRODUCT_BUNDLE_IDENTIFIER = com.tomasmamede.SlipstreamTests;
				PRODUCT_NAME = "$(TARGET_NAME)";
				SDKROOT = watchos;
				SWIFT_EMIT_LOC_STRINGS = NO;
				SWIFT_VERSION = 5.0;
				TARGETED_DEVICE_FAMILY = 4;
				TEST_HOST = "$(BUILT_PRODUCTS_DIR)/Slipstream WatchKit Extension.appex/Slipstream WatchKit Extension";
				WATCHOS_DEPLOYMENT_TARGET = 8.5;
			};
			name = Debug;
		};
		CFCEF45028380C180063CD47 /* Release */ = {
			isa = XCBuildConfiguration;
			buildSettings = {
				ALWAYS_EMBED_SWIFT_STANDARD_LIBRARIES = YES;
				BUNDLE_LOADER = "$(TEST_HOST)";
				CODE_SIGN_STYLE = Automatic;
				CURRENT_PROJECT_VERSION = 1;
				DEVELOPMENT_TEAM = Y4642869FB;
				GENERATE_INFOPLIST_FILE = YES;
				MARKETING_VERSION = 1.0;
				PRODUCT_BUNDLE_IDENTIFIER = com.tomasmamede.SlipstreamTests;
				PRODUCT_NAME = "$(TARGET_NAME)";
				SDKROOT = watchos;
				SWIFT_EMIT_LOC_STRINGS = NO;
				SWIFT_VERSION = 5.0;
				TARGETED_DEVICE_FAMILY = 4;
				TEST_HOST = "$(BUILT_PRODUCTS_DIR)/Slipstream WatchKit Extension.appex/Slipstream WatchKit Extension";
				WATCHOS_DEPLOYMENT_TARGET = 8.5;
			};
			name = Release;
		};
		CFCEF45228380C180063CD47 /* Debug */ = {
			isa = XCBuildConfiguration;
			buildSettings = {
				CODE_SIGN_STYLE = Automatic;
				CURRENT_PROJECT_VERSION = 1;
				DEVELOPMENT_TEAM = Y4642869FB;
				GENERATE_INFOPLIST_FILE = YES;
				MARKETING_VERSION = 1.0;
				PRODUCT_BUNDLE_IDENTIFIER = com.tomasmamede.SlipstreamUITests;
				PRODUCT_NAME = "$(TARGET_NAME)";
				SDKROOT = watchos;
				SWIFT_EMIT_LOC_STRINGS = NO;
				SWIFT_VERSION = 5.0;
				TARGETED_DEVICE_FAMILY = 4;
				TEST_TARGET_NAME = "Slipstream WatchKit App";
				WATCHOS_DEPLOYMENT_TARGET = 8.5;
			};
			name = Debug;
		};
		CFCEF45328380C180063CD47 /* Release */ = {
			isa = XCBuildConfiguration;
			buildSettings = {
				CODE_SIGN_STYLE = Automatic;
				CURRENT_PROJECT_VERSION = 1;
				DEVELOPMENT_TEAM = Y4642869FB;
				GENERATE_INFOPLIST_FILE = YES;
				MARKETING_VERSION = 1.0;
				PRODUCT_BUNDLE_IDENTIFIER = com.tomasmamede.SlipstreamUITests;
				PRODUCT_NAME = "$(TARGET_NAME)";
				SDKROOT = watchos;
				SWIFT_EMIT_LOC_STRINGS = NO;
				SWIFT_VERSION = 5.0;
				TARGETED_DEVICE_FAMILY = 4;
				TEST_TARGET_NAME = "Slipstream WatchKit App";
				WATCHOS_DEPLOYMENT_TARGET = 8.5;
			};
			name = Release;
		};
/* End XCBuildConfiguration section */

/* Begin XCConfigurationList section */
		CFCEF40328380C160063CD47 /* Build configuration list for PBXProject "Slipstream" */ = {
			isa = XCConfigurationList;
			buildConfigurations = (
				CFCEF44128380C180063CD47 /* Debug */,
				CFCEF44228380C180063CD47 /* Release */,
			);
			defaultConfigurationIsVisible = 0;
			defaultConfigurationName = Release;
		};
		CFCEF44328380C180063CD47 /* Build configuration list for PBXNativeTarget "Slipstream WatchKit Extension" */ = {
			isa = XCConfigurationList;
			buildConfigurations = (
				CFCEF44428380C180063CD47 /* Debug */,
				CFCEF44528380C180063CD47 /* Release */,
			);
			defaultConfigurationIsVisible = 0;
			defaultConfigurationName = Release;
		};
		CFCEF44728380C180063CD47 /* Build configuration list for PBXNativeTarget "Slipstream WatchKit App" */ = {
			isa = XCConfigurationList;
			buildConfigurations = (
				CFCEF44828380C180063CD47 /* Debug */,
				CFCEF44928380C180063CD47 /* Release */,
			);
			defaultConfigurationIsVisible = 0;
			defaultConfigurationName = Release;
		};
		CFCEF44B28380C180063CD47 /* Build configuration list for PBXNativeTarget "Slipstream" */ = {
			isa = XCConfigurationList;
			buildConfigurations = (
				CFCEF44C28380C180063CD47 /* Debug */,
				CFCEF44D28380C180063CD47 /* Release */,
			);
			defaultConfigurationIsVisible = 0;
			defaultConfigurationName = Release;
		};
		CFCEF44E28380C180063CD47 /* Build configuration list for PBXNativeTarget "SlipstreamTests" */ = {
			isa = XCConfigurationList;
			buildConfigurations = (
				CFCEF44F28380C180063CD47 /* Debug */,
				CFCEF45028380C180063CD47 /* Release */,
			);
			defaultConfigurationIsVisible = 0;
			defaultConfigurationName = Release;
		};
		CFCEF45128380C180063CD47 /* Build configuration list for PBXNativeTarget "SlipstreamUITests" */ = {
			isa = XCConfigurationList;
			buildConfigurations = (
				CFCEF45228380C180063CD47 /* Debug */,
				CFCEF45328380C180063CD47 /* Release */,
			);
			defaultConfigurationIsVisible = 0;
			defaultConfigurationName = Release;
		};
/* End XCConfigurationList section */

/* Begin XCRemoteSwiftPackageReference section */
		CFCEF498283817BB0063CD47 /* XCRemoteSwiftPackageReference "firebase-ios-sdk" */ = {
			isa = XCRemoteSwiftPackageReference;
			repositoryURL = "https://github.com/firebase/firebase-ios-sdk";
			requirement = {
				kind = upToNextMajorVersion;
				minimumVersion = 9.0.0;
			};
		};
/* End XCRemoteSwiftPackageReference section */

/* Begin XCSwiftPackageProductDependency section */
		CFCEF499283817BB0063CD47 /* FirebaseDatabase */ = {
			isa = XCSwiftPackageProductDependency;
			package = CFCEF498283817BB0063CD47 /* XCRemoteSwiftPackageReference "firebase-ios-sdk" */;
			productName = FirebaseDatabase;
		};
/* End XCSwiftPackageProductDependency section */
	};
	rootObject = CFCEF40028380C160063CD47 /* Project object */;
}
